
Microsoft Visual Studio Solution File, Format Version 12.00
# Visual Studio 15
VisualStudioVersion = 15.0.28010.2046
MinimumVisualStudioVersion = 10.0.40219.1
Project("{FAE04EC0-301F-11D3-BF4B-00C04F79EFBC}") = "test-ios-app", "test-ios-app\test-ios-app.csproj", "{DF7B3CED-9867-4353-9363-5D1282160715}"
EndProject
Project("{FAE04EC0-301F-11D3-BF4B-00C04F79EFBC}") = "testiosapp2", "testiosapp2\testiosapp2.csproj", "{BC818DD5-7E2C-499A-A2A3-B85732F0CEDF}"
EndProject
Project("{FAE04EC0-301F-11D3-BF4B-00C04F79EFBC}") = "testdroidapp", "testdroidapp\testdroidapp.csproj", "{744D37F0-3B27-408A-BEC7-0C1192EBAAAB}"
EndProject
Project("{FAE04EC0-301F-11D3-BF4B-00C04F79EFBC}") = "testdroidapp2", "testdroidapp2\testdroidapp2.csproj", "{EE0B4449-9333-4B5E-9FE3-7A520C3EBED6}"
EndProject
Project("{FAE04EC0-301F-11D3-BF4B-00C04F79EFBC}") = "Tests.Integration", "TestFramework\Tests.Integration\Tests.Integration.csproj", "{48FE5A11-9818-4133-89BE-E2DD9FE8CE1C}"
EndProject
Project("{FAE04EC0-301F-11D3-BF4B-00C04F79EFBC}") = "Tests.Unit", "TestFramework\Tests.Unit\Tests.Unit.csproj", "{7F0B4C62-4AF6-477A-93F0-0FC190C6D5D8}"
EndProject
Project("{9A19103F-16F7-4668-BE54-9A1E7A4F7556}") = "Kinvey", "Kinvey\Kinvey.csproj", "{BCF7F3A3-8069-49CE-B9E8-3F4D9A5FF234}"
EndProject
Project("{9A19103F-16F7-4668-BE54-9A1E7A4F7556}") = "Kinvey.Utils", "Kinvey.Utils\Kinvey.Utils.csproj", "{BE3E62CC-7407-43A7-BF13-FCE25F8B2BB9}"
EndProject
Project("{9A19103F-16F7-4668-BE54-9A1E7A4F7556}") = "Kinvey.Tests", "Kinvey.Tests\Kinvey.Tests.csproj", "{D91CC3CF-0D6D-496C-8136-AE3954D3C9C8}"
EndProject
Project("{2150E333-8FDC-42A3-9474-1A3956D46DE8}") = "sqlite-net", "sqlite-net", "{9B1D0AC8-EEE6-4210-9A63-80CABF1F757C}"
EndProject
Project("{FAE04EC0-301F-11D3-BF4B-00C04F79EFBC}") = "SQLite-net", "sqlite-net\nuget\SQLite-net\SQLite-net.csproj", "{7F946494-8EE0-432B-8A87-98961143D5C1}"
EndProject
Project("{9A19103F-16F7-4668-BE54-9A1E7A4F7556}") = "SQLite-net-base", "sqlite-net\nuget\SQLite-net-base\SQLite-net-base.csproj", "{13986C0C-8A04-4F39-BB78-C1B71BDA4857}"
EndProject
Project("{9A19103F-16F7-4668-BE54-9A1E7A4F7556}") = "SQLite-net-std", "sqlite-net\nuget\SQLite-net-std\SQLite-net-std.csproj", "{32711A14-971C-4A96-90B3-00A2D1E28E0D}"
EndProject
Project("{9A19103F-16F7-4668-BE54-9A1E7A4F7556}") = "SQLite-net-sqlcipher", "sqlite-net\nuget\SQLite-net-sqlcipher\SQLite-net-sqlcipher.csproj", "{E27008B0-6880-4856-8C02-3DF7628A920C}"
EndProject
Project("{FAE04EC0-301F-11D3-BF4B-00C04F79EFBC}") = "Kinvey.Android", "Kinvey.Android\Kinvey.Android.csproj", "{405FED46-66D9-4EB4-8C6E-16636329FD77}"
EndProject
Project("{FAE04EC0-301F-11D3-BF4B-00C04F79EFBC}") = "Kinvey.iOS", "Kinvey.iOS\Kinvey.iOS.csproj", "{54C9E523-785C-48CF-B77C-B28842DC0ABF}"
EndProject
Project("{D954291E-2A0B-460D-934E-DC6B0785DB48}") = "Kinvey.Shared", "Kinvey.Shared\Kinvey.Shared.shproj", "{7DE1FF95-BF2C-43D1-9A0C-0BF90D8E3B5C}"
EndProject
Project("{FF286327-C783-4F7A-AB73-9BCBAD0D4460}") = "Kinvey.NuGet", "Kinvey.NuGet\Kinvey.NuGet.nuproj", "{9AB9D425-D38F-44BA-84D0-C92AFEDA4D77}"
EndProject
Project("{FAE04EC0-301F-11D3-BF4B-00C04F79EFBC}") = "Kinvey-Xamarin-Android", "Kinvey-Xamarin-Android\Kinvey-Xamarin-Android.csproj", "{77977557-862E-4A14-A5D7-0096023BA682}"
EndProject
Project("{FAE04EC0-301F-11D3-BF4B-00C04F79EFBC}") = "Kinvey-Xamarin-iOS", "Kinvey-Xamarin-iOS\Kinvey-Xamarin-iOS.csproj", "{77548067-6F95-461C-A4D1-A051E20D30C5}"
EndProject
Project("{FAE04EC0-301F-11D3-BF4B-00C04F79EFBC}") = "Kinvey.Core", "Kinvey.Core\Kinvey.Core.csproj", "{6644D98D-026B-48E9-95A3-61C4D98D82E7}"
EndProject
Project("{FAE04EC0-301F-11D3-BF4B-00C04F79EFBC}") = "Kinvey-Utils", "Kinvey-Utils\Kinvey-Utils.csproj", "{444456B1-5B55-48D6-9637-00ADCA92B7C9}"
EndProject
Project("{FAE04EC0-301F-11D3-BF4B-00C04F79EFBC}") = "Kinvey.Net", "Kinvey.Net\Kinvey.Net.csproj", "{4B9F3DCA-E3B6-4C05-B6C1-F54A67559C2D}"
EndProject
Global
	GlobalSection(SharedMSBuildProjectFiles) = preSolution
		Kinvey.Shared\Kinvey.Shared.projitems*{405fed46-66d9-4eb4-8c6e-16636329fd77}*SharedItemsImports = 4
		Kinvey.Shared\Kinvey.Shared.projitems*{54c9e523-785c-48cf-b77c-b28842dc0abf}*SharedItemsImports = 4
		Kinvey.Shared\Kinvey.Shared.projitems*{7de1ff95-bf2c-43d1-9a0c-0bf90d8e3b5c}*SharedItemsImports = 13
	EndGlobalSection
	GlobalSection(SolutionConfigurationPlatforms) = preSolution
		Ad-Hoc|Any CPU = Ad-Hoc|Any CPU
		Ad-Hoc|iPhone = Ad-Hoc|iPhone
		Ad-Hoc|iPhoneSimulator = Ad-Hoc|iPhoneSimulator
		AppStore|Any CPU = AppStore|Any CPU
		AppStore|iPhone = AppStore|iPhone
		AppStore|iPhoneSimulator = AppStore|iPhoneSimulator
		Debug|Any CPU = Debug|Any CPU
		Debug|iPhone = Debug|iPhone
		Debug|iPhoneSimulator = Debug|iPhoneSimulator
		Release|Any CPU = Release|Any CPU
		Release|iPhone = Release|iPhone
		Release|iPhoneSimulator = Release|iPhoneSimulator
	EndGlobalSection
	GlobalSection(ProjectConfigurationPlatforms) = postSolution
		{DF7B3CED-9867-4353-9363-5D1282160715}.Ad-Hoc|Any CPU.ActiveCfg = Release|iPhoneSimulator
		{DF7B3CED-9867-4353-9363-5D1282160715}.Ad-Hoc|Any CPU.Build.0 = Release|iPhoneSimulator
		{DF7B3CED-9867-4353-9363-5D1282160715}.Ad-Hoc|iPhone.ActiveCfg = Release|iPhone
		{DF7B3CED-9867-4353-9363-5D1282160715}.Ad-Hoc|iPhone.Build.0 = Release|iPhone
		{DF7B3CED-9867-4353-9363-5D1282160715}.Ad-Hoc|iPhoneSimulator.ActiveCfg = Release|iPhoneSimulator
		{DF7B3CED-9867-4353-9363-5D1282160715}.Ad-Hoc|iPhoneSimulator.Build.0 = Release|iPhoneSimulator
		{DF7B3CED-9867-4353-9363-5D1282160715}.AppStore|Any CPU.ActiveCfg = Debug|iPhoneSimulator
		{DF7B3CED-9867-4353-9363-5D1282160715}.AppStore|Any CPU.Build.0 = Debug|iPhoneSimulator
		{DF7B3CED-9867-4353-9363-5D1282160715}.AppStore|iPhone.ActiveCfg = Release|iPhone
		{DF7B3CED-9867-4353-9363-5D1282160715}.AppStore|iPhone.Build.0 = Release|iPhone
		{DF7B3CED-9867-4353-9363-5D1282160715}.AppStore|iPhoneSimulator.ActiveCfg = Release|iPhoneSimulator
		{DF7B3CED-9867-4353-9363-5D1282160715}.AppStore|iPhoneSimulator.Build.0 = Release|iPhoneSimulator
		{DF7B3CED-9867-4353-9363-5D1282160715}.Debug|Any CPU.ActiveCfg = Debug|iPhoneSimulator
		{DF7B3CED-9867-4353-9363-5D1282160715}.Debug|Any CPU.Build.0 = Debug|iPhoneSimulator
		{DF7B3CED-9867-4353-9363-5D1282160715}.Debug|iPhone.ActiveCfg = Debug|iPhone
		{DF7B3CED-9867-4353-9363-5D1282160715}.Debug|iPhone.Build.0 = Debug|iPhone
		{DF7B3CED-9867-4353-9363-5D1282160715}.Debug|iPhoneSimulator.ActiveCfg = Debug|iPhoneSimulator
		{DF7B3CED-9867-4353-9363-5D1282160715}.Debug|iPhoneSimulator.Build.0 = Debug|iPhoneSimulator
		{DF7B3CED-9867-4353-9363-5D1282160715}.Release|Any CPU.ActiveCfg = Release|iPhone
		{DF7B3CED-9867-4353-9363-5D1282160715}.Release|Any CPU.Build.0 = Release|iPhone
		{DF7B3CED-9867-4353-9363-5D1282160715}.Release|iPhone.ActiveCfg = Release|iPhone
		{DF7B3CED-9867-4353-9363-5D1282160715}.Release|iPhone.Build.0 = Release|iPhone
		{DF7B3CED-9867-4353-9363-5D1282160715}.Release|iPhoneSimulator.ActiveCfg = Release|iPhoneSimulator
		{DF7B3CED-9867-4353-9363-5D1282160715}.Release|iPhoneSimulator.Build.0 = Release|iPhoneSimulator
		{BC818DD5-7E2C-499A-A2A3-B85732F0CEDF}.Ad-Hoc|Any CPU.ActiveCfg = Release|iPhoneSimulator
		{BC818DD5-7E2C-499A-A2A3-B85732F0CEDF}.Ad-Hoc|Any CPU.Build.0 = Release|iPhoneSimulator
		{BC818DD5-7E2C-499A-A2A3-B85732F0CEDF}.Ad-Hoc|iPhone.ActiveCfg = Release|iPhone
		{BC818DD5-7E2C-499A-A2A3-B85732F0CEDF}.Ad-Hoc|iPhone.Build.0 = Release|iPhone
		{BC818DD5-7E2C-499A-A2A3-B85732F0CEDF}.Ad-Hoc|iPhoneSimulator.ActiveCfg = Release|iPhoneSimulator
		{BC818DD5-7E2C-499A-A2A3-B85732F0CEDF}.Ad-Hoc|iPhoneSimulator.Build.0 = Release|iPhoneSimulator
		{BC818DD5-7E2C-499A-A2A3-B85732F0CEDF}.AppStore|Any CPU.ActiveCfg = Debug|iPhoneSimulator
		{BC818DD5-7E2C-499A-A2A3-B85732F0CEDF}.AppStore|Any CPU.Build.0 = Debug|iPhoneSimulator
		{BC818DD5-7E2C-499A-A2A3-B85732F0CEDF}.AppStore|iPhone.ActiveCfg = Release|iPhone
		{BC818DD5-7E2C-499A-A2A3-B85732F0CEDF}.AppStore|iPhone.Build.0 = Release|iPhone
		{BC818DD5-7E2C-499A-A2A3-B85732F0CEDF}.AppStore|iPhoneSimulator.ActiveCfg = Release|iPhoneSimulator
		{BC818DD5-7E2C-499A-A2A3-B85732F0CEDF}.AppStore|iPhoneSimulator.Build.0 = Release|iPhoneSimulator
		{BC818DD5-7E2C-499A-A2A3-B85732F0CEDF}.Debug|Any CPU.ActiveCfg = Debug|iPhoneSimulator
		{BC818DD5-7E2C-499A-A2A3-B85732F0CEDF}.Debug|Any CPU.Build.0 = Debug|iPhoneSimulator
		{BC818DD5-7E2C-499A-A2A3-B85732F0CEDF}.Debug|iPhone.ActiveCfg = Debug|iPhone
		{BC818DD5-7E2C-499A-A2A3-B85732F0CEDF}.Debug|iPhone.Build.0 = Debug|iPhone
		{BC818DD5-7E2C-499A-A2A3-B85732F0CEDF}.Debug|iPhoneSimulator.ActiveCfg = Debug|iPhoneSimulator
		{BC818DD5-7E2C-499A-A2A3-B85732F0CEDF}.Debug|iPhoneSimulator.Build.0 = Debug|iPhoneSimulator
		{BC818DD5-7E2C-499A-A2A3-B85732F0CEDF}.Release|Any CPU.ActiveCfg = Release|iPhone
		{BC818DD5-7E2C-499A-A2A3-B85732F0CEDF}.Release|Any CPU.Build.0 = Release|iPhone
		{BC818DD5-7E2C-499A-A2A3-B85732F0CEDF}.Release|iPhone.ActiveCfg = Release|iPhone
		{BC818DD5-7E2C-499A-A2A3-B85732F0CEDF}.Release|iPhone.Build.0 = Release|iPhone
		{BC818DD5-7E2C-499A-A2A3-B85732F0CEDF}.Release|iPhoneSimulator.ActiveCfg = Release|iPhoneSimulator
		{BC818DD5-7E2C-499A-A2A3-B85732F0CEDF}.Release|iPhoneSimulator.Build.0 = Release|iPhoneSimulator
		{744D37F0-3B27-408A-BEC7-0C1192EBAAAB}.Ad-Hoc|Any CPU.ActiveCfg = Debug|Any CPU
		{744D37F0-3B27-408A-BEC7-0C1192EBAAAB}.Ad-Hoc|Any CPU.Build.0 = Debug|Any CPU
		{744D37F0-3B27-408A-BEC7-0C1192EBAAAB}.Ad-Hoc|Any CPU.Deploy.0 = Debug|Any CPU
		{744D37F0-3B27-408A-BEC7-0C1192EBAAAB}.Ad-Hoc|iPhone.ActiveCfg = Release|Any CPU
		{744D37F0-3B27-408A-BEC7-0C1192EBAAAB}.Ad-Hoc|iPhone.Build.0 = Release|Any CPU
		{744D37F0-3B27-408A-BEC7-0C1192EBAAAB}.Ad-Hoc|iPhoneSimulator.ActiveCfg = Debug|Any CPU
		{744D37F0-3B27-408A-BEC7-0C1192EBAAAB}.Ad-Hoc|iPhoneSimulator.Build.0 = Debug|Any CPU
		{744D37F0-3B27-408A-BEC7-0C1192EBAAAB}.Ad-Hoc|iPhoneSimulator.Deploy.0 = Debug|Any CPU
		{744D37F0-3B27-408A-BEC7-0C1192EBAAAB}.AppStore|Any CPU.ActiveCfg = Debug|Any CPU
		{744D37F0-3B27-408A-BEC7-0C1192EBAAAB}.AppStore|Any CPU.Build.0 = Debug|Any CPU
		{744D37F0-3B27-408A-BEC7-0C1192EBAAAB}.AppStore|iPhone.ActiveCfg = Release|Any CPU
		{744D37F0-3B27-408A-BEC7-0C1192EBAAAB}.AppStore|iPhone.Build.0 = Release|Any CPU
		{744D37F0-3B27-408A-BEC7-0C1192EBAAAB}.AppStore|iPhoneSimulator.ActiveCfg = Debug|Any CPU
		{744D37F0-3B27-408A-BEC7-0C1192EBAAAB}.AppStore|iPhoneSimulator.Build.0 = Debug|Any CPU
		{744D37F0-3B27-408A-BEC7-0C1192EBAAAB}.AppStore|iPhoneSimulator.Deploy.0 = Debug|Any CPU
		{744D37F0-3B27-408A-BEC7-0C1192EBAAAB}.Debug|Any CPU.ActiveCfg = Debug|Any CPU
		{744D37F0-3B27-408A-BEC7-0C1192EBAAAB}.Debug|Any CPU.Build.0 = Debug|Any CPU
		{744D37F0-3B27-408A-BEC7-0C1192EBAAAB}.Debug|iPhone.ActiveCfg = Debug|Any CPU
		{744D37F0-3B27-408A-BEC7-0C1192EBAAAB}.Debug|iPhone.Build.0 = Debug|Any CPU
		{744D37F0-3B27-408A-BEC7-0C1192EBAAAB}.Debug|iPhoneSimulator.ActiveCfg = Debug|Any CPU
		{744D37F0-3B27-408A-BEC7-0C1192EBAAAB}.Debug|iPhoneSimulator.Build.0 = Debug|Any CPU
		{744D37F0-3B27-408A-BEC7-0C1192EBAAAB}.Release|Any CPU.ActiveCfg = Release|Any CPU
		{744D37F0-3B27-408A-BEC7-0C1192EBAAAB}.Release|Any CPU.Build.0 = Release|Any CPU
		{744D37F0-3B27-408A-BEC7-0C1192EBAAAB}.Release|iPhone.ActiveCfg = Release|Any CPU
		{744D37F0-3B27-408A-BEC7-0C1192EBAAAB}.Release|iPhone.Build.0 = Release|Any CPU
		{744D37F0-3B27-408A-BEC7-0C1192EBAAAB}.Release|iPhoneSimulator.ActiveCfg = Release|Any CPU
		{744D37F0-3B27-408A-BEC7-0C1192EBAAAB}.Release|iPhoneSimulator.Build.0 = Release|Any CPU
		{EE0B4449-9333-4B5E-9FE3-7A520C3EBED6}.Ad-Hoc|Any CPU.ActiveCfg = Debug|Any CPU
		{EE0B4449-9333-4B5E-9FE3-7A520C3EBED6}.Ad-Hoc|Any CPU.Build.0 = Debug|Any CPU
		{EE0B4449-9333-4B5E-9FE3-7A520C3EBED6}.Ad-Hoc|Any CPU.Deploy.0 = Debug|Any CPU
		{EE0B4449-9333-4B5E-9FE3-7A520C3EBED6}.Ad-Hoc|iPhone.ActiveCfg = Release|Any CPU
		{EE0B4449-9333-4B5E-9FE3-7A520C3EBED6}.Ad-Hoc|iPhone.Build.0 = Release|Any CPU
		{EE0B4449-9333-4B5E-9FE3-7A520C3EBED6}.Ad-Hoc|iPhoneSimulator.ActiveCfg = Debug|Any CPU
		{EE0B4449-9333-4B5E-9FE3-7A520C3EBED6}.Ad-Hoc|iPhoneSimulator.Build.0 = Debug|Any CPU
		{EE0B4449-9333-4B5E-9FE3-7A520C3EBED6}.Ad-Hoc|iPhoneSimulator.Deploy.0 = Debug|Any CPU
		{EE0B4449-9333-4B5E-9FE3-7A520C3EBED6}.AppStore|Any CPU.ActiveCfg = Debug|Any CPU
		{EE0B4449-9333-4B5E-9FE3-7A520C3EBED6}.AppStore|Any CPU.Build.0 = Debug|Any CPU
		{EE0B4449-9333-4B5E-9FE3-7A520C3EBED6}.AppStore|iPhone.ActiveCfg = Release|Any CPU
		{EE0B4449-9333-4B5E-9FE3-7A520C3EBED6}.AppStore|iPhone.Build.0 = Release|Any CPU
		{EE0B4449-9333-4B5E-9FE3-7A520C3EBED6}.AppStore|iPhoneSimulator.ActiveCfg = Debug|Any CPU
		{EE0B4449-9333-4B5E-9FE3-7A520C3EBED6}.AppStore|iPhoneSimulator.Build.0 = Debug|Any CPU
		{EE0B4449-9333-4B5E-9FE3-7A520C3EBED6}.AppStore|iPhoneSimulator.Deploy.0 = Debug|Any CPU
		{EE0B4449-9333-4B5E-9FE3-7A520C3EBED6}.Debug|Any CPU.ActiveCfg = Debug|Any CPU
		{EE0B4449-9333-4B5E-9FE3-7A520C3EBED6}.Debug|Any CPU.Build.0 = Debug|Any CPU
		{EE0B4449-9333-4B5E-9FE3-7A520C3EBED6}.Debug|iPhone.ActiveCfg = Debug|Any CPU
		{EE0B4449-9333-4B5E-9FE3-7A520C3EBED6}.Debug|iPhone.Build.0 = Debug|Any CPU
		{EE0B4449-9333-4B5E-9FE3-7A520C3EBED6}.Debug|iPhoneSimulator.ActiveCfg = Debug|Any CPU
		{EE0B4449-9333-4B5E-9FE3-7A520C3EBED6}.Debug|iPhoneSimulator.Build.0 = Debug|Any CPU
		{EE0B4449-9333-4B5E-9FE3-7A520C3EBED6}.Release|Any CPU.ActiveCfg = Release|Any CPU
		{EE0B4449-9333-4B5E-9FE3-7A520C3EBED6}.Release|Any CPU.Build.0 = Release|Any CPU
		{EE0B4449-9333-4B5E-9FE3-7A520C3EBED6}.Release|iPhone.ActiveCfg = Release|Any CPU
		{EE0B4449-9333-4B5E-9FE3-7A520C3EBED6}.Release|iPhone.Build.0 = Release|Any CPU
		{EE0B4449-9333-4B5E-9FE3-7A520C3EBED6}.Release|iPhoneSimulator.ActiveCfg = Release|Any CPU
		{EE0B4449-9333-4B5E-9FE3-7A520C3EBED6}.Release|iPhoneSimulator.Build.0 = Release|Any CPU
		{48FE5A11-9818-4133-89BE-E2DD9FE8CE1C}.Ad-Hoc|Any CPU.ActiveCfg = Debug|Any CPU
		{48FE5A11-9818-4133-89BE-E2DD9FE8CE1C}.Ad-Hoc|Any CPU.Build.0 = Debug|Any CPU
		{48FE5A11-9818-4133-89BE-E2DD9FE8CE1C}.Ad-Hoc|iPhone.ActiveCfg = Release|Any CPU
		{48FE5A11-9818-4133-89BE-E2DD9FE8CE1C}.Ad-Hoc|iPhone.Build.0 = Release|Any CPU
		{48FE5A11-9818-4133-89BE-E2DD9FE8CE1C}.Ad-Hoc|iPhoneSimulator.ActiveCfg = Debug|Any CPU
		{48FE5A11-9818-4133-89BE-E2DD9FE8CE1C}.Ad-Hoc|iPhoneSimulator.Build.0 = Debug|Any CPU
		{48FE5A11-9818-4133-89BE-E2DD9FE8CE1C}.AppStore|Any CPU.ActiveCfg = Debug|Any CPU
		{48FE5A11-9818-4133-89BE-E2DD9FE8CE1C}.AppStore|Any CPU.Build.0 = Debug|Any CPU
		{48FE5A11-9818-4133-89BE-E2DD9FE8CE1C}.AppStore|iPhone.ActiveCfg = Release|Any CPU
		{48FE5A11-9818-4133-89BE-E2DD9FE8CE1C}.AppStore|iPhone.Build.0 = Release|Any CPU
		{48FE5A11-9818-4133-89BE-E2DD9FE8CE1C}.AppStore|iPhoneSimulator.ActiveCfg = Debug|Any CPU
		{48FE5A11-9818-4133-89BE-E2DD9FE8CE1C}.AppStore|iPhoneSimulator.Build.0 = Debug|Any CPU
		{48FE5A11-9818-4133-89BE-E2DD9FE8CE1C}.Debug|Any CPU.ActiveCfg = Debug|Any CPU
		{48FE5A11-9818-4133-89BE-E2DD9FE8CE1C}.Debug|Any CPU.Build.0 = Debug|Any CPU
		{48FE5A11-9818-4133-89BE-E2DD9FE8CE1C}.Debug|iPhone.ActiveCfg = Debug|Any CPU
		{48FE5A11-9818-4133-89BE-E2DD9FE8CE1C}.Debug|iPhone.Build.0 = Debug|Any CPU
		{48FE5A11-9818-4133-89BE-E2DD9FE8CE1C}.Debug|iPhoneSimulator.ActiveCfg = Debug|Any CPU
		{48FE5A11-9818-4133-89BE-E2DD9FE8CE1C}.Debug|iPhoneSimulator.Build.0 = Debug|Any CPU
		{48FE5A11-9818-4133-89BE-E2DD9FE8CE1C}.Release|Any CPU.ActiveCfg = Release|Any CPU
		{48FE5A11-9818-4133-89BE-E2DD9FE8CE1C}.Release|Any CPU.Build.0 = Release|Any CPU
		{48FE5A11-9818-4133-89BE-E2DD9FE8CE1C}.Release|iPhone.ActiveCfg = Release|Any CPU
		{48FE5A11-9818-4133-89BE-E2DD9FE8CE1C}.Release|iPhone.Build.0 = Release|Any CPU
		{48FE5A11-9818-4133-89BE-E2DD9FE8CE1C}.Release|iPhoneSimulator.ActiveCfg = Release|Any CPU
		{48FE5A11-9818-4133-89BE-E2DD9FE8CE1C}.Release|iPhoneSimulator.Build.0 = Release|Any CPU
		{7F0B4C62-4AF6-477A-93F0-0FC190C6D5D8}.Ad-Hoc|Any CPU.ActiveCfg = Debug|Any CPU
		{7F0B4C62-4AF6-477A-93F0-0FC190C6D5D8}.Ad-Hoc|Any CPU.Build.0 = Debug|Any CPU
		{7F0B4C62-4AF6-477A-93F0-0FC190C6D5D8}.Ad-Hoc|iPhone.ActiveCfg = Release|Any CPU
		{7F0B4C62-4AF6-477A-93F0-0FC190C6D5D8}.Ad-Hoc|iPhone.Build.0 = Release|Any CPU
		{7F0B4C62-4AF6-477A-93F0-0FC190C6D5D8}.Ad-Hoc|iPhoneSimulator.ActiveCfg = Debug|Any CPU
		{7F0B4C62-4AF6-477A-93F0-0FC190C6D5D8}.Ad-Hoc|iPhoneSimulator.Build.0 = Debug|Any CPU
		{7F0B4C62-4AF6-477A-93F0-0FC190C6D5D8}.AppStore|Any CPU.ActiveCfg = Debug|Any CPU
		{7F0B4C62-4AF6-477A-93F0-0FC190C6D5D8}.AppStore|Any CPU.Build.0 = Debug|Any CPU
		{7F0B4C62-4AF6-477A-93F0-0FC190C6D5D8}.AppStore|iPhone.ActiveCfg = Release|Any CPU
		{7F0B4C62-4AF6-477A-93F0-0FC190C6D5D8}.AppStore|iPhone.Build.0 = Release|Any CPU
		{7F0B4C62-4AF6-477A-93F0-0FC190C6D5D8}.AppStore|iPhoneSimulator.ActiveCfg = Debug|Any CPU
		{7F0B4C62-4AF6-477A-93F0-0FC190C6D5D8}.AppStore|iPhoneSimulator.Build.0 = Debug|Any CPU
		{7F0B4C62-4AF6-477A-93F0-0FC190C6D5D8}.Debug|Any CPU.ActiveCfg = Debug|Any CPU
		{7F0B4C62-4AF6-477A-93F0-0FC190C6D5D8}.Debug|Any CPU.Build.0 = Debug|Any CPU
		{7F0B4C62-4AF6-477A-93F0-0FC190C6D5D8}.Debug|iPhone.ActiveCfg = Debug|Any CPU
		{7F0B4C62-4AF6-477A-93F0-0FC190C6D5D8}.Debug|iPhone.Build.0 = Debug|Any CPU
		{7F0B4C62-4AF6-477A-93F0-0FC190C6D5D8}.Debug|iPhoneSimulator.ActiveCfg = Debug|Any CPU
		{7F0B4C62-4AF6-477A-93F0-0FC190C6D5D8}.Debug|iPhoneSimulator.Build.0 = Debug|Any CPU
		{7F0B4C62-4AF6-477A-93F0-0FC190C6D5D8}.Release|Any CPU.ActiveCfg = Release|Any CPU
		{7F0B4C62-4AF6-477A-93F0-0FC190C6D5D8}.Release|Any CPU.Build.0 = Release|Any CPU
		{7F0B4C62-4AF6-477A-93F0-0FC190C6D5D8}.Release|iPhone.ActiveCfg = Release|Any CPU
		{7F0B4C62-4AF6-477A-93F0-0FC190C6D5D8}.Release|iPhone.Build.0 = Release|Any CPU
		{7F0B4C62-4AF6-477A-93F0-0FC190C6D5D8}.Release|iPhoneSimulator.ActiveCfg = Release|Any CPU
		{7F0B4C62-4AF6-477A-93F0-0FC190C6D5D8}.Release|iPhoneSimulator.Build.0 = Release|Any CPU
		{BCF7F3A3-8069-49CE-B9E8-3F4D9A5FF234}.Ad-Hoc|Any CPU.ActiveCfg = Release|Any CPU
		{BCF7F3A3-8069-49CE-B9E8-3F4D9A5FF234}.Ad-Hoc|Any CPU.Build.0 = Release|Any CPU
		{BCF7F3A3-8069-49CE-B9E8-3F4D9A5FF234}.Ad-Hoc|iPhone.ActiveCfg = Debug|Any CPU
		{BCF7F3A3-8069-49CE-B9E8-3F4D9A5FF234}.Ad-Hoc|iPhone.Build.0 = Debug|Any CPU
		{BCF7F3A3-8069-49CE-B9E8-3F4D9A5FF234}.Ad-Hoc|iPhoneSimulator.ActiveCfg = Release|Any CPU
		{BCF7F3A3-8069-49CE-B9E8-3F4D9A5FF234}.Ad-Hoc|iPhoneSimulator.Build.0 = Release|Any CPU
		{BCF7F3A3-8069-49CE-B9E8-3F4D9A5FF234}.AppStore|Any CPU.ActiveCfg = Debug|Any CPU
		{BCF7F3A3-8069-49CE-B9E8-3F4D9A5FF234}.AppStore|Any CPU.Build.0 = Debug|Any CPU
		{BCF7F3A3-8069-49CE-B9E8-3F4D9A5FF234}.AppStore|iPhone.ActiveCfg = Debug|Any CPU
		{BCF7F3A3-8069-49CE-B9E8-3F4D9A5FF234}.AppStore|iPhone.Build.0 = Debug|Any CPU
		{BCF7F3A3-8069-49CE-B9E8-3F4D9A5FF234}.AppStore|iPhoneSimulator.ActiveCfg = Release|Any CPU
		{BCF7F3A3-8069-49CE-B9E8-3F4D9A5FF234}.AppStore|iPhoneSimulator.Build.0 = Release|Any CPU
		{BCF7F3A3-8069-49CE-B9E8-3F4D9A5FF234}.Debug|Any CPU.ActiveCfg = Debug|Any CPU
		{BCF7F3A3-8069-49CE-B9E8-3F4D9A5FF234}.Debug|Any CPU.Build.0 = Debug|Any CPU
		{BCF7F3A3-8069-49CE-B9E8-3F4D9A5FF234}.Debug|iPhone.ActiveCfg = Debug|Any CPU
		{BCF7F3A3-8069-49CE-B9E8-3F4D9A5FF234}.Debug|iPhone.Build.0 = Debug|Any CPU
		{BCF7F3A3-8069-49CE-B9E8-3F4D9A5FF234}.Debug|iPhoneSimulator.ActiveCfg = Debug|Any CPU
		{BCF7F3A3-8069-49CE-B9E8-3F4D9A5FF234}.Debug|iPhoneSimulator.Build.0 = Debug|Any CPU
		{BCF7F3A3-8069-49CE-B9E8-3F4D9A5FF234}.Release|Any CPU.ActiveCfg = Release|Any CPU
		{BCF7F3A3-8069-49CE-B9E8-3F4D9A5FF234}.Release|Any CPU.Build.0 = Release|Any CPU
		{BCF7F3A3-8069-49CE-B9E8-3F4D9A5FF234}.Release|iPhone.ActiveCfg = Release|Any CPU
		{BCF7F3A3-8069-49CE-B9E8-3F4D9A5FF234}.Release|iPhone.Build.0 = Release|Any CPU
		{BCF7F3A3-8069-49CE-B9E8-3F4D9A5FF234}.Release|iPhoneSimulator.ActiveCfg = Release|Any CPU
		{BCF7F3A3-8069-49CE-B9E8-3F4D9A5FF234}.Release|iPhoneSimulator.Build.0 = Release|Any CPU
		{BE3E62CC-7407-43A7-BF13-FCE25F8B2BB9}.Ad-Hoc|Any CPU.ActiveCfg = Release|Any CPU
		{BE3E62CC-7407-43A7-BF13-FCE25F8B2BB9}.Ad-Hoc|Any CPU.Build.0 = Release|Any CPU
		{BE3E62CC-7407-43A7-BF13-FCE25F8B2BB9}.Ad-Hoc|iPhone.ActiveCfg = Debug|Any CPU
		{BE3E62CC-7407-43A7-BF13-FCE25F8B2BB9}.Ad-Hoc|iPhone.Build.0 = Debug|Any CPU
		{BE3E62CC-7407-43A7-BF13-FCE25F8B2BB9}.Ad-Hoc|iPhoneSimulator.ActiveCfg = Release|Any CPU
		{BE3E62CC-7407-43A7-BF13-FCE25F8B2BB9}.Ad-Hoc|iPhoneSimulator.Build.0 = Release|Any CPU
		{BE3E62CC-7407-43A7-BF13-FCE25F8B2BB9}.AppStore|Any CPU.ActiveCfg = Debug|Any CPU
		{BE3E62CC-7407-43A7-BF13-FCE25F8B2BB9}.AppStore|Any CPU.Build.0 = Debug|Any CPU
		{BE3E62CC-7407-43A7-BF13-FCE25F8B2BB9}.AppStore|iPhone.ActiveCfg = Debug|Any CPU
		{BE3E62CC-7407-43A7-BF13-FCE25F8B2BB9}.AppStore|iPhone.Build.0 = Debug|Any CPU
		{BE3E62CC-7407-43A7-BF13-FCE25F8B2BB9}.AppStore|iPhoneSimulator.ActiveCfg = Release|Any CPU
		{BE3E62CC-7407-43A7-BF13-FCE25F8B2BB9}.AppStore|iPhoneSimulator.Build.0 = Release|Any CPU
		{BE3E62CC-7407-43A7-BF13-FCE25F8B2BB9}.Debug|Any CPU.ActiveCfg = Debug|Any CPU
		{BE3E62CC-7407-43A7-BF13-FCE25F8B2BB9}.Debug|Any CPU.Build.0 = Debug|Any CPU
		{BE3E62CC-7407-43A7-BF13-FCE25F8B2BB9}.Debug|iPhone.ActiveCfg = Debug|Any CPU
		{BE3E62CC-7407-43A7-BF13-FCE25F8B2BB9}.Debug|iPhone.Build.0 = Debug|Any CPU
		{BE3E62CC-7407-43A7-BF13-FCE25F8B2BB9}.Debug|iPhoneSimulator.ActiveCfg = Debug|Any CPU
		{BE3E62CC-7407-43A7-BF13-FCE25F8B2BB9}.Debug|iPhoneSimulator.Build.0 = Debug|Any CPU
		{BE3E62CC-7407-43A7-BF13-FCE25F8B2BB9}.Release|Any CPU.ActiveCfg = Release|Any CPU
		{BE3E62CC-7407-43A7-BF13-FCE25F8B2BB9}.Release|Any CPU.Build.0 = Release|Any CPU
		{BE3E62CC-7407-43A7-BF13-FCE25F8B2BB9}.Release|iPhone.ActiveCfg = Release|Any CPU
		{BE3E62CC-7407-43A7-BF13-FCE25F8B2BB9}.Release|iPhone.Build.0 = Release|Any CPU
		{BE3E62CC-7407-43A7-BF13-FCE25F8B2BB9}.Release|iPhoneSimulator.ActiveCfg = Release|Any CPU
		{BE3E62CC-7407-43A7-BF13-FCE25F8B2BB9}.Release|iPhoneSimulator.Build.0 = Release|Any CPU
		{D91CC3CF-0D6D-496C-8136-AE3954D3C9C8}.Ad-Hoc|Any CPU.ActiveCfg = Release|Any CPU
		{D91CC3CF-0D6D-496C-8136-AE3954D3C9C8}.Ad-Hoc|Any CPU.Build.0 = Release|Any CPU
		{D91CC3CF-0D6D-496C-8136-AE3954D3C9C8}.Ad-Hoc|iPhone.ActiveCfg = Debug|Any CPU
		{D91CC3CF-0D6D-496C-8136-AE3954D3C9C8}.Ad-Hoc|iPhone.Build.0 = Debug|Any CPU
		{D91CC3CF-0D6D-496C-8136-AE3954D3C9C8}.Ad-Hoc|iPhoneSimulator.ActiveCfg = Release|Any CPU
		{D91CC3CF-0D6D-496C-8136-AE3954D3C9C8}.Ad-Hoc|iPhoneSimulator.Build.0 = Release|Any CPU
		{D91CC3CF-0D6D-496C-8136-AE3954D3C9C8}.AppStore|Any CPU.ActiveCfg = Debug|Any CPU
		{D91CC3CF-0D6D-496C-8136-AE3954D3C9C8}.AppStore|Any CPU.Build.0 = Debug|Any CPU
		{D91CC3CF-0D6D-496C-8136-AE3954D3C9C8}.AppStore|iPhone.ActiveCfg = Debug|Any CPU
		{D91CC3CF-0D6D-496C-8136-AE3954D3C9C8}.AppStore|iPhone.Build.0 = Debug|Any CPU
		{D91CC3CF-0D6D-496C-8136-AE3954D3C9C8}.AppStore|iPhoneSimulator.ActiveCfg = Release|Any CPU
		{D91CC3CF-0D6D-496C-8136-AE3954D3C9C8}.AppStore|iPhoneSimulator.Build.0 = Release|Any CPU
		{D91CC3CF-0D6D-496C-8136-AE3954D3C9C8}.Debug|Any CPU.ActiveCfg = Debug|Any CPU
		{D91CC3CF-0D6D-496C-8136-AE3954D3C9C8}.Debug|Any CPU.Build.0 = Debug|Any CPU
		{D91CC3CF-0D6D-496C-8136-AE3954D3C9C8}.Debug|iPhone.ActiveCfg = Debug|Any CPU
		{D91CC3CF-0D6D-496C-8136-AE3954D3C9C8}.Debug|iPhone.Build.0 = Debug|Any CPU
		{D91CC3CF-0D6D-496C-8136-AE3954D3C9C8}.Debug|iPhoneSimulator.ActiveCfg = Debug|Any CPU
		{D91CC3CF-0D6D-496C-8136-AE3954D3C9C8}.Debug|iPhoneSimulator.Build.0 = Debug|Any CPU
		{D91CC3CF-0D6D-496C-8136-AE3954D3C9C8}.Release|Any CPU.ActiveCfg = Release|Any CPU
		{D91CC3CF-0D6D-496C-8136-AE3954D3C9C8}.Release|Any CPU.Build.0 = Release|Any CPU
		{D91CC3CF-0D6D-496C-8136-AE3954D3C9C8}.Release|iPhone.ActiveCfg = Release|Any CPU
		{D91CC3CF-0D6D-496C-8136-AE3954D3C9C8}.Release|iPhone.Build.0 = Release|Any CPU
		{D91CC3CF-0D6D-496C-8136-AE3954D3C9C8}.Release|iPhoneSimulator.ActiveCfg = Release|Any CPU
		{D91CC3CF-0D6D-496C-8136-AE3954D3C9C8}.Release|iPhoneSimulator.Build.0 = Release|Any CPU
		{7F946494-8EE0-432B-8A87-98961143D5C1}.Ad-Hoc|Any CPU.ActiveCfg = Release|Any CPU
		{7F946494-8EE0-432B-8A87-98961143D5C1}.Ad-Hoc|Any CPU.Build.0 = Release|Any CPU
		{7F946494-8EE0-432B-8A87-98961143D5C1}.Ad-Hoc|iPhone.ActiveCfg = Debug|Any CPU
		{7F946494-8EE0-432B-8A87-98961143D5C1}.Ad-Hoc|iPhone.Build.0 = Debug|Any CPU
		{7F946494-8EE0-432B-8A87-98961143D5C1}.Ad-Hoc|iPhoneSimulator.ActiveCfg = Release|Any CPU
		{7F946494-8EE0-432B-8A87-98961143D5C1}.Ad-Hoc|iPhoneSimulator.Build.0 = Release|Any CPU
		{7F946494-8EE0-432B-8A87-98961143D5C1}.AppStore|Any CPU.ActiveCfg = Debug|Any CPU
		{7F946494-8EE0-432B-8A87-98961143D5C1}.AppStore|Any CPU.Build.0 = Debug|Any CPU
		{7F946494-8EE0-432B-8A87-98961143D5C1}.AppStore|iPhone.ActiveCfg = Debug|Any CPU
		{7F946494-8EE0-432B-8A87-98961143D5C1}.AppStore|iPhone.Build.0 = Debug|Any CPU
		{7F946494-8EE0-432B-8A87-98961143D5C1}.AppStore|iPhoneSimulator.ActiveCfg = Release|Any CPU
		{7F946494-8EE0-432B-8A87-98961143D5C1}.AppStore|iPhoneSimulator.Build.0 = Release|Any CPU
		{7F946494-8EE0-432B-8A87-98961143D5C1}.Debug|Any CPU.ActiveCfg = Debug|Any CPU
		{7F946494-8EE0-432B-8A87-98961143D5C1}.Debug|Any CPU.Build.0 = Debug|Any CPU
		{7F946494-8EE0-432B-8A87-98961143D5C1}.Debug|iPhone.ActiveCfg = Debug|Any CPU
		{7F946494-8EE0-432B-8A87-98961143D5C1}.Debug|iPhone.Build.0 = Debug|Any CPU
		{7F946494-8EE0-432B-8A87-98961143D5C1}.Debug|iPhoneSimulator.ActiveCfg = Debug|Any CPU
		{7F946494-8EE0-432B-8A87-98961143D5C1}.Debug|iPhoneSimulator.Build.0 = Debug|Any CPU
		{7F946494-8EE0-432B-8A87-98961143D5C1}.Release|Any CPU.ActiveCfg = Release|Any CPU
		{7F946494-8EE0-432B-8A87-98961143D5C1}.Release|Any CPU.Build.0 = Release|Any CPU
		{7F946494-8EE0-432B-8A87-98961143D5C1}.Release|iPhone.ActiveCfg = Release|Any CPU
		{7F946494-8EE0-432B-8A87-98961143D5C1}.Release|iPhone.Build.0 = Release|Any CPU
		{7F946494-8EE0-432B-8A87-98961143D5C1}.Release|iPhoneSimulator.ActiveCfg = Release|Any CPU
		{7F946494-8EE0-432B-8A87-98961143D5C1}.Release|iPhoneSimulator.Build.0 = Release|Any CPU
		{13986C0C-8A04-4F39-BB78-C1B71BDA4857}.Ad-Hoc|Any CPU.ActiveCfg = Release|Any CPU
		{13986C0C-8A04-4F39-BB78-C1B71BDA4857}.Ad-Hoc|Any CPU.Build.0 = Release|Any CPU
		{13986C0C-8A04-4F39-BB78-C1B71BDA4857}.Ad-Hoc|iPhone.ActiveCfg = Debug|Any CPU
		{13986C0C-8A04-4F39-BB78-C1B71BDA4857}.Ad-Hoc|iPhone.Build.0 = Debug|Any CPU
		{13986C0C-8A04-4F39-BB78-C1B71BDA4857}.Ad-Hoc|iPhoneSimulator.ActiveCfg = Release|Any CPU
		{13986C0C-8A04-4F39-BB78-C1B71BDA4857}.Ad-Hoc|iPhoneSimulator.Build.0 = Release|Any CPU
		{13986C0C-8A04-4F39-BB78-C1B71BDA4857}.AppStore|Any CPU.ActiveCfg = Debug|Any CPU
		{13986C0C-8A04-4F39-BB78-C1B71BDA4857}.AppStore|Any CPU.Build.0 = Debug|Any CPU
		{13986C0C-8A04-4F39-BB78-C1B71BDA4857}.AppStore|iPhone.ActiveCfg = Debug|Any CPU
		{13986C0C-8A04-4F39-BB78-C1B71BDA4857}.AppStore|iPhone.Build.0 = Debug|Any CPU
		{13986C0C-8A04-4F39-BB78-C1B71BDA4857}.AppStore|iPhoneSimulator.ActiveCfg = Release|Any CPU
		{13986C0C-8A04-4F39-BB78-C1B71BDA4857}.AppStore|iPhoneSimulator.Build.0 = Release|Any CPU
		{13986C0C-8A04-4F39-BB78-C1B71BDA4857}.Debug|Any CPU.ActiveCfg = Debug|Any CPU
		{13986C0C-8A04-4F39-BB78-C1B71BDA4857}.Debug|Any CPU.Build.0 = Debug|Any CPU
		{13986C0C-8A04-4F39-BB78-C1B71BDA4857}.Debug|iPhone.ActiveCfg = Debug|Any CPU
		{13986C0C-8A04-4F39-BB78-C1B71BDA4857}.Debug|iPhone.Build.0 = Debug|Any CPU
		{13986C0C-8A04-4F39-BB78-C1B71BDA4857}.Debug|iPhoneSimulator.ActiveCfg = Debug|Any CPU
		{13986C0C-8A04-4F39-BB78-C1B71BDA4857}.Debug|iPhoneSimulator.Build.0 = Debug|Any CPU
		{13986C0C-8A04-4F39-BB78-C1B71BDA4857}.Release|Any CPU.ActiveCfg = Release|Any CPU
		{13986C0C-8A04-4F39-BB78-C1B71BDA4857}.Release|Any CPU.Build.0 = Release|Any CPU
		{13986C0C-8A04-4F39-BB78-C1B71BDA4857}.Release|iPhone.ActiveCfg = Release|Any CPU
		{13986C0C-8A04-4F39-BB78-C1B71BDA4857}.Release|iPhone.Build.0 = Release|Any CPU
		{13986C0C-8A04-4F39-BB78-C1B71BDA4857}.Release|iPhoneSimulator.ActiveCfg = Release|Any CPU
		{13986C0C-8A04-4F39-BB78-C1B71BDA4857}.Release|iPhoneSimulator.Build.0 = Release|Any CPU
		{32711A14-971C-4A96-90B3-00A2D1E28E0D}.Ad-Hoc|Any CPU.ActiveCfg = Release|Any CPU
		{32711A14-971C-4A96-90B3-00A2D1E28E0D}.Ad-Hoc|Any CPU.Build.0 = Release|Any CPU
		{32711A14-971C-4A96-90B3-00A2D1E28E0D}.Ad-Hoc|iPhone.ActiveCfg = Debug|Any CPU
		{32711A14-971C-4A96-90B3-00A2D1E28E0D}.Ad-Hoc|iPhone.Build.0 = Debug|Any CPU
		{32711A14-971C-4A96-90B3-00A2D1E28E0D}.Ad-Hoc|iPhoneSimulator.ActiveCfg = Release|Any CPU
		{32711A14-971C-4A96-90B3-00A2D1E28E0D}.Ad-Hoc|iPhoneSimulator.Build.0 = Release|Any CPU
		{32711A14-971C-4A96-90B3-00A2D1E28E0D}.AppStore|Any CPU.ActiveCfg = Debug|Any CPU
		{32711A14-971C-4A96-90B3-00A2D1E28E0D}.AppStore|Any CPU.Build.0 = Debug|Any CPU
		{32711A14-971C-4A96-90B3-00A2D1E28E0D}.AppStore|iPhone.ActiveCfg = Debug|Any CPU
		{32711A14-971C-4A96-90B3-00A2D1E28E0D}.AppStore|iPhone.Build.0 = Debug|Any CPU
		{32711A14-971C-4A96-90B3-00A2D1E28E0D}.AppStore|iPhoneSimulator.ActiveCfg = Release|Any CPU
		{32711A14-971C-4A96-90B3-00A2D1E28E0D}.AppStore|iPhoneSimulator.Build.0 = Release|Any CPU
		{32711A14-971C-4A96-90B3-00A2D1E28E0D}.Debug|Any CPU.ActiveCfg = Debug|Any CPU
		{32711A14-971C-4A96-90B3-00A2D1E28E0D}.Debug|Any CPU.Build.0 = Debug|Any CPU
		{32711A14-971C-4A96-90B3-00A2D1E28E0D}.Debug|iPhone.ActiveCfg = Debug|Any CPU
		{32711A14-971C-4A96-90B3-00A2D1E28E0D}.Debug|iPhone.Build.0 = Debug|Any CPU
		{32711A14-971C-4A96-90B3-00A2D1E28E0D}.Debug|iPhoneSimulator.ActiveCfg = Debug|Any CPU
		{32711A14-971C-4A96-90B3-00A2D1E28E0D}.Debug|iPhoneSimulator.Build.0 = Debug|Any CPU
		{32711A14-971C-4A96-90B3-00A2D1E28E0D}.Release|Any CPU.ActiveCfg = Release|Any CPU
		{32711A14-971C-4A96-90B3-00A2D1E28E0D}.Release|Any CPU.Build.0 = Release|Any CPU
		{32711A14-971C-4A96-90B3-00A2D1E28E0D}.Release|iPhone.ActiveCfg = Release|Any CPU
		{32711A14-971C-4A96-90B3-00A2D1E28E0D}.Release|iPhone.Build.0 = Release|Any CPU
		{32711A14-971C-4A96-90B3-00A2D1E28E0D}.Release|iPhoneSimulator.ActiveCfg = Release|Any CPU
		{32711A14-971C-4A96-90B3-00A2D1E28E0D}.Release|iPhoneSimulator.Build.0 = Release|Any CPU
		{E27008B0-6880-4856-8C02-3DF7628A920C}.Ad-Hoc|Any CPU.ActiveCfg = Release|Any CPU
		{E27008B0-6880-4856-8C02-3DF7628A920C}.Ad-Hoc|Any CPU.Build.0 = Release|Any CPU
		{E27008B0-6880-4856-8C02-3DF7628A920C}.Ad-Hoc|iPhone.ActiveCfg = Debug|Any CPU
		{E27008B0-6880-4856-8C02-3DF7628A920C}.Ad-Hoc|iPhone.Build.0 = Debug|Any CPU
		{E27008B0-6880-4856-8C02-3DF7628A920C}.Ad-Hoc|iPhoneSimulator.ActiveCfg = Release|Any CPU
		{E27008B0-6880-4856-8C02-3DF7628A920C}.Ad-Hoc|iPhoneSimulator.Build.0 = Release|Any CPU
		{E27008B0-6880-4856-8C02-3DF7628A920C}.AppStore|Any CPU.ActiveCfg = Debug|Any CPU
		{E27008B0-6880-4856-8C02-3DF7628A920C}.AppStore|Any CPU.Build.0 = Debug|Any CPU
		{E27008B0-6880-4856-8C02-3DF7628A920C}.AppStore|iPhone.ActiveCfg = Debug|Any CPU
		{E27008B0-6880-4856-8C02-3DF7628A920C}.AppStore|iPhone.Build.0 = Debug|Any CPU
		{E27008B0-6880-4856-8C02-3DF7628A920C}.AppStore|iPhoneSimulator.ActiveCfg = Release|Any CPU
		{E27008B0-6880-4856-8C02-3DF7628A920C}.AppStore|iPhoneSimulator.Build.0 = Release|Any CPU
		{E27008B0-6880-4856-8C02-3DF7628A920C}.Debug|Any CPU.ActiveCfg = Debug|Any CPU
		{E27008B0-6880-4856-8C02-3DF7628A920C}.Debug|Any CPU.Build.0 = Debug|Any CPU
		{E27008B0-6880-4856-8C02-3DF7628A920C}.Debug|iPhone.ActiveCfg = Debug|Any CPU
		{E27008B0-6880-4856-8C02-3DF7628A920C}.Debug|iPhone.Build.0 = Debug|Any CPU
		{E27008B0-6880-4856-8C02-3DF7628A920C}.Debug|iPhoneSimulator.ActiveCfg = Debug|Any CPU
		{E27008B0-6880-4856-8C02-3DF7628A920C}.Debug|iPhoneSimulator.Build.0 = Debug|Any CPU
		{E27008B0-6880-4856-8C02-3DF7628A920C}.Release|Any CPU.ActiveCfg = Release|Any CPU
		{E27008B0-6880-4856-8C02-3DF7628A920C}.Release|Any CPU.Build.0 = Release|Any CPU
		{E27008B0-6880-4856-8C02-3DF7628A920C}.Release|iPhone.ActiveCfg = Release|Any CPU
		{E27008B0-6880-4856-8C02-3DF7628A920C}.Release|iPhone.Build.0 = Release|Any CPU
		{E27008B0-6880-4856-8C02-3DF7628A920C}.Release|iPhoneSimulator.ActiveCfg = Release|Any CPU
		{E27008B0-6880-4856-8C02-3DF7628A920C}.Release|iPhoneSimulator.Build.0 = Release|Any CPU
		{405FED46-66D9-4EB4-8C6E-16636329FD77}.Ad-Hoc|Any CPU.ActiveCfg = Debug|Any CPU
		{405FED46-66D9-4EB4-8C6E-16636329FD77}.Ad-Hoc|Any CPU.Build.0 = Debug|Any CPU
		{405FED46-66D9-4EB4-8C6E-16636329FD77}.Ad-Hoc|iPhone.ActiveCfg = Release|Any CPU
		{405FED46-66D9-4EB4-8C6E-16636329FD77}.Ad-Hoc|iPhone.Build.0 = Release|Any CPU
		{405FED46-66D9-4EB4-8C6E-16636329FD77}.Ad-Hoc|iPhoneSimulator.ActiveCfg = Debug|Any CPU
		{405FED46-66D9-4EB4-8C6E-16636329FD77}.Ad-Hoc|iPhoneSimulator.Build.0 = Debug|Any CPU
		{405FED46-66D9-4EB4-8C6E-16636329FD77}.AppStore|Any CPU.ActiveCfg = Debug|Any CPU
		{405FED46-66D9-4EB4-8C6E-16636329FD77}.AppStore|Any CPU.Build.0 = Debug|Any CPU
		{405FED46-66D9-4EB4-8C6E-16636329FD77}.AppStore|iPhone.ActiveCfg = Release|Any CPU
		{405FED46-66D9-4EB4-8C6E-16636329FD77}.AppStore|iPhone.Build.0 = Release|Any CPU
		{405FED46-66D9-4EB4-8C6E-16636329FD77}.AppStore|iPhoneSimulator.ActiveCfg = Debug|Any CPU
		{405FED46-66D9-4EB4-8C6E-16636329FD77}.AppStore|iPhoneSimulator.Build.0 = Debug|Any CPU
		{405FED46-66D9-4EB4-8C6E-16636329FD77}.Debug|Any CPU.ActiveCfg = Debug|Any CPU
		{405FED46-66D9-4EB4-8C6E-16636329FD77}.Debug|Any CPU.Build.0 = Debug|Any CPU
		{405FED46-66D9-4EB4-8C6E-16636329FD77}.Debug|iPhone.ActiveCfg = Debug|Any CPU
		{405FED46-66D9-4EB4-8C6E-16636329FD77}.Debug|iPhone.Build.0 = Debug|Any CPU
		{405FED46-66D9-4EB4-8C6E-16636329FD77}.Debug|iPhoneSimulator.ActiveCfg = Debug|Any CPU
		{405FED46-66D9-4EB4-8C6E-16636329FD77}.Debug|iPhoneSimulator.Build.0 = Debug|Any CPU
		{405FED46-66D9-4EB4-8C6E-16636329FD77}.Release|Any CPU.ActiveCfg = Release|Any CPU
		{405FED46-66D9-4EB4-8C6E-16636329FD77}.Release|Any CPU.Build.0 = Release|Any CPU
		{405FED46-66D9-4EB4-8C6E-16636329FD77}.Release|iPhone.ActiveCfg = Release|Any CPU
		{405FED46-66D9-4EB4-8C6E-16636329FD77}.Release|iPhone.Build.0 = Release|Any CPU
		{405FED46-66D9-4EB4-8C6E-16636329FD77}.Release|iPhoneSimulator.ActiveCfg = Release|Any CPU
		{405FED46-66D9-4EB4-8C6E-16636329FD77}.Release|iPhoneSimulator.Build.0 = Release|Any CPU
		{54C9E523-785C-48CF-B77C-B28842DC0ABF}.Ad-Hoc|Any CPU.ActiveCfg = Debug|Any CPU
		{54C9E523-785C-48CF-B77C-B28842DC0ABF}.Ad-Hoc|Any CPU.Build.0 = Debug|Any CPU
		{54C9E523-785C-48CF-B77C-B28842DC0ABF}.Ad-Hoc|iPhone.ActiveCfg = Release|Any CPU
		{54C9E523-785C-48CF-B77C-B28842DC0ABF}.Ad-Hoc|iPhone.Build.0 = Release|Any CPU
		{54C9E523-785C-48CF-B77C-B28842DC0ABF}.Ad-Hoc|iPhoneSimulator.ActiveCfg = Debug|Any CPU
		{54C9E523-785C-48CF-B77C-B28842DC0ABF}.Ad-Hoc|iPhoneSimulator.Build.0 = Debug|Any CPU
		{54C9E523-785C-48CF-B77C-B28842DC0ABF}.AppStore|Any CPU.ActiveCfg = Debug|Any CPU
		{54C9E523-785C-48CF-B77C-B28842DC0ABF}.AppStore|Any CPU.Build.0 = Debug|Any CPU
		{54C9E523-785C-48CF-B77C-B28842DC0ABF}.AppStore|iPhone.ActiveCfg = Release|Any CPU
		{54C9E523-785C-48CF-B77C-B28842DC0ABF}.AppStore|iPhone.Build.0 = Release|Any CPU
		{54C9E523-785C-48CF-B77C-B28842DC0ABF}.AppStore|iPhoneSimulator.ActiveCfg = Debug|Any CPU
		{54C9E523-785C-48CF-B77C-B28842DC0ABF}.AppStore|iPhoneSimulator.Build.0 = Debug|Any CPU
		{54C9E523-785C-48CF-B77C-B28842DC0ABF}.Debug|Any CPU.ActiveCfg = Debug|Any CPU
		{54C9E523-785C-48CF-B77C-B28842DC0ABF}.Debug|Any CPU.Build.0 = Debug|Any CPU
		{54C9E523-785C-48CF-B77C-B28842DC0ABF}.Debug|iPhone.ActiveCfg = Debug|Any CPU
		{54C9E523-785C-48CF-B77C-B28842DC0ABF}.Debug|iPhone.Build.0 = Debug|Any CPU
		{54C9E523-785C-48CF-B77C-B28842DC0ABF}.Debug|iPhoneSimulator.ActiveCfg = Debug|Any CPU
		{54C9E523-785C-48CF-B77C-B28842DC0ABF}.Debug|iPhoneSimulator.Build.0 = Debug|Any CPU
		{54C9E523-785C-48CF-B77C-B28842DC0ABF}.Release|Any CPU.ActiveCfg = Release|Any CPU
		{54C9E523-785C-48CF-B77C-B28842DC0ABF}.Release|Any CPU.Build.0 = Release|Any CPU
		{54C9E523-785C-48CF-B77C-B28842DC0ABF}.Release|iPhone.ActiveCfg = Release|Any CPU
		{54C9E523-785C-48CF-B77C-B28842DC0ABF}.Release|iPhone.Build.0 = Release|Any CPU
		{54C9E523-785C-48CF-B77C-B28842DC0ABF}.Release|iPhoneSimulator.ActiveCfg = Release|Any CPU
		{54C9E523-785C-48CF-B77C-B28842DC0ABF}.Release|iPhoneSimulator.Build.0 = Release|Any CPU
		{9AB9D425-D38F-44BA-84D0-C92AFEDA4D77}.Ad-Hoc|Any CPU.ActiveCfg = Debug|Any CPU
		{9AB9D425-D38F-44BA-84D0-C92AFEDA4D77}.Ad-Hoc|Any CPU.Build.0 = Debug|Any CPU
		{9AB9D425-D38F-44BA-84D0-C92AFEDA4D77}.Ad-Hoc|iPhone.ActiveCfg = Release|Any CPU
		{9AB9D425-D38F-44BA-84D0-C92AFEDA4D77}.Ad-Hoc|iPhone.Build.0 = Release|Any CPU
		{9AB9D425-D38F-44BA-84D0-C92AFEDA4D77}.Ad-Hoc|iPhoneSimulator.ActiveCfg = Debug|Any CPU
		{9AB9D425-D38F-44BA-84D0-C92AFEDA4D77}.Ad-Hoc|iPhoneSimulator.Build.0 = Debug|Any CPU
		{9AB9D425-D38F-44BA-84D0-C92AFEDA4D77}.AppStore|Any CPU.ActiveCfg = Debug|Any CPU
		{9AB9D425-D38F-44BA-84D0-C92AFEDA4D77}.AppStore|Any CPU.Build.0 = Debug|Any CPU
		{9AB9D425-D38F-44BA-84D0-C92AFEDA4D77}.AppStore|iPhone.ActiveCfg = Release|Any CPU
		{9AB9D425-D38F-44BA-84D0-C92AFEDA4D77}.AppStore|iPhone.Build.0 = Release|Any CPU
		{9AB9D425-D38F-44BA-84D0-C92AFEDA4D77}.AppStore|iPhoneSimulator.ActiveCfg = Debug|Any CPU
		{9AB9D425-D38F-44BA-84D0-C92AFEDA4D77}.AppStore|iPhoneSimulator.Build.0 = Debug|Any CPU
		{9AB9D425-D38F-44BA-84D0-C92AFEDA4D77}.Debug|Any CPU.ActiveCfg = Debug|Any CPU
		{9AB9D425-D38F-44BA-84D0-C92AFEDA4D77}.Debug|Any CPU.Build.0 = Debug|Any CPU
		{9AB9D425-D38F-44BA-84D0-C92AFEDA4D77}.Debug|iPhone.ActiveCfg = Debug|Any CPU
		{9AB9D425-D38F-44BA-84D0-C92AFEDA4D77}.Debug|iPhone.Build.0 = Debug|Any CPU
		{9AB9D425-D38F-44BA-84D0-C92AFEDA4D77}.Debug|iPhoneSimulator.ActiveCfg = Debug|Any CPU
		{9AB9D425-D38F-44BA-84D0-C92AFEDA4D77}.Debug|iPhoneSimulator.Build.0 = Debug|Any CPU
		{9AB9D425-D38F-44BA-84D0-C92AFEDA4D77}.Release|Any CPU.ActiveCfg = Release|Any CPU
		{9AB9D425-D38F-44BA-84D0-C92AFEDA4D77}.Release|Any CPU.Build.0 = Release|Any CPU
		{9AB9D425-D38F-44BA-84D0-C92AFEDA4D77}.Release|iPhone.ActiveCfg = Release|Any CPU
		{9AB9D425-D38F-44BA-84D0-C92AFEDA4D77}.Release|iPhone.Build.0 = Release|Any CPU
		{9AB9D425-D38F-44BA-84D0-C92AFEDA4D77}.Release|iPhoneSimulator.ActiveCfg = Release|Any CPU
		{9AB9D425-D38F-44BA-84D0-C92AFEDA4D77}.Release|iPhoneSimulator.Build.0 = Release|Any CPU
		{77977557-862E-4A14-A5D7-0096023BA682}.Ad-Hoc|Any CPU.ActiveCfg = Release|Any CPU
		{77977557-862E-4A14-A5D7-0096023BA682}.Ad-Hoc|Any CPU.Build.0 = Release|Any CPU
		{77977557-862E-4A14-A5D7-0096023BA682}.Ad-Hoc|iPhone.ActiveCfg = Debug|Any CPU
		{77977557-862E-4A14-A5D7-0096023BA682}.Ad-Hoc|iPhone.Build.0 = Debug|Any CPU
		{77977557-862E-4A14-A5D7-0096023BA682}.Ad-Hoc|iPhoneSimulator.ActiveCfg = Release|Any CPU
		{77977557-862E-4A14-A5D7-0096023BA682}.Ad-Hoc|iPhoneSimulator.Build.0 = Release|Any CPU
		{77977557-862E-4A14-A5D7-0096023BA682}.AppStore|Any CPU.ActiveCfg = Debug|Any CPU
		{77977557-862E-4A14-A5D7-0096023BA682}.AppStore|Any CPU.Build.0 = Debug|Any CPU
		{77977557-862E-4A14-A5D7-0096023BA682}.AppStore|iPhone.ActiveCfg = Debug|Any CPU
		{77977557-862E-4A14-A5D7-0096023BA682}.AppStore|iPhone.Build.0 = Debug|Any CPU
		{77977557-862E-4A14-A5D7-0096023BA682}.AppStore|iPhoneSimulator.ActiveCfg = Release|Any CPU
		{77977557-862E-4A14-A5D7-0096023BA682}.AppStore|iPhoneSimulator.Build.0 = Release|Any CPU
		{77977557-862E-4A14-A5D7-0096023BA682}.Debug|Any CPU.ActiveCfg = Debug|Any CPU
		{77977557-862E-4A14-A5D7-0096023BA682}.Debug|Any CPU.Build.0 = Debug|Any CPU
		{77977557-862E-4A14-A5D7-0096023BA682}.Debug|iPhone.ActiveCfg = Debug|Any CPU
		{77977557-862E-4A14-A5D7-0096023BA682}.Debug|iPhone.Build.0 = Debug|Any CPU
		{77977557-862E-4A14-A5D7-0096023BA682}.Debug|iPhoneSimulator.ActiveCfg = Debug|Any CPU
		{77977557-862E-4A14-A5D7-0096023BA682}.Debug|iPhoneSimulator.Build.0 = Debug|Any CPU
		{77977557-862E-4A14-A5D7-0096023BA682}.Release|Any CPU.ActiveCfg = Release|Any CPU
		{77977557-862E-4A14-A5D7-0096023BA682}.Release|Any CPU.Build.0 = Release|Any CPU
		{77977557-862E-4A14-A5D7-0096023BA682}.Release|iPhone.ActiveCfg = Release|Any CPU
		{77977557-862E-4A14-A5D7-0096023BA682}.Release|iPhone.Build.0 = Release|Any CPU
		{77977557-862E-4A14-A5D7-0096023BA682}.Release|iPhoneSimulator.ActiveCfg = Release|Any CPU
		{77977557-862E-4A14-A5D7-0096023BA682}.Release|iPhoneSimulator.Build.0 = Release|Any CPU
		{77548067-6F95-461C-A4D1-A051E20D30C5}.Ad-Hoc|Any CPU.ActiveCfg = Debug|Any CPU
		{77548067-6F95-461C-A4D1-A051E20D30C5}.Ad-Hoc|Any CPU.Build.0 = Debug|Any CPU
		{77548067-6F95-461C-A4D1-A051E20D30C5}.Ad-Hoc|iPhone.ActiveCfg = Release|Any CPU
		{77548067-6F95-461C-A4D1-A051E20D30C5}.Ad-Hoc|iPhone.Build.0 = Release|Any CPU
		{77548067-6F95-461C-A4D1-A051E20D30C5}.Ad-Hoc|iPhoneSimulator.ActiveCfg = Debug|Any CPU
		{77548067-6F95-461C-A4D1-A051E20D30C5}.Ad-Hoc|iPhoneSimulator.Build.0 = Debug|Any CPU
		{77548067-6F95-461C-A4D1-A051E20D30C5}.AppStore|Any CPU.ActiveCfg = Release|Any CPU
		{77548067-6F95-461C-A4D1-A051E20D30C5}.AppStore|Any CPU.Build.0 = Release|Any CPU
		{77548067-6F95-461C-A4D1-A051E20D30C5}.AppStore|iPhone.ActiveCfg = Release|Any CPU
		{77548067-6F95-461C-A4D1-A051E20D30C5}.AppStore|iPhone.Build.0 = Release|Any CPU
		{77548067-6F95-461C-A4D1-A051E20D30C5}.AppStore|iPhoneSimulator.ActiveCfg = Debug|Any CPU
		{77548067-6F95-461C-A4D1-A051E20D30C5}.AppStore|iPhoneSimulator.Build.0 = Debug|Any CPU
		{77548067-6F95-461C-A4D1-A051E20D30C5}.Debug|Any CPU.ActiveCfg = Debug|Any CPU
		{77548067-6F95-461C-A4D1-A051E20D30C5}.Debug|Any CPU.Build.0 = Debug|Any CPU
		{77548067-6F95-461C-A4D1-A051E20D30C5}.Debug|iPhone.ActiveCfg = Debug|Any CPU
		{77548067-6F95-461C-A4D1-A051E20D30C5}.Debug|iPhone.Build.0 = Debug|Any CPU
		{77548067-6F95-461C-A4D1-A051E20D30C5}.Debug|iPhoneSimulator.ActiveCfg = Debug|Any CPU
		{77548067-6F95-461C-A4D1-A051E20D30C5}.Debug|iPhoneSimulator.Build.0 = Debug|Any CPU
		{77548067-6F95-461C-A4D1-A051E20D30C5}.Release|Any CPU.ActiveCfg = Release|Any CPU
		{77548067-6F95-461C-A4D1-A051E20D30C5}.Release|Any CPU.Build.0 = Release|Any CPU
		{77548067-6F95-461C-A4D1-A051E20D30C5}.Release|iPhone.ActiveCfg = Release|Any CPU
		{77548067-6F95-461C-A4D1-A051E20D30C5}.Release|iPhone.Build.0 = Release|Any CPU
		{77548067-6F95-461C-A4D1-A051E20D30C5}.Release|iPhoneSimulator.ActiveCfg = Release|Any CPU
		{77548067-6F95-461C-A4D1-A051E20D30C5}.Release|iPhoneSimulator.Build.0 = Release|Any CPU
		{6644D98D-026B-48E9-95A3-61C4D98D82E7}.Ad-Hoc|Any CPU.ActiveCfg = Release|Any CPU
		{6644D98D-026B-48E9-95A3-61C4D98D82E7}.Ad-Hoc|Any CPU.Build.0 = Release|Any CPU
		{6644D98D-026B-48E9-95A3-61C4D98D82E7}.Ad-Hoc|iPhone.ActiveCfg = Debug|Any CPU
		{6644D98D-026B-48E9-95A3-61C4D98D82E7}.Ad-Hoc|iPhone.Build.0 = Debug|Any CPU
		{6644D98D-026B-48E9-95A3-61C4D98D82E7}.Ad-Hoc|iPhoneSimulator.ActiveCfg = Release|Any CPU
		{6644D98D-026B-48E9-95A3-61C4D98D82E7}.Ad-Hoc|iPhoneSimulator.Build.0 = Release|Any CPU
		{6644D98D-026B-48E9-95A3-61C4D98D82E7}.AppStore|Any CPU.ActiveCfg = Debug|Any CPU
		{6644D98D-026B-48E9-95A3-61C4D98D82E7}.AppStore|Any CPU.Build.0 = Debug|Any CPU
		{6644D98D-026B-48E9-95A3-61C4D98D82E7}.AppStore|iPhone.ActiveCfg = Debug|Any CPU
		{6644D98D-026B-48E9-95A3-61C4D98D82E7}.AppStore|iPhone.Build.0 = Debug|Any CPU
		{6644D98D-026B-48E9-95A3-61C4D98D82E7}.AppStore|iPhoneSimulator.ActiveCfg = Release|Any CPU
		{6644D98D-026B-48E9-95A3-61C4D98D82E7}.AppStore|iPhoneSimulator.Build.0 = Release|Any CPU
		{6644D98D-026B-48E9-95A3-61C4D98D82E7}.Debug|Any CPU.ActiveCfg = Debug|Any CPU
		{6644D98D-026B-48E9-95A3-61C4D98D82E7}.Debug|Any CPU.Build.0 = Debug|Any CPU
		{6644D98D-026B-48E9-95A3-61C4D98D82E7}.Debug|iPhone.ActiveCfg = Debug|Any CPU
		{6644D98D-026B-48E9-95A3-61C4D98D82E7}.Debug|iPhone.Build.0 = Debug|Any CPU
		{6644D98D-026B-48E9-95A3-61C4D98D82E7}.Debug|iPhoneSimulator.ActiveCfg = Debug|Any CPU
		{6644D98D-026B-48E9-95A3-61C4D98D82E7}.Debug|iPhoneSimulator.Build.0 = Debug|Any CPU
		{6644D98D-026B-48E9-95A3-61C4D98D82E7}.Release|Any CPU.ActiveCfg = Release|Any CPU
		{6644D98D-026B-48E9-95A3-61C4D98D82E7}.Release|Any CPU.Build.0 = Release|Any CPU
		{6644D98D-026B-48E9-95A3-61C4D98D82E7}.Release|iPhone.ActiveCfg = Release|Any CPU
		{6644D98D-026B-48E9-95A3-61C4D98D82E7}.Release|iPhone.Build.0 = Release|Any CPU
		{6644D98D-026B-48E9-95A3-61C4D98D82E7}.Release|iPhoneSimulator.ActiveCfg = Release|Any CPU
		{6644D98D-026B-48E9-95A3-61C4D98D82E7}.Release|iPhoneSimulator.Build.0 = Release|Any CPU
		{444456B1-5B55-48D6-9637-00ADCA92B7C9}.Ad-Hoc|Any CPU.ActiveCfg = Release|Any CPU
		{444456B1-5B55-48D6-9637-00ADCA92B7C9}.Ad-Hoc|Any CPU.Build.0 = Release|Any CPU
		{444456B1-5B55-48D6-9637-00ADCA92B7C9}.Ad-Hoc|iPhone.ActiveCfg = Debug|Any CPU
		{444456B1-5B55-48D6-9637-00ADCA92B7C9}.Ad-Hoc|iPhone.Build.0 = Debug|Any CPU
		{444456B1-5B55-48D6-9637-00ADCA92B7C9}.Ad-Hoc|iPhoneSimulator.ActiveCfg = Release|Any CPU
		{444456B1-5B55-48D6-9637-00ADCA92B7C9}.Ad-Hoc|iPhoneSimulator.Build.0 = Release|Any CPU
		{444456B1-5B55-48D6-9637-00ADCA92B7C9}.AppStore|Any CPU.ActiveCfg = Debug|Any CPU
		{444456B1-5B55-48D6-9637-00ADCA92B7C9}.AppStore|Any CPU.Build.0 = Debug|Any CPU
		{444456B1-5B55-48D6-9637-00ADCA92B7C9}.AppStore|iPhone.ActiveCfg = Debug|Any CPU
		{444456B1-5B55-48D6-9637-00ADCA92B7C9}.AppStore|iPhone.Build.0 = Debug|Any CPU
		{444456B1-5B55-48D6-9637-00ADCA92B7C9}.AppStore|iPhoneSimulator.ActiveCfg = Release|Any CPU
		{444456B1-5B55-48D6-9637-00ADCA92B7C9}.AppStore|iPhoneSimulator.Build.0 = Release|Any CPU
		{444456B1-5B55-48D6-9637-00ADCA92B7C9}.Debug|Any CPU.ActiveCfg = Debug|Any CPU
		{444456B1-5B55-48D6-9637-00ADCA92B7C9}.Debug|Any CPU.Build.0 = Debug|Any CPU
		{444456B1-5B55-48D6-9637-00ADCA92B7C9}.Debug|iPhone.ActiveCfg = Debug|Any CPU
		{444456B1-5B55-48D6-9637-00ADCA92B7C9}.Debug|iPhone.Build.0 = Debug|Any CPU
		{444456B1-5B55-48D6-9637-00ADCA92B7C9}.Debug|iPhoneSimulator.ActiveCfg = Debug|Any CPU
		{444456B1-5B55-48D6-9637-00ADCA92B7C9}.Debug|iPhoneSimulator.Build.0 = Debug|Any CPU
		{444456B1-5B55-48D6-9637-00ADCA92B7C9}.Release|Any CPU.ActiveCfg = Release|Any CPU
		{444456B1-5B55-48D6-9637-00ADCA92B7C9}.Release|Any CPU.Build.0 = Release|Any CPU
		{444456B1-5B55-48D6-9637-00ADCA92B7C9}.Release|iPhone.ActiveCfg = Release|Any CPU
		{444456B1-5B55-48D6-9637-00ADCA92B7C9}.Release|iPhone.Build.0 = Release|Any CPU
		{444456B1-5B55-48D6-9637-00ADCA92B7C9}.Release|iPhoneSimulator.ActiveCfg = Release|Any CPU
		{444456B1-5B55-48D6-9637-00ADCA92B7C9}.Release|iPhoneSimulator.Build.0 = Release|Any CPU
		{4B9F3DCA-E3B6-4C05-B6C1-F54A67559C2D}.Ad-Hoc|Any CPU.ActiveCfg = Debug|Any CPU
		{4B9F3DCA-E3B6-4C05-B6C1-F54A67559C2D}.Ad-Hoc|Any CPU.Build.0 = Debug|Any CPU
		{4B9F3DCA-E3B6-4C05-B6C1-F54A67559C2D}.Ad-Hoc|iPhone.ActiveCfg = Release|Any CPU
		{4B9F3DCA-E3B6-4C05-B6C1-F54A67559C2D}.Ad-Hoc|iPhone.Build.0 = Release|Any CPU
		{4B9F3DCA-E3B6-4C05-B6C1-F54A67559C2D}.Ad-Hoc|iPhoneSimulator.ActiveCfg = Debug|Any CPU
		{4B9F3DCA-E3B6-4C05-B6C1-F54A67559C2D}.Ad-Hoc|iPhoneSimulator.Build.0 = Debug|Any CPU
		{4B9F3DCA-E3B6-4C05-B6C1-F54A67559C2D}.AppStore|Any CPU.ActiveCfg = Debug|Any CPU
		{4B9F3DCA-E3B6-4C05-B6C1-F54A67559C2D}.AppStore|Any CPU.Build.0 = Debug|Any CPU
		{4B9F3DCA-E3B6-4C05-B6C1-F54A67559C2D}.AppStore|iPhone.ActiveCfg = Release|Any CPU
		{4B9F3DCA-E3B6-4C05-B6C1-F54A67559C2D}.AppStore|iPhone.Build.0 = Release|Any CPU
		{4B9F3DCA-E3B6-4C05-B6C1-F54A67559C2D}.AppStore|iPhoneSimulator.ActiveCfg = Debug|Any CPU
		{4B9F3DCA-E3B6-4C05-B6C1-F54A67559C2D}.AppStore|iPhoneSimulator.Build.0 = Debug|Any CPU
		{4B9F3DCA-E3B6-4C05-B6C1-F54A67559C2D}.Debug|Any CPU.ActiveCfg = Debug|Any CPU
		{4B9F3DCA-E3B6-4C05-B6C1-F54A67559C2D}.Debug|Any CPU.Build.0 = Debug|Any CPU
		{4B9F3DCA-E3B6-4C05-B6C1-F54A67559C2D}.Debug|iPhone.ActiveCfg = Debug|Any CPU
		{4B9F3DCA-E3B6-4C05-B6C1-F54A67559C2D}.Debug|iPhone.Build.0 = Debug|Any CPU
		{4B9F3DCA-E3B6-4C05-B6C1-F54A67559C2D}.Debug|iPhoneSimulator.ActiveCfg = Debug|Any CPU
		{4B9F3DCA-E3B6-4C05-B6C1-F54A67559C2D}.Debug|iPhoneSimulator.Build.0 = Debug|Any CPU
		{4B9F3DCA-E3B6-4C05-B6C1-F54A67559C2D}.Release|Any CPU.ActiveCfg = Release|Any CPU
		{4B9F3DCA-E3B6-4C05-B6C1-F54A67559C2D}.Release|Any CPU.Build.0 = Release|Any CPU
		{4B9F3DCA-E3B6-4C05-B6C1-F54A67559C2D}.Release|iPhone.ActiveCfg = Release|Any CPU
		{4B9F3DCA-E3B6-4C05-B6C1-F54A67559C2D}.Release|iPhone.Build.0 = Release|Any CPU
		{4B9F3DCA-E3B6-4C05-B6C1-F54A67559C2D}.Release|iPhoneSimulator.ActiveCfg = Release|Any CPU
		{4B9F3DCA-E3B6-4C05-B6C1-F54A67559C2D}.Release|iPhoneSimulator.Build.0 = Release|Any CPU
	EndGlobalSection
	GlobalSection(SolutionProperties) = preSolution
		HideSolutionNode = FALSE
	EndGlobalSection
	GlobalSection(NestedProjects) = preSolution
		{7F946494-8EE0-432B-8A87-98961143D5C1} = {9B1D0AC8-EEE6-4210-9A63-80CABF1F757C}
		{13986C0C-8A04-4F39-BB78-C1B71BDA4857} = {9B1D0AC8-EEE6-4210-9A63-80CABF1F757C}
		{32711A14-971C-4A96-90B3-00A2D1E28E0D} = {9B1D0AC8-EEE6-4210-9A63-80CABF1F757C}
		{E27008B0-6880-4856-8C02-3DF7628A920C} = {9B1D0AC8-EEE6-4210-9A63-80CABF1F757C}
	EndGlobalSection
	GlobalSection(ExtensibilityGlobals) = postSolution
		SolutionGuid = {D6AEE478-E1E2-4A6C-B110-32A8005BFD31}
	EndGlobalSection
	GlobalSection(MonoDevelopProperties) = preSolution
		Policies = $0
		$0.DotNetNamingPolicy = $1
		$0.TextStylePolicy = $2
		$2.inheritsSet = null
		$2.scope = text/x-csharp
		$0.CSharpFormattingPolicy = $3
		$3.IndentSwitchBody = True
		$3.StatementBraceStyle = NextLine
		$3.ElseNewLinePlacement = NewLine
		$3.CatchNewLinePlacement = NewLine
		$3.FinallyNewLinePlacement = NewLine
		$3.BeforeMethodCallParentheses = False
		$3.NewLineBeforeConstructorInitializerColon = SameLine
		$3.NewLineAfterConstructorInitializerColon = NewLine
		$3.AfterDelegateDeclarationParameterComma = True
		$3.NewParentheses = False
		$3.SpaceAroundUnsafeArrowOperator = True
		$3.SpacesBeforeBrackets = False
		$3.BlankLinesInsideRegion = 0
		$3.scope = text/x-csharp
		$3.NewLinesForBracesInLambdaExpressionBody = False
		$3.NewLineForMembersInObjectInit = False
		$3.NewLineForMembersInAnonymousTypes = False
		$3.NewLineForClausesInQuery = False
	EndGlobalSection
EndGlobal
