
Microsoft Visual Studio Solution File, Format Version 12.00
# Visual Studio 2012
Project("{FAE04EC0-301F-11D3-BF4B-00C04F79EFBC}") = "Kinvey-Xamarin", "Kinvey-Xamarin\Kinvey-Xamarin.csproj", "{6644D98D-026B-48E9-95A3-61C4D98D82E7}"
EndProject
Project("{FAE04EC0-301F-11D3-BF4B-00C04F79EFBC}") = "Android-Libtester", "Android-Libtester\Android-Libtester.csproj", "{992EF0A6-40EA-48E3-9E42-AFFF703E4627}"
EndProject
Project("{FAE04EC0-301F-11D3-BF4B-00C04F79EFBC}") = "RestSharp.Portable", "RestSharp.Portable\RestSharp.Portable.csproj", "{BA2352E1-CB07-4795-A2EB-F70720B2BBC9}"
EndProject
Project("{FAE04EC0-301F-11D3-BF4B-00C04F79EFBC}") = "Kinvey-Utils", "Kinvey-Utils\Kinvey-Utils.csproj", "{444456B1-5B55-48D6-9637-00ADCA92B7C9}"
EndProject
Project("{FAE04EC0-301F-11D3-BF4B-00C04F79EFBC}") = "LibTester", "LibTester\LibTester.csproj", "{F305304B-081C-44B5-BE53-F24A07BCDC56}"
EndProject
Project("{FAE04EC0-301F-11D3-BF4B-00C04F79EFBC}") = "Android-StatusShare", "..\..\ksamples\xamarin\StatusShare-Xamarin\android\Android-StatusShare.csproj", "{6CD7DF58-9BFE-4402-B3F3-BF2D4297F267}"
EndProject
Project("{FAE04EC0-301F-11D3-BF4B-00C04F79EFBC}") = "Android-TestDrive", "..\..\ksamples\xamarin\TestDrive-Xamarin\android\Android-TestDrive.csproj", "{CC4D99EF-0740-47BD-96AD-2FCD4C36C7FA}"
EndProject
Project("{FAE04EC0-301F-11D3-BF4B-00C04F79EFBC}") = "Kinvey-Xamarin-Android", "Kinvey-Xamarin-Android\Kinvey-Xamarin-Android.csproj", "{77977557-862E-4A14-A5D7-0096023BA682}"
EndProject
Global
	GlobalSection(SolutionConfigurationPlatforms) = preSolution
		Debug|Any CPU = Debug|Any CPU
		Release|Any CPU = Release|Any CPU
		AppStore|Any CPU = AppStore|Any CPU
		Debug|iPhoneSimulator = Debug|iPhoneSimulator
		Release|iPhoneSimulator = Release|iPhoneSimulator
		Debug|iPhone = Debug|iPhone
		Release|iPhone = Release|iPhone
		Ad-Hoc|iPhone = Ad-Hoc|iPhone
		AppStore|iPhone = AppStore|iPhone
	EndGlobalSection
	GlobalSection(ProjectConfigurationPlatforms) = postSolution
		{444456B1-5B55-48D6-9637-00ADCA92B7C9}.Ad-Hoc|iPhone.ActiveCfg = Debug|Any CPU
		{444456B1-5B55-48D6-9637-00ADCA92B7C9}.Ad-Hoc|iPhone.Build.0 = Debug|Any CPU
		{444456B1-5B55-48D6-9637-00ADCA92B7C9}.AppStore|Any CPU.ActiveCfg = Debug|Any CPU
		{444456B1-5B55-48D6-9637-00ADCA92B7C9}.AppStore|Any CPU.Build.0 = Debug|Any CPU
		{444456B1-5B55-48D6-9637-00ADCA92B7C9}.AppStore|iPhone.ActiveCfg = Debug|Any CPU
		{444456B1-5B55-48D6-9637-00ADCA92B7C9}.AppStore|iPhone.Build.0 = Debug|Any CPU
		{444456B1-5B55-48D6-9637-00ADCA92B7C9}.Debug|Any CPU.ActiveCfg = Debug|Any CPU
		{444456B1-5B55-48D6-9637-00ADCA92B7C9}.Debug|Any CPU.Build.0 = Debug|Any CPU
		{444456B1-5B55-48D6-9637-00ADCA92B7C9}.Debug|iPhone.ActiveCfg = Debug|Any CPU
		{444456B1-5B55-48D6-9637-00ADCA92B7C9}.Debug|iPhone.Build.0 = Debug|Any CPU
		{444456B1-5B55-48D6-9637-00ADCA92B7C9}.Debug|iPhoneSimulator.ActiveCfg = Debug|Any CPU
		{444456B1-5B55-48D6-9637-00ADCA92B7C9}.Debug|iPhoneSimulator.Build.0 = Debug|Any CPU
		{444456B1-5B55-48D6-9637-00ADCA92B7C9}.Release|Any CPU.ActiveCfg = Release|Any CPU
		{444456B1-5B55-48D6-9637-00ADCA92B7C9}.Release|Any CPU.Build.0 = Release|Any CPU
		{444456B1-5B55-48D6-9637-00ADCA92B7C9}.Release|iPhone.ActiveCfg = Release|Any CPU
		{444456B1-5B55-48D6-9637-00ADCA92B7C9}.Release|iPhone.Build.0 = Release|Any CPU
		{444456B1-5B55-48D6-9637-00ADCA92B7C9}.Release|iPhoneSimulator.ActiveCfg = Release|Any CPU
		{444456B1-5B55-48D6-9637-00ADCA92B7C9}.Release|iPhoneSimulator.Build.0 = Release|Any CPU
		{6644D98D-026B-48E9-95A3-61C4D98D82E7}.Ad-Hoc|iPhone.ActiveCfg = Debug|Any CPU
		{6644D98D-026B-48E9-95A3-61C4D98D82E7}.Ad-Hoc|iPhone.Build.0 = Debug|Any CPU
		{6644D98D-026B-48E9-95A3-61C4D98D82E7}.AppStore|Any CPU.ActiveCfg = Debug|Any CPU
		{6644D98D-026B-48E9-95A3-61C4D98D82E7}.AppStore|Any CPU.Build.0 = Debug|Any CPU
		{6644D98D-026B-48E9-95A3-61C4D98D82E7}.AppStore|iPhone.ActiveCfg = Debug|Any CPU
		{6644D98D-026B-48E9-95A3-61C4D98D82E7}.AppStore|iPhone.Build.0 = Debug|Any CPU
		{6644D98D-026B-48E9-95A3-61C4D98D82E7}.Debug|Any CPU.ActiveCfg = Debug|Any CPU
		{6644D98D-026B-48E9-95A3-61C4D98D82E7}.Debug|Any CPU.Build.0 = Debug|Any CPU
		{6644D98D-026B-48E9-95A3-61C4D98D82E7}.Debug|iPhone.ActiveCfg = Debug|Any CPU
		{6644D98D-026B-48E9-95A3-61C4D98D82E7}.Debug|iPhone.Build.0 = Debug|Any CPU
		{6644D98D-026B-48E9-95A3-61C4D98D82E7}.Debug|iPhoneSimulator.ActiveCfg = Debug|Any CPU
		{6644D98D-026B-48E9-95A3-61C4D98D82E7}.Debug|iPhoneSimulator.Build.0 = Debug|Any CPU
		{6644D98D-026B-48E9-95A3-61C4D98D82E7}.Release|Any CPU.ActiveCfg = Release|Any CPU
		{6644D98D-026B-48E9-95A3-61C4D98D82E7}.Release|Any CPU.Build.0 = Release|Any CPU
		{6644D98D-026B-48E9-95A3-61C4D98D82E7}.Release|iPhone.ActiveCfg = Release|Any CPU
		{6644D98D-026B-48E9-95A3-61C4D98D82E7}.Release|iPhone.Build.0 = Release|Any CPU
		{6644D98D-026B-48E9-95A3-61C4D98D82E7}.Release|iPhoneSimulator.ActiveCfg = Release|Any CPU
		{6644D98D-026B-48E9-95A3-61C4D98D82E7}.Release|iPhoneSimulator.Build.0 = Release|Any CPU
		{6CD7DF58-9BFE-4402-B3F3-BF2D4297F267}.Ad-Hoc|iPhone.ActiveCfg = Debug|Any CPU
		{6CD7DF58-9BFE-4402-B3F3-BF2D4297F267}.Ad-Hoc|iPhone.Build.0 = Debug|Any CPU
		{6CD7DF58-9BFE-4402-B3F3-BF2D4297F267}.AppStore|Any CPU.ActiveCfg = Debug|Any CPU
		{6CD7DF58-9BFE-4402-B3F3-BF2D4297F267}.AppStore|Any CPU.Build.0 = Debug|Any CPU
		{6CD7DF58-9BFE-4402-B3F3-BF2D4297F267}.AppStore|iPhone.ActiveCfg = Debug|Any CPU
		{6CD7DF58-9BFE-4402-B3F3-BF2D4297F267}.AppStore|iPhone.Build.0 = Debug|Any CPU
		{6CD7DF58-9BFE-4402-B3F3-BF2D4297F267}.Debug|Any CPU.ActiveCfg = Debug|Any CPU
		{6CD7DF58-9BFE-4402-B3F3-BF2D4297F267}.Debug|Any CPU.Build.0 = Debug|Any CPU
		{6CD7DF58-9BFE-4402-B3F3-BF2D4297F267}.Debug|iPhone.ActiveCfg = Debug|Any CPU
		{6CD7DF58-9BFE-4402-B3F3-BF2D4297F267}.Debug|iPhone.Build.0 = Debug|Any CPU
		{6CD7DF58-9BFE-4402-B3F3-BF2D4297F267}.Debug|iPhoneSimulator.ActiveCfg = Debug|Any CPU
		{6CD7DF58-9BFE-4402-B3F3-BF2D4297F267}.Debug|iPhoneSimulator.Build.0 = Debug|Any CPU
		{6CD7DF58-9BFE-4402-B3F3-BF2D4297F267}.Release|Any CPU.ActiveCfg = Release|Any CPU
		{6CD7DF58-9BFE-4402-B3F3-BF2D4297F267}.Release|Any CPU.Build.0 = Release|Any CPU
		{6CD7DF58-9BFE-4402-B3F3-BF2D4297F267}.Release|iPhone.ActiveCfg = Release|Any CPU
		{6CD7DF58-9BFE-4402-B3F3-BF2D4297F267}.Release|iPhone.Build.0 = Release|Any CPU
		{6CD7DF58-9BFE-4402-B3F3-BF2D4297F267}.Release|iPhoneSimulator.ActiveCfg = Release|Any CPU
		{6CD7DF58-9BFE-4402-B3F3-BF2D4297F267}.Release|iPhoneSimulator.Build.0 = Release|Any CPU
		{77977557-862E-4A14-A5D7-0096023BA682}.Ad-Hoc|iPhone.ActiveCfg = Debug|Any CPU
		{77977557-862E-4A14-A5D7-0096023BA682}.Ad-Hoc|iPhone.Build.0 = Debug|Any CPU
		{77977557-862E-4A14-A5D7-0096023BA682}.AppStore|Any CPU.ActiveCfg = Debug|Any CPU
		{77977557-862E-4A14-A5D7-0096023BA682}.AppStore|Any CPU.Build.0 = Debug|Any CPU
		{77977557-862E-4A14-A5D7-0096023BA682}.AppStore|iPhone.ActiveCfg = Debug|Any CPU
		{77977557-862E-4A14-A5D7-0096023BA682}.AppStore|iPhone.Build.0 = Debug|Any CPU
		{77977557-862E-4A14-A5D7-0096023BA682}.Debug|Any CPU.ActiveCfg = Debug|Any CPU
		{77977557-862E-4A14-A5D7-0096023BA682}.Debug|Any CPU.Build.0 = Debug|Any CPU
		{77977557-862E-4A14-A5D7-0096023BA682}.Debug|iPhone.ActiveCfg = Debug|Any CPU
		{77977557-862E-4A14-A5D7-0096023BA682}.Debug|iPhone.Build.0 = Debug|Any CPU
		{77977557-862E-4A14-A5D7-0096023BA682}.Debug|iPhoneSimulator.ActiveCfg = Debug|Any CPU
		{77977557-862E-4A14-A5D7-0096023BA682}.Debug|iPhoneSimulator.Build.0 = Debug|Any CPU
		{77977557-862E-4A14-A5D7-0096023BA682}.Release|Any CPU.ActiveCfg = Release|Any CPU
		{77977557-862E-4A14-A5D7-0096023BA682}.Release|Any CPU.Build.0 = Release|Any CPU
		{77977557-862E-4A14-A5D7-0096023BA682}.Release|iPhone.ActiveCfg = Release|Any CPU
		{77977557-862E-4A14-A5D7-0096023BA682}.Release|iPhone.Build.0 = Release|Any CPU
		{77977557-862E-4A14-A5D7-0096023BA682}.Release|iPhoneSimulator.ActiveCfg = Release|Any CPU
		{77977557-862E-4A14-A5D7-0096023BA682}.Release|iPhoneSimulator.Build.0 = Release|Any CPU
		{992EF0A6-40EA-48E3-9E42-AFFF703E4627}.Ad-Hoc|iPhone.ActiveCfg = Debug|Any CPU
		{992EF0A6-40EA-48E3-9E42-AFFF703E4627}.Ad-Hoc|iPhone.Build.0 = Debug|Any CPU
		{992EF0A6-40EA-48E3-9E42-AFFF703E4627}.AppStore|Any CPU.ActiveCfg = Debug|Any CPU
		{992EF0A6-40EA-48E3-9E42-AFFF703E4627}.AppStore|Any CPU.Build.0 = Debug|Any CPU
		{992EF0A6-40EA-48E3-9E42-AFFF703E4627}.AppStore|iPhone.ActiveCfg = Debug|Any CPU
		{992EF0A6-40EA-48E3-9E42-AFFF703E4627}.AppStore|iPhone.Build.0 = Debug|Any CPU
		{992EF0A6-40EA-48E3-9E42-AFFF703E4627}.Debug|Any CPU.ActiveCfg = Debug|Any CPU
		{992EF0A6-40EA-48E3-9E42-AFFF703E4627}.Debug|Any CPU.Build.0 = Debug|Any CPU
		{992EF0A6-40EA-48E3-9E42-AFFF703E4627}.Debug|iPhone.ActiveCfg = Debug|Any CPU
		{992EF0A6-40EA-48E3-9E42-AFFF703E4627}.Debug|iPhone.Build.0 = Debug|Any CPU
		{992EF0A6-40EA-48E3-9E42-AFFF703E4627}.Debug|iPhoneSimulator.ActiveCfg = Debug|Any CPU
		{992EF0A6-40EA-48E3-9E42-AFFF703E4627}.Debug|iPhoneSimulator.Build.0 = Debug|Any CPU
		{992EF0A6-40EA-48E3-9E42-AFFF703E4627}.Release|Any CPU.ActiveCfg = Release|Any CPU
		{992EF0A6-40EA-48E3-9E42-AFFF703E4627}.Release|Any CPU.Build.0 = Release|Any CPU
		{992EF0A6-40EA-48E3-9E42-AFFF703E4627}.Release|iPhone.ActiveCfg = Release|Any CPU
		{992EF0A6-40EA-48E3-9E42-AFFF703E4627}.Release|iPhone.Build.0 = Release|Any CPU
		{992EF0A6-40EA-48E3-9E42-AFFF703E4627}.Release|iPhoneSimulator.ActiveCfg = Release|Any CPU
		{992EF0A6-40EA-48E3-9E42-AFFF703E4627}.Release|iPhoneSimulator.Build.0 = Release|Any CPU
		{BA2352E1-CB07-4795-A2EB-F70720B2BBC9}.Ad-Hoc|iPhone.ActiveCfg = Debug|Any CPU
		{BA2352E1-CB07-4795-A2EB-F70720B2BBC9}.Ad-Hoc|iPhone.Build.0 = Debug|Any CPU
		{BA2352E1-CB07-4795-A2EB-F70720B2BBC9}.AppStore|Any CPU.ActiveCfg = Debug|Any CPU
		{BA2352E1-CB07-4795-A2EB-F70720B2BBC9}.AppStore|Any CPU.Build.0 = Debug|Any CPU
		{BA2352E1-CB07-4795-A2EB-F70720B2BBC9}.AppStore|iPhone.ActiveCfg = Debug|Any CPU
		{BA2352E1-CB07-4795-A2EB-F70720B2BBC9}.AppStore|iPhone.Build.0 = Debug|Any CPU
		{BA2352E1-CB07-4795-A2EB-F70720B2BBC9}.Debug|Any CPU.ActiveCfg = Debug|Any CPU
		{BA2352E1-CB07-4795-A2EB-F70720B2BBC9}.Debug|Any CPU.Build.0 = Debug|Any CPU
		{BA2352E1-CB07-4795-A2EB-F70720B2BBC9}.Debug|iPhone.ActiveCfg = Debug|Any CPU
		{BA2352E1-CB07-4795-A2EB-F70720B2BBC9}.Debug|iPhone.Build.0 = Debug|Any CPU
		{BA2352E1-CB07-4795-A2EB-F70720B2BBC9}.Debug|iPhoneSimulator.ActiveCfg = Debug|Any CPU
		{BA2352E1-CB07-4795-A2EB-F70720B2BBC9}.Debug|iPhoneSimulator.Build.0 = Debug|Any CPU
		{BA2352E1-CB07-4795-A2EB-F70720B2BBC9}.Release|Any CPU.ActiveCfg = Release|Any CPU
		{BA2352E1-CB07-4795-A2EB-F70720B2BBC9}.Release|Any CPU.Build.0 = Release|Any CPU
		{BA2352E1-CB07-4795-A2EB-F70720B2BBC9}.Release|iPhone.ActiveCfg = Release|Any CPU
		{BA2352E1-CB07-4795-A2EB-F70720B2BBC9}.Release|iPhone.Build.0 = Release|Any CPU
		{BA2352E1-CB07-4795-A2EB-F70720B2BBC9}.Release|iPhoneSimulator.ActiveCfg = Release|Any CPU
		{BA2352E1-CB07-4795-A2EB-F70720B2BBC9}.Release|iPhoneSimulator.Build.0 = Release|Any CPU
		{CC4D99EF-0740-47BD-96AD-2FCD4C36C7FA}.Ad-Hoc|iPhone.ActiveCfg = Debug|Any CPU
		{CC4D99EF-0740-47BD-96AD-2FCD4C36C7FA}.Ad-Hoc|iPhone.Build.0 = Debug|Any CPU
		{CC4D99EF-0740-47BD-96AD-2FCD4C36C7FA}.AppStore|Any CPU.ActiveCfg = Debug|Any CPU
		{CC4D99EF-0740-47BD-96AD-2FCD4C36C7FA}.AppStore|Any CPU.Build.0 = Debug|Any CPU
		{CC4D99EF-0740-47BD-96AD-2FCD4C36C7FA}.AppStore|iPhone.ActiveCfg = Debug|Any CPU
		{CC4D99EF-0740-47BD-96AD-2FCD4C36C7FA}.AppStore|iPhone.Build.0 = Debug|Any CPU
		{CC4D99EF-0740-47BD-96AD-2FCD4C36C7FA}.Debug|Any CPU.ActiveCfg = Debug|Any CPU
		{CC4D99EF-0740-47BD-96AD-2FCD4C36C7FA}.Debug|Any CPU.Build.0 = Debug|Any CPU
		{CC4D99EF-0740-47BD-96AD-2FCD4C36C7FA}.Debug|iPhone.ActiveCfg = Debug|Any CPU
		{CC4D99EF-0740-47BD-96AD-2FCD4C36C7FA}.Debug|iPhone.Build.0 = Debug|Any CPU
		{CC4D99EF-0740-47BD-96AD-2FCD4C36C7FA}.Debug|iPhoneSimulator.ActiveCfg = Debug|Any CPU
		{CC4D99EF-0740-47BD-96AD-2FCD4C36C7FA}.Debug|iPhoneSimulator.Build.0 = Debug|Any CPU
		{CC4D99EF-0740-47BD-96AD-2FCD4C36C7FA}.Release|Any CPU.ActiveCfg = Release|Any CPU
		{CC4D99EF-0740-47BD-96AD-2FCD4C36C7FA}.Release|Any CPU.Build.0 = Release|Any CPU
		{CC4D99EF-0740-47BD-96AD-2FCD4C36C7FA}.Release|iPhone.ActiveCfg = Release|Any CPU
		{CC4D99EF-0740-47BD-96AD-2FCD4C36C7FA}.Release|iPhone.Build.0 = Release|Any CPU
		{CC4D99EF-0740-47BD-96AD-2FCD4C36C7FA}.Release|iPhoneSimulator.ActiveCfg = Release|Any CPU
		{CC4D99EF-0740-47BD-96AD-2FCD4C36C7FA}.Release|iPhoneSimulator.Build.0 = Release|Any CPU
		{F305304B-081C-44B5-BE53-F24A07BCDC56}.Ad-Hoc|iPhone.ActiveCfg = Debug|Any CPU
		{F305304B-081C-44B5-BE53-F24A07BCDC56}.Ad-Hoc|iPhone.Build.0 = Debug|Any CPU
		{F305304B-081C-44B5-BE53-F24A07BCDC56}.AppStore|Any CPU.ActiveCfg = Debug|Any CPU
		{F305304B-081C-44B5-BE53-F24A07BCDC56}.AppStore|Any CPU.Build.0 = Debug|Any CPU
		{F305304B-081C-44B5-BE53-F24A07BCDC56}.AppStore|iPhone.ActiveCfg = Debug|Any CPU
		{F305304B-081C-44B5-BE53-F24A07BCDC56}.AppStore|iPhone.Build.0 = Debug|Any CPU
		{F305304B-081C-44B5-BE53-F24A07BCDC56}.Debug|Any CPU.ActiveCfg = Debug|Any CPU
		{F305304B-081C-44B5-BE53-F24A07BCDC56}.Debug|Any CPU.Build.0 = Debug|Any CPU
		{F305304B-081C-44B5-BE53-F24A07BCDC56}.Debug|iPhone.ActiveCfg = Debug|Any CPU
		{F305304B-081C-44B5-BE53-F24A07BCDC56}.Debug|iPhone.Build.0 = Debug|Any CPU
		{F305304B-081C-44B5-BE53-F24A07BCDC56}.Debug|iPhoneSimulator.ActiveCfg = Debug|Any CPU
		{F305304B-081C-44B5-BE53-F24A07BCDC56}.Debug|iPhoneSimulator.Build.0 = Debug|Any CPU
		{F305304B-081C-44B5-BE53-F24A07BCDC56}.Release|Any CPU.ActiveCfg = Release|Any CPU
		{F305304B-081C-44B5-BE53-F24A07BCDC56}.Release|Any CPU.Build.0 = Release|Any CPU
		{F305304B-081C-44B5-BE53-F24A07BCDC56}.Release|iPhone.ActiveCfg = Release|Any CPU
		{F305304B-081C-44B5-BE53-F24A07BCDC56}.Release|iPhone.Build.0 = Release|Any CPU
		{F305304B-081C-44B5-BE53-F24A07BCDC56}.Release|iPhoneSimulator.ActiveCfg = Release|Any CPU
		{F305304B-081C-44B5-BE53-F24A07BCDC56}.Release|iPhoneSimulator.Build.0 = Release|Any CPU
	EndGlobalSection
EndGlobal
