
Microsoft Visual Studio Solution File, Format Version 12.00
# Visual Studio Version 16
VisualStudioVersion = 16.0.29215.179
MinimumVisualStudioVersion = 10.0.40219.1
Project("{9A19103F-16F7-4668-BE54-9A1E7A4F7556}") = "Kinvey", "Kinvey\Kinvey.csproj", "{BCF7F3A3-8069-49CE-B9E8-3F4D9A5FF234}"
EndProject
Project("{9A19103F-16F7-4668-BE54-9A1E7A4F7556}") = "Kinvey.Tests", "Kinvey.Tests\Kinvey.Tests.csproj", "{D91CC3CF-0D6D-496C-8136-AE3954D3C9C8}"
EndProject
Project("{2150E333-8FDC-42A3-9474-1A3956D46DE8}") = "sqlite-net", "sqlite-net", "{9B1D0AC8-EEE6-4210-9A63-80CABF1F757C}"
EndProject
Project("{FAE04EC0-301F-11D3-BF4B-00C04F79EFBC}") = "SQLite-net", "sqlite-net\nuget\SQLite-net\SQLite-net.csproj", "{7F946494-8EE0-432B-8A87-98961143D5C1}"
EndProject
Project("{9A19103F-16F7-4668-BE54-9A1E7A4F7556}") = "SQLite-net-base", "sqlite-net\nuget\SQLite-net-base\SQLite-net-base.csproj", "{13986C0C-8A04-4F39-BB78-C1B71BDA4857}"
EndProject
Project("{9A19103F-16F7-4668-BE54-9A1E7A4F7556}") = "SQLite-net-std", "sqlite-net\nuget\SQLite-net-std\SQLite-net-std.csproj", "{32711A14-971C-4A96-90B3-00A2D1E28E0D}"
EndProject
Project("{9A19103F-16F7-4668-BE54-9A1E7A4F7556}") = "SQLite-net-sqlcipher", "sqlite-net\nuget\SQLite-net-sqlcipher\SQLite-net-sqlcipher.csproj", "{E27008B0-6880-4856-8C02-3DF7628A920C}"
EndProject
Project("{FAE04EC0-301F-11D3-BF4B-00C04F79EFBC}") = "Kinvey.Android", "Kinvey.Android\Kinvey.Android.csproj", "{405FED46-66D9-4EB4-8C6E-16636329FD77}"
EndProject
Project("{FAE04EC0-301F-11D3-BF4B-00C04F79EFBC}") = "Kinvey.iOS", "Kinvey.iOS\Kinvey.iOS.csproj", "{54C9E523-785C-48CF-B77C-B28842DC0ABF}"
EndProject
Project("{D954291E-2A0B-460D-934E-DC6B0785DB48}") = "Kinvey.Shared", "Kinvey.Shared\Kinvey.Shared.shproj", "{7DE1FF95-BF2C-43D1-9A0C-0BF90D8E3B5C}"
EndProject
Project("{5DD5E4FA-CB73-4610-85AB-557B54E96AA9}") = "Kinvey.NuGet", "Kinvey.NuGet\Kinvey.NuGet.nuproj", "{9AB9D425-D38F-44BA-84D0-C92AFEDA4D77}"
EndProject
Project("{2150E333-8FDC-42A3-9474-1A3956D46DE8}") = "TestApps", "TestApps", "{79A63DE5-AE7C-4E27-8E1F-560AAB910A5A}"
EndProject
Project("{D954291E-2A0B-460D-934E-DC6B0785DB48}") = "Kinvey.TestApp.Shared", "Kinvey.TestApp.Shared\Kinvey.TestApp.Shared.shproj", "{7F614988-F904-4F18-BF32-90CF8D7EF30C}"
EndProject
Project("{9A19103F-16F7-4668-BE54-9A1E7A4F7556}") = "Kinvey.TestLocalLibApp", "Kinvey.TestLocalLibApp\Kinvey.TestLocalLibApp\Kinvey.TestLocalLibApp.csproj", "{63B40D52-80B4-43A4-AC1E-32F08C9FD394}"
EndProject
Project("{FAE04EC0-301F-11D3-BF4B-00C04F79EFBC}") = "Kinvey.TestLocalLibApp.Android", "Kinvey.TestLocalLibApp\Kinvey.TestLocalLibApp.Android\Kinvey.TestLocalLibApp.Android.csproj", "{A2CE3044-AC06-4933-9043-6FEC7E806F0D}"
EndProject
Project("{FAE04EC0-301F-11D3-BF4B-00C04F79EFBC}") = "Kinvey.TestLocalLibApp.iOS", "Kinvey.TestLocalLibApp\Kinvey.TestLocalLibApp.iOS\Kinvey.TestLocalLibApp.iOS.csproj", "{542D523D-A848-4940-8B25-CEC518328A2C}"
EndProject
Project("{FAE04EC0-301F-11D3-BF4B-00C04F79EFBC}") = "Kinvey.TestLocalLibApp.UWP", "Kinvey.TestLocalLibApp\Kinvey.TestLocalLibApp.UWP\Kinvey.TestLocalLibApp.UWP.csproj", "{BC57659A-94A1-4A0E-AF5A-08F9DD3F0995}"
EndProject
Project("{2150E333-8FDC-42A3-9474-1A3956D46DE8}") = "Xamarin.Forms", "Xamarin.Forms", "{7FE945B1-084F-4FEA-9143-CB5B9415E551}"
EndProject
Project("{2150E333-8FDC-42A3-9474-1A3956D46DE8}") = "Xamarin", "Xamarin", "{6DA4E1FD-535D-4939-B12B-8B0C5F27F6CE}"
EndProject
Global
	GlobalSection(SharedMSBuildProjectFiles) = preSolution
		Kinvey.Shared\Kinvey.Shared.projitems*{405fed46-66d9-4eb4-8c6e-16636329fd77}*SharedItemsImports = 4
		Kinvey.Shared\Kinvey.Shared.projitems*{54c9e523-785c-48cf-b77c-b28842dc0abf}*SharedItemsImports = 4
		Kinvey.Shared\Kinvey.Shared.projitems*{7de1ff95-bf2c-43d1-9a0c-0bf90d8e3b5c}*SharedItemsImports = 13
		Kinvey.TestApp.Shared\Kinvey.TestApp.Shared.projitems*{7f614988-f904-4f18-bf32-90cf8d7ef30c}*SharedItemsImports = 13
	EndGlobalSection
	GlobalSection(SolutionConfigurationPlatforms) = preSolution
		Ad-Hoc|Any CPU = Ad-Hoc|Any CPU
		Ad-Hoc|ARM = Ad-Hoc|ARM
		Ad-Hoc|iPhone = Ad-Hoc|iPhone
		Ad-Hoc|iPhoneSimulator = Ad-Hoc|iPhoneSimulator
		Ad-Hoc|x64 = Ad-Hoc|x64
		Ad-Hoc|x86 = Ad-Hoc|x86
		AppStore|Any CPU = AppStore|Any CPU
		AppStore|ARM = AppStore|ARM
		AppStore|iPhone = AppStore|iPhone
		AppStore|iPhoneSimulator = AppStore|iPhoneSimulator
		AppStore|x64 = AppStore|x64
		AppStore|x86 = AppStore|x86
		Debug|Any CPU = Debug|Any CPU
		Debug|ARM = Debug|ARM
		Debug|iPhone = Debug|iPhone
		Debug|iPhoneSimulator = Debug|iPhoneSimulator
		Debug|x64 = Debug|x64
		Debug|x86 = Debug|x86
		Release|Any CPU = Release|Any CPU
		Release|ARM = Release|ARM
		Release|iPhone = Release|iPhone
		Release|iPhoneSimulator = Release|iPhoneSimulator
		Release|x64 = Release|x64
		Release|x86 = Release|x86
	EndGlobalSection
	GlobalSection(ProjectConfigurationPlatforms) = postSolution
		{BCF7F3A3-8069-49CE-B9E8-3F4D9A5FF234}.Ad-Hoc|Any CPU.ActiveCfg = Release|Any CPU
		{BCF7F3A3-8069-49CE-B9E8-3F4D9A5FF234}.Ad-Hoc|Any CPU.Build.0 = Release|Any CPU
		{BCF7F3A3-8069-49CE-B9E8-3F4D9A5FF234}.Ad-Hoc|ARM.ActiveCfg = Release|Any CPU
		{BCF7F3A3-8069-49CE-B9E8-3F4D9A5FF234}.Ad-Hoc|ARM.Build.0 = Release|Any CPU
		{BCF7F3A3-8069-49CE-B9E8-3F4D9A5FF234}.Ad-Hoc|iPhone.ActiveCfg = Debug|Any CPU
		{BCF7F3A3-8069-49CE-B9E8-3F4D9A5FF234}.Ad-Hoc|iPhone.Build.0 = Debug|Any CPU
		{BCF7F3A3-8069-49CE-B9E8-3F4D9A5FF234}.Ad-Hoc|iPhoneSimulator.ActiveCfg = Release|Any CPU
		{BCF7F3A3-8069-49CE-B9E8-3F4D9A5FF234}.Ad-Hoc|iPhoneSimulator.Build.0 = Release|Any CPU
		{BCF7F3A3-8069-49CE-B9E8-3F4D9A5FF234}.Ad-Hoc|x64.ActiveCfg = Release|Any CPU
		{BCF7F3A3-8069-49CE-B9E8-3F4D9A5FF234}.Ad-Hoc|x64.Build.0 = Release|Any CPU
		{BCF7F3A3-8069-49CE-B9E8-3F4D9A5FF234}.Ad-Hoc|x86.ActiveCfg = Release|Any CPU
		{BCF7F3A3-8069-49CE-B9E8-3F4D9A5FF234}.Ad-Hoc|x86.Build.0 = Release|Any CPU
		{BCF7F3A3-8069-49CE-B9E8-3F4D9A5FF234}.AppStore|Any CPU.ActiveCfg = Debug|Any CPU
		{BCF7F3A3-8069-49CE-B9E8-3F4D9A5FF234}.AppStore|Any CPU.Build.0 = Debug|Any CPU
		{BCF7F3A3-8069-49CE-B9E8-3F4D9A5FF234}.AppStore|ARM.ActiveCfg = Release|Any CPU
		{BCF7F3A3-8069-49CE-B9E8-3F4D9A5FF234}.AppStore|ARM.Build.0 = Release|Any CPU
		{BCF7F3A3-8069-49CE-B9E8-3F4D9A5FF234}.AppStore|iPhone.ActiveCfg = Debug|Any CPU
		{BCF7F3A3-8069-49CE-B9E8-3F4D9A5FF234}.AppStore|iPhone.Build.0 = Debug|Any CPU
		{BCF7F3A3-8069-49CE-B9E8-3F4D9A5FF234}.AppStore|iPhoneSimulator.ActiveCfg = Release|Any CPU
		{BCF7F3A3-8069-49CE-B9E8-3F4D9A5FF234}.AppStore|iPhoneSimulator.Build.0 = Release|Any CPU
		{BCF7F3A3-8069-49CE-B9E8-3F4D9A5FF234}.AppStore|x64.ActiveCfg = Release|Any CPU
		{BCF7F3A3-8069-49CE-B9E8-3F4D9A5FF234}.AppStore|x64.Build.0 = Release|Any CPU
		{BCF7F3A3-8069-49CE-B9E8-3F4D9A5FF234}.AppStore|x86.ActiveCfg = Release|Any CPU
		{BCF7F3A3-8069-49CE-B9E8-3F4D9A5FF234}.AppStore|x86.Build.0 = Release|Any CPU
		{BCF7F3A3-8069-49CE-B9E8-3F4D9A5FF234}.Debug|Any CPU.ActiveCfg = Debug|Any CPU
		{BCF7F3A3-8069-49CE-B9E8-3F4D9A5FF234}.Debug|Any CPU.Build.0 = Debug|Any CPU
		{BCF7F3A3-8069-49CE-B9E8-3F4D9A5FF234}.Debug|ARM.ActiveCfg = Debug|Any CPU
		{BCF7F3A3-8069-49CE-B9E8-3F4D9A5FF234}.Debug|ARM.Build.0 = Debug|Any CPU
		{BCF7F3A3-8069-49CE-B9E8-3F4D9A5FF234}.Debug|iPhone.ActiveCfg = Debug|Any CPU
		{BCF7F3A3-8069-49CE-B9E8-3F4D9A5FF234}.Debug|iPhone.Build.0 = Debug|Any CPU
		{BCF7F3A3-8069-49CE-B9E8-3F4D9A5FF234}.Debug|iPhoneSimulator.ActiveCfg = Debug|Any CPU
		{BCF7F3A3-8069-49CE-B9E8-3F4D9A5FF234}.Debug|iPhoneSimulator.Build.0 = Debug|Any CPU
		{BCF7F3A3-8069-49CE-B9E8-3F4D9A5FF234}.Debug|x64.ActiveCfg = Debug|Any CPU
		{BCF7F3A3-8069-49CE-B9E8-3F4D9A5FF234}.Debug|x64.Build.0 = Debug|Any CPU
		{BCF7F3A3-8069-49CE-B9E8-3F4D9A5FF234}.Debug|x86.ActiveCfg = Debug|Any CPU
		{BCF7F3A3-8069-49CE-B9E8-3F4D9A5FF234}.Debug|x86.Build.0 = Debug|Any CPU
		{BCF7F3A3-8069-49CE-B9E8-3F4D9A5FF234}.Release|Any CPU.ActiveCfg = Release|Any CPU
		{BCF7F3A3-8069-49CE-B9E8-3F4D9A5FF234}.Release|Any CPU.Build.0 = Release|Any CPU
		{BCF7F3A3-8069-49CE-B9E8-3F4D9A5FF234}.Release|ARM.ActiveCfg = Release|Any CPU
		{BCF7F3A3-8069-49CE-B9E8-3F4D9A5FF234}.Release|ARM.Build.0 = Release|Any CPU
		{BCF7F3A3-8069-49CE-B9E8-3F4D9A5FF234}.Release|iPhone.ActiveCfg = Release|Any CPU
		{BCF7F3A3-8069-49CE-B9E8-3F4D9A5FF234}.Release|iPhone.Build.0 = Release|Any CPU
		{BCF7F3A3-8069-49CE-B9E8-3F4D9A5FF234}.Release|iPhoneSimulator.ActiveCfg = Release|Any CPU
		{BCF7F3A3-8069-49CE-B9E8-3F4D9A5FF234}.Release|iPhoneSimulator.Build.0 = Release|Any CPU
		{BCF7F3A3-8069-49CE-B9E8-3F4D9A5FF234}.Release|x64.ActiveCfg = Release|Any CPU
		{BCF7F3A3-8069-49CE-B9E8-3F4D9A5FF234}.Release|x64.Build.0 = Release|Any CPU
		{BCF7F3A3-8069-49CE-B9E8-3F4D9A5FF234}.Release|x86.ActiveCfg = Release|Any CPU
		{BCF7F3A3-8069-49CE-B9E8-3F4D9A5FF234}.Release|x86.Build.0 = Release|Any CPU
		{D91CC3CF-0D6D-496C-8136-AE3954D3C9C8}.Ad-Hoc|Any CPU.ActiveCfg = Release|Any CPU
		{D91CC3CF-0D6D-496C-8136-AE3954D3C9C8}.Ad-Hoc|Any CPU.Build.0 = Release|Any CPU
		{D91CC3CF-0D6D-496C-8136-AE3954D3C9C8}.Ad-Hoc|ARM.ActiveCfg = Release|Any CPU
		{D91CC3CF-0D6D-496C-8136-AE3954D3C9C8}.Ad-Hoc|ARM.Build.0 = Release|Any CPU
		{D91CC3CF-0D6D-496C-8136-AE3954D3C9C8}.Ad-Hoc|iPhone.ActiveCfg = Debug|Any CPU
		{D91CC3CF-0D6D-496C-8136-AE3954D3C9C8}.Ad-Hoc|iPhone.Build.0 = Debug|Any CPU
		{D91CC3CF-0D6D-496C-8136-AE3954D3C9C8}.Ad-Hoc|iPhoneSimulator.ActiveCfg = Release|Any CPU
		{D91CC3CF-0D6D-496C-8136-AE3954D3C9C8}.Ad-Hoc|iPhoneSimulator.Build.0 = Release|Any CPU
		{D91CC3CF-0D6D-496C-8136-AE3954D3C9C8}.Ad-Hoc|x64.ActiveCfg = Release|Any CPU
		{D91CC3CF-0D6D-496C-8136-AE3954D3C9C8}.Ad-Hoc|x64.Build.0 = Release|Any CPU
		{D91CC3CF-0D6D-496C-8136-AE3954D3C9C8}.Ad-Hoc|x86.ActiveCfg = Release|Any CPU
		{D91CC3CF-0D6D-496C-8136-AE3954D3C9C8}.Ad-Hoc|x86.Build.0 = Release|Any CPU
		{D91CC3CF-0D6D-496C-8136-AE3954D3C9C8}.AppStore|Any CPU.ActiveCfg = Debug|Any CPU
		{D91CC3CF-0D6D-496C-8136-AE3954D3C9C8}.AppStore|Any CPU.Build.0 = Debug|Any CPU
		{D91CC3CF-0D6D-496C-8136-AE3954D3C9C8}.AppStore|ARM.ActiveCfg = Release|Any CPU
		{D91CC3CF-0D6D-496C-8136-AE3954D3C9C8}.AppStore|ARM.Build.0 = Release|Any CPU
		{D91CC3CF-0D6D-496C-8136-AE3954D3C9C8}.AppStore|iPhone.ActiveCfg = Debug|Any CPU
		{D91CC3CF-0D6D-496C-8136-AE3954D3C9C8}.AppStore|iPhone.Build.0 = Debug|Any CPU
		{D91CC3CF-0D6D-496C-8136-AE3954D3C9C8}.AppStore|iPhoneSimulator.ActiveCfg = Release|Any CPU
		{D91CC3CF-0D6D-496C-8136-AE3954D3C9C8}.AppStore|iPhoneSimulator.Build.0 = Release|Any CPU
		{D91CC3CF-0D6D-496C-8136-AE3954D3C9C8}.AppStore|x64.ActiveCfg = Release|Any CPU
		{D91CC3CF-0D6D-496C-8136-AE3954D3C9C8}.AppStore|x64.Build.0 = Release|Any CPU
		{D91CC3CF-0D6D-496C-8136-AE3954D3C9C8}.AppStore|x86.ActiveCfg = Release|Any CPU
		{D91CC3CF-0D6D-496C-8136-AE3954D3C9C8}.AppStore|x86.Build.0 = Release|Any CPU
		{D91CC3CF-0D6D-496C-8136-AE3954D3C9C8}.Debug|Any CPU.ActiveCfg = Debug|Any CPU
		{D91CC3CF-0D6D-496C-8136-AE3954D3C9C8}.Debug|Any CPU.Build.0 = Debug|Any CPU
		{D91CC3CF-0D6D-496C-8136-AE3954D3C9C8}.Debug|ARM.ActiveCfg = Debug|Any CPU
		{D91CC3CF-0D6D-496C-8136-AE3954D3C9C8}.Debug|ARM.Build.0 = Debug|Any CPU
		{D91CC3CF-0D6D-496C-8136-AE3954D3C9C8}.Debug|iPhone.ActiveCfg = Debug|Any CPU
		{D91CC3CF-0D6D-496C-8136-AE3954D3C9C8}.Debug|iPhone.Build.0 = Debug|Any CPU
		{D91CC3CF-0D6D-496C-8136-AE3954D3C9C8}.Debug|iPhoneSimulator.ActiveCfg = Debug|Any CPU
		{D91CC3CF-0D6D-496C-8136-AE3954D3C9C8}.Debug|iPhoneSimulator.Build.0 = Debug|Any CPU
		{D91CC3CF-0D6D-496C-8136-AE3954D3C9C8}.Debug|x64.ActiveCfg = Debug|Any CPU
		{D91CC3CF-0D6D-496C-8136-AE3954D3C9C8}.Debug|x64.Build.0 = Debug|Any CPU
		{D91CC3CF-0D6D-496C-8136-AE3954D3C9C8}.Debug|x86.ActiveCfg = Debug|Any CPU
		{D91CC3CF-0D6D-496C-8136-AE3954D3C9C8}.Debug|x86.Build.0 = Debug|Any CPU
		{D91CC3CF-0D6D-496C-8136-AE3954D3C9C8}.Release|Any CPU.ActiveCfg = Release|Any CPU
		{D91CC3CF-0D6D-496C-8136-AE3954D3C9C8}.Release|Any CPU.Build.0 = Release|Any CPU
		{D91CC3CF-0D6D-496C-8136-AE3954D3C9C8}.Release|ARM.ActiveCfg = Release|Any CPU
		{D91CC3CF-0D6D-496C-8136-AE3954D3C9C8}.Release|ARM.Build.0 = Release|Any CPU
		{D91CC3CF-0D6D-496C-8136-AE3954D3C9C8}.Release|iPhone.ActiveCfg = Release|Any CPU
		{D91CC3CF-0D6D-496C-8136-AE3954D3C9C8}.Release|iPhone.Build.0 = Release|Any CPU
		{D91CC3CF-0D6D-496C-8136-AE3954D3C9C8}.Release|iPhoneSimulator.ActiveCfg = Release|Any CPU
		{D91CC3CF-0D6D-496C-8136-AE3954D3C9C8}.Release|iPhoneSimulator.Build.0 = Release|Any CPU
		{D91CC3CF-0D6D-496C-8136-AE3954D3C9C8}.Release|x64.ActiveCfg = Release|Any CPU
		{D91CC3CF-0D6D-496C-8136-AE3954D3C9C8}.Release|x64.Build.0 = Release|Any CPU
		{D91CC3CF-0D6D-496C-8136-AE3954D3C9C8}.Release|x86.ActiveCfg = Release|Any CPU
		{D91CC3CF-0D6D-496C-8136-AE3954D3C9C8}.Release|x86.Build.0 = Release|Any CPU
		{7F946494-8EE0-432B-8A87-98961143D5C1}.Ad-Hoc|Any CPU.ActiveCfg = Release|Any CPU
		{7F946494-8EE0-432B-8A87-98961143D5C1}.Ad-Hoc|Any CPU.Build.0 = Release|Any CPU
		{7F946494-8EE0-432B-8A87-98961143D5C1}.Ad-Hoc|ARM.ActiveCfg = Release|Any CPU
		{7F946494-8EE0-432B-8A87-98961143D5C1}.Ad-Hoc|ARM.Build.0 = Release|Any CPU
		{7F946494-8EE0-432B-8A87-98961143D5C1}.Ad-Hoc|iPhone.ActiveCfg = Debug|Any CPU
		{7F946494-8EE0-432B-8A87-98961143D5C1}.Ad-Hoc|iPhone.Build.0 = Debug|Any CPU
		{7F946494-8EE0-432B-8A87-98961143D5C1}.Ad-Hoc|iPhoneSimulator.ActiveCfg = Release|Any CPU
		{7F946494-8EE0-432B-8A87-98961143D5C1}.Ad-Hoc|iPhoneSimulator.Build.0 = Release|Any CPU
		{7F946494-8EE0-432B-8A87-98961143D5C1}.Ad-Hoc|x64.ActiveCfg = Release|Any CPU
		{7F946494-8EE0-432B-8A87-98961143D5C1}.Ad-Hoc|x64.Build.0 = Release|Any CPU
		{7F946494-8EE0-432B-8A87-98961143D5C1}.Ad-Hoc|x86.ActiveCfg = Release|Any CPU
		{7F946494-8EE0-432B-8A87-98961143D5C1}.Ad-Hoc|x86.Build.0 = Release|Any CPU
		{7F946494-8EE0-432B-8A87-98961143D5C1}.AppStore|Any CPU.ActiveCfg = Debug|Any CPU
		{7F946494-8EE0-432B-8A87-98961143D5C1}.AppStore|Any CPU.Build.0 = Debug|Any CPU
		{7F946494-8EE0-432B-8A87-98961143D5C1}.AppStore|ARM.ActiveCfg = Release|Any CPU
		{7F946494-8EE0-432B-8A87-98961143D5C1}.AppStore|ARM.Build.0 = Release|Any CPU
		{7F946494-8EE0-432B-8A87-98961143D5C1}.AppStore|iPhone.ActiveCfg = Debug|Any CPU
		{7F946494-8EE0-432B-8A87-98961143D5C1}.AppStore|iPhone.Build.0 = Debug|Any CPU
		{7F946494-8EE0-432B-8A87-98961143D5C1}.AppStore|iPhoneSimulator.ActiveCfg = Release|Any CPU
		{7F946494-8EE0-432B-8A87-98961143D5C1}.AppStore|iPhoneSimulator.Build.0 = Release|Any CPU
		{7F946494-8EE0-432B-8A87-98961143D5C1}.AppStore|x64.ActiveCfg = Release|Any CPU
		{7F946494-8EE0-432B-8A87-98961143D5C1}.AppStore|x64.Build.0 = Release|Any CPU
		{7F946494-8EE0-432B-8A87-98961143D5C1}.AppStore|x86.ActiveCfg = Release|Any CPU
		{7F946494-8EE0-432B-8A87-98961143D5C1}.AppStore|x86.Build.0 = Release|Any CPU
		{7F946494-8EE0-432B-8A87-98961143D5C1}.Debug|Any CPU.ActiveCfg = Debug|Any CPU
		{7F946494-8EE0-432B-8A87-98961143D5C1}.Debug|Any CPU.Build.0 = Debug|Any CPU
		{7F946494-8EE0-432B-8A87-98961143D5C1}.Debug|ARM.ActiveCfg = Debug|Any CPU
		{7F946494-8EE0-432B-8A87-98961143D5C1}.Debug|ARM.Build.0 = Debug|Any CPU
		{7F946494-8EE0-432B-8A87-98961143D5C1}.Debug|iPhone.ActiveCfg = Debug|Any CPU
		{7F946494-8EE0-432B-8A87-98961143D5C1}.Debug|iPhone.Build.0 = Debug|Any CPU
		{7F946494-8EE0-432B-8A87-98961143D5C1}.Debug|iPhoneSimulator.ActiveCfg = Debug|Any CPU
		{7F946494-8EE0-432B-8A87-98961143D5C1}.Debug|iPhoneSimulator.Build.0 = Debug|Any CPU
		{7F946494-8EE0-432B-8A87-98961143D5C1}.Debug|x64.ActiveCfg = Debug|Any CPU
		{7F946494-8EE0-432B-8A87-98961143D5C1}.Debug|x64.Build.0 = Debug|Any CPU
		{7F946494-8EE0-432B-8A87-98961143D5C1}.Debug|x86.ActiveCfg = Debug|Any CPU
		{7F946494-8EE0-432B-8A87-98961143D5C1}.Debug|x86.Build.0 = Debug|Any CPU
		{7F946494-8EE0-432B-8A87-98961143D5C1}.Release|Any CPU.ActiveCfg = Release|Any CPU
		{7F946494-8EE0-432B-8A87-98961143D5C1}.Release|Any CPU.Build.0 = Release|Any CPU
		{7F946494-8EE0-432B-8A87-98961143D5C1}.Release|ARM.ActiveCfg = Release|Any CPU
		{7F946494-8EE0-432B-8A87-98961143D5C1}.Release|ARM.Build.0 = Release|Any CPU
		{7F946494-8EE0-432B-8A87-98961143D5C1}.Release|iPhone.ActiveCfg = Release|Any CPU
		{7F946494-8EE0-432B-8A87-98961143D5C1}.Release|iPhone.Build.0 = Release|Any CPU
		{7F946494-8EE0-432B-8A87-98961143D5C1}.Release|iPhoneSimulator.ActiveCfg = Release|Any CPU
		{7F946494-8EE0-432B-8A87-98961143D5C1}.Release|iPhoneSimulator.Build.0 = Release|Any CPU
		{7F946494-8EE0-432B-8A87-98961143D5C1}.Release|x64.ActiveCfg = Release|Any CPU
		{7F946494-8EE0-432B-8A87-98961143D5C1}.Release|x64.Build.0 = Release|Any CPU
		{7F946494-8EE0-432B-8A87-98961143D5C1}.Release|x86.ActiveCfg = Release|Any CPU
		{7F946494-8EE0-432B-8A87-98961143D5C1}.Release|x86.Build.0 = Release|Any CPU
		{13986C0C-8A04-4F39-BB78-C1B71BDA4857}.Ad-Hoc|Any CPU.ActiveCfg = Release|Any CPU
		{13986C0C-8A04-4F39-BB78-C1B71BDA4857}.Ad-Hoc|Any CPU.Build.0 = Release|Any CPU
		{13986C0C-8A04-4F39-BB78-C1B71BDA4857}.Ad-Hoc|ARM.ActiveCfg = Release|Any CPU
		{13986C0C-8A04-4F39-BB78-C1B71BDA4857}.Ad-Hoc|ARM.Build.0 = Release|Any CPU
		{13986C0C-8A04-4F39-BB78-C1B71BDA4857}.Ad-Hoc|iPhone.ActiveCfg = Debug|Any CPU
		{13986C0C-8A04-4F39-BB78-C1B71BDA4857}.Ad-Hoc|iPhone.Build.0 = Debug|Any CPU
		{13986C0C-8A04-4F39-BB78-C1B71BDA4857}.Ad-Hoc|iPhoneSimulator.ActiveCfg = Release|Any CPU
		{13986C0C-8A04-4F39-BB78-C1B71BDA4857}.Ad-Hoc|iPhoneSimulator.Build.0 = Release|Any CPU
		{13986C0C-8A04-4F39-BB78-C1B71BDA4857}.Ad-Hoc|x64.ActiveCfg = Release|Any CPU
		{13986C0C-8A04-4F39-BB78-C1B71BDA4857}.Ad-Hoc|x64.Build.0 = Release|Any CPU
		{13986C0C-8A04-4F39-BB78-C1B71BDA4857}.Ad-Hoc|x86.ActiveCfg = Release|Any CPU
		{13986C0C-8A04-4F39-BB78-C1B71BDA4857}.Ad-Hoc|x86.Build.0 = Release|Any CPU
		{13986C0C-8A04-4F39-BB78-C1B71BDA4857}.AppStore|Any CPU.ActiveCfg = Debug|Any CPU
		{13986C0C-8A04-4F39-BB78-C1B71BDA4857}.AppStore|Any CPU.Build.0 = Debug|Any CPU
		{13986C0C-8A04-4F39-BB78-C1B71BDA4857}.AppStore|ARM.ActiveCfg = Release|Any CPU
		{13986C0C-8A04-4F39-BB78-C1B71BDA4857}.AppStore|ARM.Build.0 = Release|Any CPU
		{13986C0C-8A04-4F39-BB78-C1B71BDA4857}.AppStore|iPhone.ActiveCfg = Debug|Any CPU
		{13986C0C-8A04-4F39-BB78-C1B71BDA4857}.AppStore|iPhone.Build.0 = Debug|Any CPU
		{13986C0C-8A04-4F39-BB78-C1B71BDA4857}.AppStore|iPhoneSimulator.ActiveCfg = Release|Any CPU
		{13986C0C-8A04-4F39-BB78-C1B71BDA4857}.AppStore|iPhoneSimulator.Build.0 = Release|Any CPU
		{13986C0C-8A04-4F39-BB78-C1B71BDA4857}.AppStore|x64.ActiveCfg = Release|Any CPU
		{13986C0C-8A04-4F39-BB78-C1B71BDA4857}.AppStore|x64.Build.0 = Release|Any CPU
		{13986C0C-8A04-4F39-BB78-C1B71BDA4857}.AppStore|x86.ActiveCfg = Release|Any CPU
		{13986C0C-8A04-4F39-BB78-C1B71BDA4857}.AppStore|x86.Build.0 = Release|Any CPU
		{13986C0C-8A04-4F39-BB78-C1B71BDA4857}.Debug|Any CPU.ActiveCfg = Debug|Any CPU
		{13986C0C-8A04-4F39-BB78-C1B71BDA4857}.Debug|Any CPU.Build.0 = Debug|Any CPU
		{13986C0C-8A04-4F39-BB78-C1B71BDA4857}.Debug|ARM.ActiveCfg = Debug|Any CPU
		{13986C0C-8A04-4F39-BB78-C1B71BDA4857}.Debug|ARM.Build.0 = Debug|Any CPU
		{13986C0C-8A04-4F39-BB78-C1B71BDA4857}.Debug|iPhone.ActiveCfg = Debug|Any CPU
		{13986C0C-8A04-4F39-BB78-C1B71BDA4857}.Debug|iPhone.Build.0 = Debug|Any CPU
		{13986C0C-8A04-4F39-BB78-C1B71BDA4857}.Debug|iPhoneSimulator.ActiveCfg = Debug|Any CPU
		{13986C0C-8A04-4F39-BB78-C1B71BDA4857}.Debug|iPhoneSimulator.Build.0 = Debug|Any CPU
		{13986C0C-8A04-4F39-BB78-C1B71BDA4857}.Debug|x64.ActiveCfg = Debug|Any CPU
		{13986C0C-8A04-4F39-BB78-C1B71BDA4857}.Debug|x64.Build.0 = Debug|Any CPU
		{13986C0C-8A04-4F39-BB78-C1B71BDA4857}.Debug|x86.ActiveCfg = Debug|Any CPU
		{13986C0C-8A04-4F39-BB78-C1B71BDA4857}.Debug|x86.Build.0 = Debug|Any CPU
		{13986C0C-8A04-4F39-BB78-C1B71BDA4857}.Release|Any CPU.ActiveCfg = Release|Any CPU
		{13986C0C-8A04-4F39-BB78-C1B71BDA4857}.Release|Any CPU.Build.0 = Release|Any CPU
		{13986C0C-8A04-4F39-BB78-C1B71BDA4857}.Release|ARM.ActiveCfg = Release|Any CPU
		{13986C0C-8A04-4F39-BB78-C1B71BDA4857}.Release|ARM.Build.0 = Release|Any CPU
		{13986C0C-8A04-4F39-BB78-C1B71BDA4857}.Release|iPhone.ActiveCfg = Release|Any CPU
		{13986C0C-8A04-4F39-BB78-C1B71BDA4857}.Release|iPhone.Build.0 = Release|Any CPU
		{13986C0C-8A04-4F39-BB78-C1B71BDA4857}.Release|iPhoneSimulator.ActiveCfg = Release|Any CPU
		{13986C0C-8A04-4F39-BB78-C1B71BDA4857}.Release|iPhoneSimulator.Build.0 = Release|Any CPU
		{13986C0C-8A04-4F39-BB78-C1B71BDA4857}.Release|x64.ActiveCfg = Release|Any CPU
		{13986C0C-8A04-4F39-BB78-C1B71BDA4857}.Release|x64.Build.0 = Release|Any CPU
		{13986C0C-8A04-4F39-BB78-C1B71BDA4857}.Release|x86.ActiveCfg = Release|Any CPU
		{13986C0C-8A04-4F39-BB78-C1B71BDA4857}.Release|x86.Build.0 = Release|Any CPU
		{32711A14-971C-4A96-90B3-00A2D1E28E0D}.Ad-Hoc|Any CPU.ActiveCfg = Release|Any CPU
		{32711A14-971C-4A96-90B3-00A2D1E28E0D}.Ad-Hoc|Any CPU.Build.0 = Release|Any CPU
		{32711A14-971C-4A96-90B3-00A2D1E28E0D}.Ad-Hoc|ARM.ActiveCfg = Release|Any CPU
		{32711A14-971C-4A96-90B3-00A2D1E28E0D}.Ad-Hoc|ARM.Build.0 = Release|Any CPU
		{32711A14-971C-4A96-90B3-00A2D1E28E0D}.Ad-Hoc|iPhone.ActiveCfg = Debug|Any CPU
		{32711A14-971C-4A96-90B3-00A2D1E28E0D}.Ad-Hoc|iPhone.Build.0 = Debug|Any CPU
		{32711A14-971C-4A96-90B3-00A2D1E28E0D}.Ad-Hoc|iPhoneSimulator.ActiveCfg = Release|Any CPU
		{32711A14-971C-4A96-90B3-00A2D1E28E0D}.Ad-Hoc|iPhoneSimulator.Build.0 = Release|Any CPU
		{32711A14-971C-4A96-90B3-00A2D1E28E0D}.Ad-Hoc|x64.ActiveCfg = Release|Any CPU
		{32711A14-971C-4A96-90B3-00A2D1E28E0D}.Ad-Hoc|x64.Build.0 = Release|Any CPU
		{32711A14-971C-4A96-90B3-00A2D1E28E0D}.Ad-Hoc|x86.ActiveCfg = Release|Any CPU
		{32711A14-971C-4A96-90B3-00A2D1E28E0D}.Ad-Hoc|x86.Build.0 = Release|Any CPU
		{32711A14-971C-4A96-90B3-00A2D1E28E0D}.AppStore|Any CPU.ActiveCfg = Debug|Any CPU
		{32711A14-971C-4A96-90B3-00A2D1E28E0D}.AppStore|Any CPU.Build.0 = Debug|Any CPU
		{32711A14-971C-4A96-90B3-00A2D1E28E0D}.AppStore|ARM.ActiveCfg = Release|Any CPU
		{32711A14-971C-4A96-90B3-00A2D1E28E0D}.AppStore|ARM.Build.0 = Release|Any CPU
		{32711A14-971C-4A96-90B3-00A2D1E28E0D}.AppStore|iPhone.ActiveCfg = Debug|Any CPU
		{32711A14-971C-4A96-90B3-00A2D1E28E0D}.AppStore|iPhone.Build.0 = Debug|Any CPU
		{32711A14-971C-4A96-90B3-00A2D1E28E0D}.AppStore|iPhoneSimulator.ActiveCfg = Release|Any CPU
		{32711A14-971C-4A96-90B3-00A2D1E28E0D}.AppStore|iPhoneSimulator.Build.0 = Release|Any CPU
		{32711A14-971C-4A96-90B3-00A2D1E28E0D}.AppStore|x64.ActiveCfg = Release|Any CPU
		{32711A14-971C-4A96-90B3-00A2D1E28E0D}.AppStore|x64.Build.0 = Release|Any CPU
		{32711A14-971C-4A96-90B3-00A2D1E28E0D}.AppStore|x86.ActiveCfg = Release|Any CPU
		{32711A14-971C-4A96-90B3-00A2D1E28E0D}.AppStore|x86.Build.0 = Release|Any CPU
		{32711A14-971C-4A96-90B3-00A2D1E28E0D}.Debug|Any CPU.ActiveCfg = Debug|Any CPU
		{32711A14-971C-4A96-90B3-00A2D1E28E0D}.Debug|Any CPU.Build.0 = Debug|Any CPU
		{32711A14-971C-4A96-90B3-00A2D1E28E0D}.Debug|ARM.ActiveCfg = Debug|Any CPU
		{32711A14-971C-4A96-90B3-00A2D1E28E0D}.Debug|ARM.Build.0 = Debug|Any CPU
		{32711A14-971C-4A96-90B3-00A2D1E28E0D}.Debug|iPhone.ActiveCfg = Debug|Any CPU
		{32711A14-971C-4A96-90B3-00A2D1E28E0D}.Debug|iPhone.Build.0 = Debug|Any CPU
		{32711A14-971C-4A96-90B3-00A2D1E28E0D}.Debug|iPhoneSimulator.ActiveCfg = Debug|Any CPU
		{32711A14-971C-4A96-90B3-00A2D1E28E0D}.Debug|iPhoneSimulator.Build.0 = Debug|Any CPU
		{32711A14-971C-4A96-90B3-00A2D1E28E0D}.Debug|x64.ActiveCfg = Debug|Any CPU
		{32711A14-971C-4A96-90B3-00A2D1E28E0D}.Debug|x64.Build.0 = Debug|Any CPU
		{32711A14-971C-4A96-90B3-00A2D1E28E0D}.Debug|x86.ActiveCfg = Debug|Any CPU
		{32711A14-971C-4A96-90B3-00A2D1E28E0D}.Debug|x86.Build.0 = Debug|Any CPU
		{32711A14-971C-4A96-90B3-00A2D1E28E0D}.Release|Any CPU.ActiveCfg = Release|Any CPU
		{32711A14-971C-4A96-90B3-00A2D1E28E0D}.Release|Any CPU.Build.0 = Release|Any CPU
		{32711A14-971C-4A96-90B3-00A2D1E28E0D}.Release|ARM.ActiveCfg = Release|Any CPU
		{32711A14-971C-4A96-90B3-00A2D1E28E0D}.Release|ARM.Build.0 = Release|Any CPU
		{32711A14-971C-4A96-90B3-00A2D1E28E0D}.Release|iPhone.ActiveCfg = Release|Any CPU
		{32711A14-971C-4A96-90B3-00A2D1E28E0D}.Release|iPhone.Build.0 = Release|Any CPU
		{32711A14-971C-4A96-90B3-00A2D1E28E0D}.Release|iPhoneSimulator.ActiveCfg = Release|Any CPU
		{32711A14-971C-4A96-90B3-00A2D1E28E0D}.Release|iPhoneSimulator.Build.0 = Release|Any CPU
		{32711A14-971C-4A96-90B3-00A2D1E28E0D}.Release|x64.ActiveCfg = Release|Any CPU
		{32711A14-971C-4A96-90B3-00A2D1E28E0D}.Release|x64.Build.0 = Release|Any CPU
		{32711A14-971C-4A96-90B3-00A2D1E28E0D}.Release|x86.ActiveCfg = Release|Any CPU
		{32711A14-971C-4A96-90B3-00A2D1E28E0D}.Release|x86.Build.0 = Release|Any CPU
		{E27008B0-6880-4856-8C02-3DF7628A920C}.Ad-Hoc|Any CPU.ActiveCfg = Release|Any CPU
		{E27008B0-6880-4856-8C02-3DF7628A920C}.Ad-Hoc|Any CPU.Build.0 = Release|Any CPU
		{E27008B0-6880-4856-8C02-3DF7628A920C}.Ad-Hoc|ARM.ActiveCfg = Release|Any CPU
		{E27008B0-6880-4856-8C02-3DF7628A920C}.Ad-Hoc|ARM.Build.0 = Release|Any CPU
		{E27008B0-6880-4856-8C02-3DF7628A920C}.Ad-Hoc|iPhone.ActiveCfg = Debug|Any CPU
		{E27008B0-6880-4856-8C02-3DF7628A920C}.Ad-Hoc|iPhone.Build.0 = Debug|Any CPU
		{E27008B0-6880-4856-8C02-3DF7628A920C}.Ad-Hoc|iPhoneSimulator.ActiveCfg = Release|Any CPU
		{E27008B0-6880-4856-8C02-3DF7628A920C}.Ad-Hoc|iPhoneSimulator.Build.0 = Release|Any CPU
		{E27008B0-6880-4856-8C02-3DF7628A920C}.Ad-Hoc|x64.ActiveCfg = Release|Any CPU
		{E27008B0-6880-4856-8C02-3DF7628A920C}.Ad-Hoc|x64.Build.0 = Release|Any CPU
		{E27008B0-6880-4856-8C02-3DF7628A920C}.Ad-Hoc|x86.ActiveCfg = Release|Any CPU
		{E27008B0-6880-4856-8C02-3DF7628A920C}.Ad-Hoc|x86.Build.0 = Release|Any CPU
		{E27008B0-6880-4856-8C02-3DF7628A920C}.AppStore|Any CPU.ActiveCfg = Debug|Any CPU
		{E27008B0-6880-4856-8C02-3DF7628A920C}.AppStore|Any CPU.Build.0 = Debug|Any CPU
		{E27008B0-6880-4856-8C02-3DF7628A920C}.AppStore|ARM.ActiveCfg = Release|Any CPU
		{E27008B0-6880-4856-8C02-3DF7628A920C}.AppStore|ARM.Build.0 = Release|Any CPU
		{E27008B0-6880-4856-8C02-3DF7628A920C}.AppStore|iPhone.ActiveCfg = Debug|Any CPU
		{E27008B0-6880-4856-8C02-3DF7628A920C}.AppStore|iPhone.Build.0 = Debug|Any CPU
		{E27008B0-6880-4856-8C02-3DF7628A920C}.AppStore|iPhoneSimulator.ActiveCfg = Release|Any CPU
		{E27008B0-6880-4856-8C02-3DF7628A920C}.AppStore|iPhoneSimulator.Build.0 = Release|Any CPU
		{E27008B0-6880-4856-8C02-3DF7628A920C}.AppStore|x64.ActiveCfg = Release|Any CPU
		{E27008B0-6880-4856-8C02-3DF7628A920C}.AppStore|x64.Build.0 = Release|Any CPU
		{E27008B0-6880-4856-8C02-3DF7628A920C}.AppStore|x86.ActiveCfg = Release|Any CPU
		{E27008B0-6880-4856-8C02-3DF7628A920C}.AppStore|x86.Build.0 = Release|Any CPU
		{E27008B0-6880-4856-8C02-3DF7628A920C}.Debug|Any CPU.ActiveCfg = Debug|Any CPU
		{E27008B0-6880-4856-8C02-3DF7628A920C}.Debug|Any CPU.Build.0 = Debug|Any CPU
		{E27008B0-6880-4856-8C02-3DF7628A920C}.Debug|ARM.ActiveCfg = Debug|Any CPU
		{E27008B0-6880-4856-8C02-3DF7628A920C}.Debug|ARM.Build.0 = Debug|Any CPU
		{E27008B0-6880-4856-8C02-3DF7628A920C}.Debug|iPhone.ActiveCfg = Debug|Any CPU
		{E27008B0-6880-4856-8C02-3DF7628A920C}.Debug|iPhone.Build.0 = Debug|Any CPU
		{E27008B0-6880-4856-8C02-3DF7628A920C}.Debug|iPhoneSimulator.ActiveCfg = Debug|Any CPU
		{E27008B0-6880-4856-8C02-3DF7628A920C}.Debug|iPhoneSimulator.Build.0 = Debug|Any CPU
		{E27008B0-6880-4856-8C02-3DF7628A920C}.Debug|x64.ActiveCfg = Debug|Any CPU
		{E27008B0-6880-4856-8C02-3DF7628A920C}.Debug|x64.Build.0 = Debug|Any CPU
		{E27008B0-6880-4856-8C02-3DF7628A920C}.Debug|x86.ActiveCfg = Debug|Any CPU
		{E27008B0-6880-4856-8C02-3DF7628A920C}.Debug|x86.Build.0 = Debug|Any CPU
		{E27008B0-6880-4856-8C02-3DF7628A920C}.Release|Any CPU.ActiveCfg = Release|Any CPU
		{E27008B0-6880-4856-8C02-3DF7628A920C}.Release|Any CPU.Build.0 = Release|Any CPU
		{E27008B0-6880-4856-8C02-3DF7628A920C}.Release|ARM.ActiveCfg = Release|Any CPU
		{E27008B0-6880-4856-8C02-3DF7628A920C}.Release|ARM.Build.0 = Release|Any CPU
		{E27008B0-6880-4856-8C02-3DF7628A920C}.Release|iPhone.ActiveCfg = Release|Any CPU
		{E27008B0-6880-4856-8C02-3DF7628A920C}.Release|iPhone.Build.0 = Release|Any CPU
		{E27008B0-6880-4856-8C02-3DF7628A920C}.Release|iPhoneSimulator.ActiveCfg = Release|Any CPU
		{E27008B0-6880-4856-8C02-3DF7628A920C}.Release|iPhoneSimulator.Build.0 = Release|Any CPU
		{E27008B0-6880-4856-8C02-3DF7628A920C}.Release|x64.ActiveCfg = Release|Any CPU
		{E27008B0-6880-4856-8C02-3DF7628A920C}.Release|x64.Build.0 = Release|Any CPU
		{E27008B0-6880-4856-8C02-3DF7628A920C}.Release|x86.ActiveCfg = Release|Any CPU
		{E27008B0-6880-4856-8C02-3DF7628A920C}.Release|x86.Build.0 = Release|Any CPU
		{405FED46-66D9-4EB4-8C6E-16636329FD77}.Ad-Hoc|Any CPU.ActiveCfg = Debug|Any CPU
		{405FED46-66D9-4EB4-8C6E-16636329FD77}.Ad-Hoc|Any CPU.Build.0 = Debug|Any CPU
		{405FED46-66D9-4EB4-8C6E-16636329FD77}.Ad-Hoc|ARM.ActiveCfg = Debug|Any CPU
		{405FED46-66D9-4EB4-8C6E-16636329FD77}.Ad-Hoc|ARM.Build.0 = Debug|Any CPU
		{405FED46-66D9-4EB4-8C6E-16636329FD77}.Ad-Hoc|iPhone.ActiveCfg = Release|Any CPU
		{405FED46-66D9-4EB4-8C6E-16636329FD77}.Ad-Hoc|iPhone.Build.0 = Release|Any CPU
		{405FED46-66D9-4EB4-8C6E-16636329FD77}.Ad-Hoc|iPhoneSimulator.ActiveCfg = Debug|Any CPU
		{405FED46-66D9-4EB4-8C6E-16636329FD77}.Ad-Hoc|iPhoneSimulator.Build.0 = Debug|Any CPU
		{405FED46-66D9-4EB4-8C6E-16636329FD77}.Ad-Hoc|x64.ActiveCfg = Debug|Any CPU
		{405FED46-66D9-4EB4-8C6E-16636329FD77}.Ad-Hoc|x64.Build.0 = Debug|Any CPU
		{405FED46-66D9-4EB4-8C6E-16636329FD77}.Ad-Hoc|x86.ActiveCfg = Debug|Any CPU
		{405FED46-66D9-4EB4-8C6E-16636329FD77}.Ad-Hoc|x86.Build.0 = Debug|Any CPU
		{405FED46-66D9-4EB4-8C6E-16636329FD77}.AppStore|Any CPU.ActiveCfg = Debug|Any CPU
		{405FED46-66D9-4EB4-8C6E-16636329FD77}.AppStore|Any CPU.Build.0 = Debug|Any CPU
		{405FED46-66D9-4EB4-8C6E-16636329FD77}.AppStore|ARM.ActiveCfg = Debug|Any CPU
		{405FED46-66D9-4EB4-8C6E-16636329FD77}.AppStore|ARM.Build.0 = Debug|Any CPU
		{405FED46-66D9-4EB4-8C6E-16636329FD77}.AppStore|iPhone.ActiveCfg = Release|Any CPU
		{405FED46-66D9-4EB4-8C6E-16636329FD77}.AppStore|iPhone.Build.0 = Release|Any CPU
		{405FED46-66D9-4EB4-8C6E-16636329FD77}.AppStore|iPhoneSimulator.ActiveCfg = Debug|Any CPU
		{405FED46-66D9-4EB4-8C6E-16636329FD77}.AppStore|iPhoneSimulator.Build.0 = Debug|Any CPU
		{405FED46-66D9-4EB4-8C6E-16636329FD77}.AppStore|x64.ActiveCfg = Debug|Any CPU
		{405FED46-66D9-4EB4-8C6E-16636329FD77}.AppStore|x64.Build.0 = Debug|Any CPU
		{405FED46-66D9-4EB4-8C6E-16636329FD77}.AppStore|x86.ActiveCfg = Debug|Any CPU
		{405FED46-66D9-4EB4-8C6E-16636329FD77}.AppStore|x86.Build.0 = Debug|Any CPU
		{405FED46-66D9-4EB4-8C6E-16636329FD77}.Debug|Any CPU.ActiveCfg = Debug|Any CPU
		{405FED46-66D9-4EB4-8C6E-16636329FD77}.Debug|Any CPU.Build.0 = Debug|Any CPU
		{405FED46-66D9-4EB4-8C6E-16636329FD77}.Debug|ARM.ActiveCfg = Debug|Any CPU
		{405FED46-66D9-4EB4-8C6E-16636329FD77}.Debug|ARM.Build.0 = Debug|Any CPU
		{405FED46-66D9-4EB4-8C6E-16636329FD77}.Debug|iPhone.ActiveCfg = Debug|Any CPU
		{405FED46-66D9-4EB4-8C6E-16636329FD77}.Debug|iPhone.Build.0 = Debug|Any CPU
		{405FED46-66D9-4EB4-8C6E-16636329FD77}.Debug|iPhoneSimulator.ActiveCfg = Debug|Any CPU
		{405FED46-66D9-4EB4-8C6E-16636329FD77}.Debug|iPhoneSimulator.Build.0 = Debug|Any CPU
		{405FED46-66D9-4EB4-8C6E-16636329FD77}.Debug|x64.ActiveCfg = Debug|Any CPU
		{405FED46-66D9-4EB4-8C6E-16636329FD77}.Debug|x64.Build.0 = Debug|Any CPU
		{405FED46-66D9-4EB4-8C6E-16636329FD77}.Debug|x86.ActiveCfg = Debug|Any CPU
		{405FED46-66D9-4EB4-8C6E-16636329FD77}.Debug|x86.Build.0 = Debug|Any CPU
		{405FED46-66D9-4EB4-8C6E-16636329FD77}.Release|Any CPU.ActiveCfg = Release|Any CPU
		{405FED46-66D9-4EB4-8C6E-16636329FD77}.Release|Any CPU.Build.0 = Release|Any CPU
		{405FED46-66D9-4EB4-8C6E-16636329FD77}.Release|ARM.ActiveCfg = Release|Any CPU
		{405FED46-66D9-4EB4-8C6E-16636329FD77}.Release|ARM.Build.0 = Release|Any CPU
		{405FED46-66D9-4EB4-8C6E-16636329FD77}.Release|iPhone.ActiveCfg = Release|Any CPU
		{405FED46-66D9-4EB4-8C6E-16636329FD77}.Release|iPhone.Build.0 = Release|Any CPU
		{405FED46-66D9-4EB4-8C6E-16636329FD77}.Release|iPhoneSimulator.ActiveCfg = Release|Any CPU
		{405FED46-66D9-4EB4-8C6E-16636329FD77}.Release|iPhoneSimulator.Build.0 = Release|Any CPU
		{405FED46-66D9-4EB4-8C6E-16636329FD77}.Release|x64.ActiveCfg = Release|Any CPU
		{405FED46-66D9-4EB4-8C6E-16636329FD77}.Release|x64.Build.0 = Release|Any CPU
		{405FED46-66D9-4EB4-8C6E-16636329FD77}.Release|x86.ActiveCfg = Release|Any CPU
		{405FED46-66D9-4EB4-8C6E-16636329FD77}.Release|x86.Build.0 = Release|Any CPU
		{54C9E523-785C-48CF-B77C-B28842DC0ABF}.Ad-Hoc|Any CPU.ActiveCfg = Debug|Any CPU
		{54C9E523-785C-48CF-B77C-B28842DC0ABF}.Ad-Hoc|Any CPU.Build.0 = Debug|Any CPU
		{54C9E523-785C-48CF-B77C-B28842DC0ABF}.Ad-Hoc|ARM.ActiveCfg = Debug|Any CPU
		{54C9E523-785C-48CF-B77C-B28842DC0ABF}.Ad-Hoc|ARM.Build.0 = Debug|Any CPU
		{54C9E523-785C-48CF-B77C-B28842DC0ABF}.Ad-Hoc|iPhone.ActiveCfg = Release|Any CPU
		{54C9E523-785C-48CF-B77C-B28842DC0ABF}.Ad-Hoc|iPhone.Build.0 = Release|Any CPU
		{54C9E523-785C-48CF-B77C-B28842DC0ABF}.Ad-Hoc|iPhoneSimulator.ActiveCfg = Debug|Any CPU
		{54C9E523-785C-48CF-B77C-B28842DC0ABF}.Ad-Hoc|iPhoneSimulator.Build.0 = Debug|Any CPU
		{54C9E523-785C-48CF-B77C-B28842DC0ABF}.Ad-Hoc|x64.ActiveCfg = Debug|Any CPU
		{54C9E523-785C-48CF-B77C-B28842DC0ABF}.Ad-Hoc|x64.Build.0 = Debug|Any CPU
		{54C9E523-785C-48CF-B77C-B28842DC0ABF}.Ad-Hoc|x86.ActiveCfg = Debug|Any CPU
		{54C9E523-785C-48CF-B77C-B28842DC0ABF}.Ad-Hoc|x86.Build.0 = Debug|Any CPU
		{54C9E523-785C-48CF-B77C-B28842DC0ABF}.AppStore|Any CPU.ActiveCfg = Debug|Any CPU
		{54C9E523-785C-48CF-B77C-B28842DC0ABF}.AppStore|Any CPU.Build.0 = Debug|Any CPU
		{54C9E523-785C-48CF-B77C-B28842DC0ABF}.AppStore|ARM.ActiveCfg = Debug|Any CPU
		{54C9E523-785C-48CF-B77C-B28842DC0ABF}.AppStore|ARM.Build.0 = Debug|Any CPU
		{54C9E523-785C-48CF-B77C-B28842DC0ABF}.AppStore|iPhone.ActiveCfg = Release|Any CPU
		{54C9E523-785C-48CF-B77C-B28842DC0ABF}.AppStore|iPhone.Build.0 = Release|Any CPU
		{54C9E523-785C-48CF-B77C-B28842DC0ABF}.AppStore|iPhoneSimulator.ActiveCfg = Debug|Any CPU
		{54C9E523-785C-48CF-B77C-B28842DC0ABF}.AppStore|iPhoneSimulator.Build.0 = Debug|Any CPU
		{54C9E523-785C-48CF-B77C-B28842DC0ABF}.AppStore|x64.ActiveCfg = Debug|Any CPU
		{54C9E523-785C-48CF-B77C-B28842DC0ABF}.AppStore|x64.Build.0 = Debug|Any CPU
		{54C9E523-785C-48CF-B77C-B28842DC0ABF}.AppStore|x86.ActiveCfg = Debug|Any CPU
		{54C9E523-785C-48CF-B77C-B28842DC0ABF}.AppStore|x86.Build.0 = Debug|Any CPU
		{54C9E523-785C-48CF-B77C-B28842DC0ABF}.Debug|Any CPU.ActiveCfg = Debug|Any CPU
		{54C9E523-785C-48CF-B77C-B28842DC0ABF}.Debug|Any CPU.Build.0 = Debug|Any CPU
		{54C9E523-785C-48CF-B77C-B28842DC0ABF}.Debug|ARM.ActiveCfg = Debug|Any CPU
		{54C9E523-785C-48CF-B77C-B28842DC0ABF}.Debug|ARM.Build.0 = Debug|Any CPU
		{54C9E523-785C-48CF-B77C-B28842DC0ABF}.Debug|iPhone.ActiveCfg = Debug|Any CPU
		{54C9E523-785C-48CF-B77C-B28842DC0ABF}.Debug|iPhone.Build.0 = Debug|Any CPU
		{54C9E523-785C-48CF-B77C-B28842DC0ABF}.Debug|iPhoneSimulator.ActiveCfg = Debug|Any CPU
		{54C9E523-785C-48CF-B77C-B28842DC0ABF}.Debug|iPhoneSimulator.Build.0 = Debug|Any CPU
		{54C9E523-785C-48CF-B77C-B28842DC0ABF}.Debug|x64.ActiveCfg = Debug|Any CPU
		{54C9E523-785C-48CF-B77C-B28842DC0ABF}.Debug|x64.Build.0 = Debug|Any CPU
		{54C9E523-785C-48CF-B77C-B28842DC0ABF}.Debug|x86.ActiveCfg = Debug|Any CPU
		{54C9E523-785C-48CF-B77C-B28842DC0ABF}.Debug|x86.Build.0 = Debug|Any CPU
		{54C9E523-785C-48CF-B77C-B28842DC0ABF}.Release|Any CPU.ActiveCfg = Release|Any CPU
		{54C9E523-785C-48CF-B77C-B28842DC0ABF}.Release|Any CPU.Build.0 = Release|Any CPU
		{54C9E523-785C-48CF-B77C-B28842DC0ABF}.Release|ARM.ActiveCfg = Release|Any CPU
		{54C9E523-785C-48CF-B77C-B28842DC0ABF}.Release|ARM.Build.0 = Release|Any CPU
		{54C9E523-785C-48CF-B77C-B28842DC0ABF}.Release|iPhone.ActiveCfg = Release|Any CPU
		{54C9E523-785C-48CF-B77C-B28842DC0ABF}.Release|iPhone.Build.0 = Release|Any CPU
		{54C9E523-785C-48CF-B77C-B28842DC0ABF}.Release|iPhoneSimulator.ActiveCfg = Release|Any CPU
		{54C9E523-785C-48CF-B77C-B28842DC0ABF}.Release|iPhoneSimulator.Build.0 = Release|Any CPU
		{54C9E523-785C-48CF-B77C-B28842DC0ABF}.Release|x64.ActiveCfg = Release|Any CPU
		{54C9E523-785C-48CF-B77C-B28842DC0ABF}.Release|x64.Build.0 = Release|Any CPU
		{54C9E523-785C-48CF-B77C-B28842DC0ABF}.Release|x86.ActiveCfg = Release|Any CPU
		{54C9E523-785C-48CF-B77C-B28842DC0ABF}.Release|x86.Build.0 = Release|Any CPU
		{9AB9D425-D38F-44BA-84D0-C92AFEDA4D77}.Ad-Hoc|Any CPU.ActiveCfg = Debug|Any CPU
		{9AB9D425-D38F-44BA-84D0-C92AFEDA4D77}.Ad-Hoc|Any CPU.Build.0 = Debug|Any CPU
		{9AB9D425-D38F-44BA-84D0-C92AFEDA4D77}.Ad-Hoc|ARM.ActiveCfg = Debug|Any CPU
		{9AB9D425-D38F-44BA-84D0-C92AFEDA4D77}.Ad-Hoc|ARM.Build.0 = Debug|Any CPU
		{9AB9D425-D38F-44BA-84D0-C92AFEDA4D77}.Ad-Hoc|iPhone.ActiveCfg = Release|Any CPU
		{9AB9D425-D38F-44BA-84D0-C92AFEDA4D77}.Ad-Hoc|iPhone.Build.0 = Release|Any CPU
		{9AB9D425-D38F-44BA-84D0-C92AFEDA4D77}.Ad-Hoc|iPhoneSimulator.ActiveCfg = Debug|Any CPU
		{9AB9D425-D38F-44BA-84D0-C92AFEDA4D77}.Ad-Hoc|iPhoneSimulator.Build.0 = Debug|Any CPU
		{9AB9D425-D38F-44BA-84D0-C92AFEDA4D77}.Ad-Hoc|x64.ActiveCfg = Debug|Any CPU
		{9AB9D425-D38F-44BA-84D0-C92AFEDA4D77}.Ad-Hoc|x64.Build.0 = Debug|Any CPU
		{9AB9D425-D38F-44BA-84D0-C92AFEDA4D77}.Ad-Hoc|x86.ActiveCfg = Debug|Any CPU
		{9AB9D425-D38F-44BA-84D0-C92AFEDA4D77}.Ad-Hoc|x86.Build.0 = Debug|Any CPU
		{9AB9D425-D38F-44BA-84D0-C92AFEDA4D77}.AppStore|Any CPU.ActiveCfg = Debug|Any CPU
		{9AB9D425-D38F-44BA-84D0-C92AFEDA4D77}.AppStore|Any CPU.Build.0 = Debug|Any CPU
		{9AB9D425-D38F-44BA-84D0-C92AFEDA4D77}.AppStore|ARM.ActiveCfg = Debug|Any CPU
		{9AB9D425-D38F-44BA-84D0-C92AFEDA4D77}.AppStore|ARM.Build.0 = Debug|Any CPU
		{9AB9D425-D38F-44BA-84D0-C92AFEDA4D77}.AppStore|iPhone.ActiveCfg = Release|Any CPU
		{9AB9D425-D38F-44BA-84D0-C92AFEDA4D77}.AppStore|iPhone.Build.0 = Release|Any CPU
		{9AB9D425-D38F-44BA-84D0-C92AFEDA4D77}.AppStore|iPhoneSimulator.ActiveCfg = Debug|Any CPU
		{9AB9D425-D38F-44BA-84D0-C92AFEDA4D77}.AppStore|iPhoneSimulator.Build.0 = Debug|Any CPU
		{9AB9D425-D38F-44BA-84D0-C92AFEDA4D77}.AppStore|x64.ActiveCfg = Debug|Any CPU
		{9AB9D425-D38F-44BA-84D0-C92AFEDA4D77}.AppStore|x64.Build.0 = Debug|Any CPU
		{9AB9D425-D38F-44BA-84D0-C92AFEDA4D77}.AppStore|x86.ActiveCfg = Debug|Any CPU
		{9AB9D425-D38F-44BA-84D0-C92AFEDA4D77}.AppStore|x86.Build.0 = Debug|Any CPU
		{9AB9D425-D38F-44BA-84D0-C92AFEDA4D77}.Debug|Any CPU.ActiveCfg = Debug|Any CPU
		{9AB9D425-D38F-44BA-84D0-C92AFEDA4D77}.Debug|Any CPU.Build.0 = Debug|Any CPU
		{9AB9D425-D38F-44BA-84D0-C92AFEDA4D77}.Debug|ARM.ActiveCfg = Debug|Any CPU
		{9AB9D425-D38F-44BA-84D0-C92AFEDA4D77}.Debug|ARM.Build.0 = Debug|Any CPU
		{9AB9D425-D38F-44BA-84D0-C92AFEDA4D77}.Debug|iPhone.ActiveCfg = Debug|Any CPU
		{9AB9D425-D38F-44BA-84D0-C92AFEDA4D77}.Debug|iPhone.Build.0 = Debug|Any CPU
		{9AB9D425-D38F-44BA-84D0-C92AFEDA4D77}.Debug|iPhoneSimulator.ActiveCfg = Debug|Any CPU
		{9AB9D425-D38F-44BA-84D0-C92AFEDA4D77}.Debug|iPhoneSimulator.Build.0 = Debug|Any CPU
		{9AB9D425-D38F-44BA-84D0-C92AFEDA4D77}.Debug|x64.ActiveCfg = Debug|Any CPU
		{9AB9D425-D38F-44BA-84D0-C92AFEDA4D77}.Debug|x64.Build.0 = Debug|Any CPU
		{9AB9D425-D38F-44BA-84D0-C92AFEDA4D77}.Debug|x86.ActiveCfg = Debug|Any CPU
		{9AB9D425-D38F-44BA-84D0-C92AFEDA4D77}.Debug|x86.Build.0 = Debug|Any CPU
		{9AB9D425-D38F-44BA-84D0-C92AFEDA4D77}.Release|Any CPU.ActiveCfg = Release|Any CPU
		{9AB9D425-D38F-44BA-84D0-C92AFEDA4D77}.Release|Any CPU.Build.0 = Release|Any CPU
		{9AB9D425-D38F-44BA-84D0-C92AFEDA4D77}.Release|ARM.ActiveCfg = Release|Any CPU
		{9AB9D425-D38F-44BA-84D0-C92AFEDA4D77}.Release|ARM.Build.0 = Release|Any CPU
		{9AB9D425-D38F-44BA-84D0-C92AFEDA4D77}.Release|iPhone.ActiveCfg = Release|Any CPU
		{9AB9D425-D38F-44BA-84D0-C92AFEDA4D77}.Release|iPhone.Build.0 = Release|Any CPU
		{9AB9D425-D38F-44BA-84D0-C92AFEDA4D77}.Release|iPhoneSimulator.ActiveCfg = Release|Any CPU
		{9AB9D425-D38F-44BA-84D0-C92AFEDA4D77}.Release|iPhoneSimulator.Build.0 = Release|Any CPU
		{9AB9D425-D38F-44BA-84D0-C92AFEDA4D77}.Release|x64.ActiveCfg = Release|Any CPU
		{9AB9D425-D38F-44BA-84D0-C92AFEDA4D77}.Release|x64.Build.0 = Release|Any CPU
		{9AB9D425-D38F-44BA-84D0-C92AFEDA4D77}.Release|x86.ActiveCfg = Release|Any CPU
		{9AB9D425-D38F-44BA-84D0-C92AFEDA4D77}.Release|x86.Build.0 = Release|Any CPU
		{63B40D52-80B4-43A4-AC1E-32F08C9FD394}.Ad-Hoc|Any CPU.ActiveCfg = Debug|Any CPU
		{63B40D52-80B4-43A4-AC1E-32F08C9FD394}.Ad-Hoc|Any CPU.Build.0 = Debug|Any CPU
		{63B40D52-80B4-43A4-AC1E-32F08C9FD394}.Ad-Hoc|ARM.ActiveCfg = Debug|Any CPU
		{63B40D52-80B4-43A4-AC1E-32F08C9FD394}.Ad-Hoc|ARM.Build.0 = Debug|Any CPU
		{63B40D52-80B4-43A4-AC1E-32F08C9FD394}.Ad-Hoc|iPhone.ActiveCfg = Debug|Any CPU
		{63B40D52-80B4-43A4-AC1E-32F08C9FD394}.Ad-Hoc|iPhone.Build.0 = Debug|Any CPU
		{63B40D52-80B4-43A4-AC1E-32F08C9FD394}.Ad-Hoc|iPhoneSimulator.ActiveCfg = Debug|Any CPU
		{63B40D52-80B4-43A4-AC1E-32F08C9FD394}.Ad-Hoc|iPhoneSimulator.Build.0 = Debug|Any CPU
		{63B40D52-80B4-43A4-AC1E-32F08C9FD394}.Ad-Hoc|x64.ActiveCfg = Debug|Any CPU
		{63B40D52-80B4-43A4-AC1E-32F08C9FD394}.Ad-Hoc|x64.Build.0 = Debug|Any CPU
		{63B40D52-80B4-43A4-AC1E-32F08C9FD394}.Ad-Hoc|x86.ActiveCfg = Debug|Any CPU
		{63B40D52-80B4-43A4-AC1E-32F08C9FD394}.Ad-Hoc|x86.Build.0 = Debug|Any CPU
		{63B40D52-80B4-43A4-AC1E-32F08C9FD394}.AppStore|Any CPU.ActiveCfg = Debug|Any CPU
		{63B40D52-80B4-43A4-AC1E-32F08C9FD394}.AppStore|Any CPU.Build.0 = Debug|Any CPU
		{63B40D52-80B4-43A4-AC1E-32F08C9FD394}.AppStore|ARM.ActiveCfg = Debug|Any CPU
		{63B40D52-80B4-43A4-AC1E-32F08C9FD394}.AppStore|ARM.Build.0 = Debug|Any CPU
		{63B40D52-80B4-43A4-AC1E-32F08C9FD394}.AppStore|iPhone.ActiveCfg = Debug|Any CPU
		{63B40D52-80B4-43A4-AC1E-32F08C9FD394}.AppStore|iPhone.Build.0 = Debug|Any CPU
		{63B40D52-80B4-43A4-AC1E-32F08C9FD394}.AppStore|iPhoneSimulator.ActiveCfg = Debug|Any CPU
		{63B40D52-80B4-43A4-AC1E-32F08C9FD394}.AppStore|iPhoneSimulator.Build.0 = Debug|Any CPU
		{63B40D52-80B4-43A4-AC1E-32F08C9FD394}.AppStore|x64.ActiveCfg = Debug|Any CPU
		{63B40D52-80B4-43A4-AC1E-32F08C9FD394}.AppStore|x64.Build.0 = Debug|Any CPU
		{63B40D52-80B4-43A4-AC1E-32F08C9FD394}.AppStore|x86.ActiveCfg = Debug|Any CPU
		{63B40D52-80B4-43A4-AC1E-32F08C9FD394}.AppStore|x86.Build.0 = Debug|Any CPU
		{63B40D52-80B4-43A4-AC1E-32F08C9FD394}.Debug|Any CPU.ActiveCfg = Debug|Any CPU
		{63B40D52-80B4-43A4-AC1E-32F08C9FD394}.Debug|Any CPU.Build.0 = Debug|Any CPU
		{63B40D52-80B4-43A4-AC1E-32F08C9FD394}.Debug|ARM.ActiveCfg = Debug|Any CPU
		{63B40D52-80B4-43A4-AC1E-32F08C9FD394}.Debug|ARM.Build.0 = Debug|Any CPU
		{63B40D52-80B4-43A4-AC1E-32F08C9FD394}.Debug|iPhone.ActiveCfg = Debug|Any CPU
		{63B40D52-80B4-43A4-AC1E-32F08C9FD394}.Debug|iPhone.Build.0 = Debug|Any CPU
		{63B40D52-80B4-43A4-AC1E-32F08C9FD394}.Debug|iPhoneSimulator.ActiveCfg = Debug|Any CPU
		{63B40D52-80B4-43A4-AC1E-32F08C9FD394}.Debug|iPhoneSimulator.Build.0 = Debug|Any CPU
		{63B40D52-80B4-43A4-AC1E-32F08C9FD394}.Debug|x64.ActiveCfg = Debug|Any CPU
		{63B40D52-80B4-43A4-AC1E-32F08C9FD394}.Debug|x64.Build.0 = Debug|Any CPU
		{63B40D52-80B4-43A4-AC1E-32F08C9FD394}.Debug|x86.ActiveCfg = Debug|Any CPU
		{63B40D52-80B4-43A4-AC1E-32F08C9FD394}.Debug|x86.Build.0 = Debug|Any CPU
		{63B40D52-80B4-43A4-AC1E-32F08C9FD394}.Release|Any CPU.ActiveCfg = Release|Any CPU
		{63B40D52-80B4-43A4-AC1E-32F08C9FD394}.Release|Any CPU.Build.0 = Release|Any CPU
		{63B40D52-80B4-43A4-AC1E-32F08C9FD394}.Release|ARM.ActiveCfg = Release|Any CPU
		{63B40D52-80B4-43A4-AC1E-32F08C9FD394}.Release|ARM.Build.0 = Release|Any CPU
		{63B40D52-80B4-43A4-AC1E-32F08C9FD394}.Release|iPhone.ActiveCfg = Release|Any CPU
		{63B40D52-80B4-43A4-AC1E-32F08C9FD394}.Release|iPhone.Build.0 = Release|Any CPU
		{63B40D52-80B4-43A4-AC1E-32F08C9FD394}.Release|iPhoneSimulator.ActiveCfg = Release|Any CPU
		{63B40D52-80B4-43A4-AC1E-32F08C9FD394}.Release|iPhoneSimulator.Build.0 = Release|Any CPU
		{63B40D52-80B4-43A4-AC1E-32F08C9FD394}.Release|x64.ActiveCfg = Release|Any CPU
		{63B40D52-80B4-43A4-AC1E-32F08C9FD394}.Release|x64.Build.0 = Release|Any CPU
		{63B40D52-80B4-43A4-AC1E-32F08C9FD394}.Release|x86.ActiveCfg = Release|Any CPU
		{63B40D52-80B4-43A4-AC1E-32F08C9FD394}.Release|x86.Build.0 = Release|Any CPU
		{A2CE3044-AC06-4933-9043-6FEC7E806F0D}.Ad-Hoc|Any CPU.ActiveCfg = Release|Any CPU
		{A2CE3044-AC06-4933-9043-6FEC7E806F0D}.Ad-Hoc|Any CPU.Build.0 = Release|Any CPU
		{A2CE3044-AC06-4933-9043-6FEC7E806F0D}.Ad-Hoc|Any CPU.Deploy.0 = Release|Any CPU
		{A2CE3044-AC06-4933-9043-6FEC7E806F0D}.Ad-Hoc|ARM.ActiveCfg = Release|Any CPU
		{A2CE3044-AC06-4933-9043-6FEC7E806F0D}.Ad-Hoc|ARM.Build.0 = Release|Any CPU
		{A2CE3044-AC06-4933-9043-6FEC7E806F0D}.Ad-Hoc|ARM.Deploy.0 = Release|Any CPU
		{A2CE3044-AC06-4933-9043-6FEC7E806F0D}.Ad-Hoc|iPhone.ActiveCfg = Release|Any CPU
		{A2CE3044-AC06-4933-9043-6FEC7E806F0D}.Ad-Hoc|iPhone.Build.0 = Release|Any CPU
		{A2CE3044-AC06-4933-9043-6FEC7E806F0D}.Ad-Hoc|iPhone.Deploy.0 = Release|Any CPU
		{A2CE3044-AC06-4933-9043-6FEC7E806F0D}.Ad-Hoc|iPhoneSimulator.ActiveCfg = Release|Any CPU
		{A2CE3044-AC06-4933-9043-6FEC7E806F0D}.Ad-Hoc|iPhoneSimulator.Build.0 = Release|Any CPU
		{A2CE3044-AC06-4933-9043-6FEC7E806F0D}.Ad-Hoc|iPhoneSimulator.Deploy.0 = Release|Any CPU
		{A2CE3044-AC06-4933-9043-6FEC7E806F0D}.Ad-Hoc|x64.ActiveCfg = Release|Any CPU
		{A2CE3044-AC06-4933-9043-6FEC7E806F0D}.Ad-Hoc|x64.Build.0 = Release|Any CPU
		{A2CE3044-AC06-4933-9043-6FEC7E806F0D}.Ad-Hoc|x64.Deploy.0 = Release|Any CPU
		{A2CE3044-AC06-4933-9043-6FEC7E806F0D}.Ad-Hoc|x86.ActiveCfg = Release|Any CPU
		{A2CE3044-AC06-4933-9043-6FEC7E806F0D}.Ad-Hoc|x86.Build.0 = Release|Any CPU
		{A2CE3044-AC06-4933-9043-6FEC7E806F0D}.Ad-Hoc|x86.Deploy.0 = Release|Any CPU
		{A2CE3044-AC06-4933-9043-6FEC7E806F0D}.AppStore|Any CPU.ActiveCfg = Release|Any CPU
		{A2CE3044-AC06-4933-9043-6FEC7E806F0D}.AppStore|Any CPU.Build.0 = Release|Any CPU
		{A2CE3044-AC06-4933-9043-6FEC7E806F0D}.AppStore|Any CPU.Deploy.0 = Release|Any CPU
		{A2CE3044-AC06-4933-9043-6FEC7E806F0D}.AppStore|ARM.ActiveCfg = Release|Any CPU
		{A2CE3044-AC06-4933-9043-6FEC7E806F0D}.AppStore|ARM.Build.0 = Release|Any CPU
		{A2CE3044-AC06-4933-9043-6FEC7E806F0D}.AppStore|ARM.Deploy.0 = Release|Any CPU
		{A2CE3044-AC06-4933-9043-6FEC7E806F0D}.AppStore|iPhone.ActiveCfg = Release|Any CPU
		{A2CE3044-AC06-4933-9043-6FEC7E806F0D}.AppStore|iPhone.Build.0 = Release|Any CPU
		{A2CE3044-AC06-4933-9043-6FEC7E806F0D}.AppStore|iPhone.Deploy.0 = Release|Any CPU
		{A2CE3044-AC06-4933-9043-6FEC7E806F0D}.AppStore|iPhoneSimulator.ActiveCfg = Release|Any CPU
		{A2CE3044-AC06-4933-9043-6FEC7E806F0D}.AppStore|iPhoneSimulator.Build.0 = Release|Any CPU
		{A2CE3044-AC06-4933-9043-6FEC7E806F0D}.AppStore|iPhoneSimulator.Deploy.0 = Release|Any CPU
		{A2CE3044-AC06-4933-9043-6FEC7E806F0D}.AppStore|x64.ActiveCfg = Release|Any CPU
		{A2CE3044-AC06-4933-9043-6FEC7E806F0D}.AppStore|x64.Build.0 = Release|Any CPU
		{A2CE3044-AC06-4933-9043-6FEC7E806F0D}.AppStore|x64.Deploy.0 = Release|Any CPU
		{A2CE3044-AC06-4933-9043-6FEC7E806F0D}.AppStore|x86.ActiveCfg = Release|Any CPU
		{A2CE3044-AC06-4933-9043-6FEC7E806F0D}.AppStore|x86.Build.0 = Release|Any CPU
		{A2CE3044-AC06-4933-9043-6FEC7E806F0D}.AppStore|x86.Deploy.0 = Release|Any CPU
		{A2CE3044-AC06-4933-9043-6FEC7E806F0D}.Debug|Any CPU.ActiveCfg = Debug|Any CPU
		{A2CE3044-AC06-4933-9043-6FEC7E806F0D}.Debug|Any CPU.Build.0 = Debug|Any CPU
		{A2CE3044-AC06-4933-9043-6FEC7E806F0D}.Debug|Any CPU.Deploy.0 = Debug|Any CPU
		{A2CE3044-AC06-4933-9043-6FEC7E806F0D}.Debug|ARM.ActiveCfg = Debug|Any CPU
		{A2CE3044-AC06-4933-9043-6FEC7E806F0D}.Debug|ARM.Build.0 = Debug|Any CPU
		{A2CE3044-AC06-4933-9043-6FEC7E806F0D}.Debug|ARM.Deploy.0 = Debug|Any CPU
		{A2CE3044-AC06-4933-9043-6FEC7E806F0D}.Debug|iPhone.ActiveCfg = Debug|Any CPU
		{A2CE3044-AC06-4933-9043-6FEC7E806F0D}.Debug|iPhone.Build.0 = Debug|Any CPU
		{A2CE3044-AC06-4933-9043-6FEC7E806F0D}.Debug|iPhone.Deploy.0 = Debug|Any CPU
		{A2CE3044-AC06-4933-9043-6FEC7E806F0D}.Debug|iPhoneSimulator.ActiveCfg = Debug|Any CPU
		{A2CE3044-AC06-4933-9043-6FEC7E806F0D}.Debug|iPhoneSimulator.Build.0 = Debug|Any CPU
		{A2CE3044-AC06-4933-9043-6FEC7E806F0D}.Debug|iPhoneSimulator.Deploy.0 = Debug|Any CPU
		{A2CE3044-AC06-4933-9043-6FEC7E806F0D}.Debug|x64.ActiveCfg = Debug|Any CPU
		{A2CE3044-AC06-4933-9043-6FEC7E806F0D}.Debug|x64.Build.0 = Debug|Any CPU
		{A2CE3044-AC06-4933-9043-6FEC7E806F0D}.Debug|x64.Deploy.0 = Debug|Any CPU
		{A2CE3044-AC06-4933-9043-6FEC7E806F0D}.Debug|x86.ActiveCfg = Debug|Any CPU
		{A2CE3044-AC06-4933-9043-6FEC7E806F0D}.Debug|x86.Build.0 = Debug|Any CPU
		{A2CE3044-AC06-4933-9043-6FEC7E806F0D}.Debug|x86.Deploy.0 = Debug|Any CPU
		{A2CE3044-AC06-4933-9043-6FEC7E806F0D}.Release|Any CPU.ActiveCfg = Release|Any CPU
		{A2CE3044-AC06-4933-9043-6FEC7E806F0D}.Release|Any CPU.Build.0 = Release|Any CPU
		{A2CE3044-AC06-4933-9043-6FEC7E806F0D}.Release|Any CPU.Deploy.0 = Release|Any CPU
		{A2CE3044-AC06-4933-9043-6FEC7E806F0D}.Release|ARM.ActiveCfg = Release|Any CPU
		{A2CE3044-AC06-4933-9043-6FEC7E806F0D}.Release|ARM.Build.0 = Release|Any CPU
		{A2CE3044-AC06-4933-9043-6FEC7E806F0D}.Release|ARM.Deploy.0 = Release|Any CPU
		{A2CE3044-AC06-4933-9043-6FEC7E806F0D}.Release|iPhone.ActiveCfg = Release|Any CPU
		{A2CE3044-AC06-4933-9043-6FEC7E806F0D}.Release|iPhone.Build.0 = Release|Any CPU
		{A2CE3044-AC06-4933-9043-6FEC7E806F0D}.Release|iPhone.Deploy.0 = Release|Any CPU
		{A2CE3044-AC06-4933-9043-6FEC7E806F0D}.Release|iPhoneSimulator.ActiveCfg = Release|Any CPU
		{A2CE3044-AC06-4933-9043-6FEC7E806F0D}.Release|iPhoneSimulator.Build.0 = Release|Any CPU
		{A2CE3044-AC06-4933-9043-6FEC7E806F0D}.Release|iPhoneSimulator.Deploy.0 = Release|Any CPU
		{A2CE3044-AC06-4933-9043-6FEC7E806F0D}.Release|x64.ActiveCfg = Release|Any CPU
		{A2CE3044-AC06-4933-9043-6FEC7E806F0D}.Release|x64.Build.0 = Release|Any CPU
		{A2CE3044-AC06-4933-9043-6FEC7E806F0D}.Release|x64.Deploy.0 = Release|Any CPU
		{A2CE3044-AC06-4933-9043-6FEC7E806F0D}.Release|x86.ActiveCfg = Release|Any CPU
		{A2CE3044-AC06-4933-9043-6FEC7E806F0D}.Release|x86.Build.0 = Release|Any CPU
		{A2CE3044-AC06-4933-9043-6FEC7E806F0D}.Release|x86.Deploy.0 = Release|Any CPU
		{542D523D-A848-4940-8B25-CEC518328A2C}.Ad-Hoc|Any CPU.ActiveCfg = Ad-Hoc|iPhone
		{542D523D-A848-4940-8B25-CEC518328A2C}.Ad-Hoc|ARM.ActiveCfg = Ad-Hoc|iPhone
		{542D523D-A848-4940-8B25-CEC518328A2C}.Ad-Hoc|iPhone.ActiveCfg = Ad-Hoc|iPhone
		{542D523D-A848-4940-8B25-CEC518328A2C}.Ad-Hoc|iPhone.Build.0 = Ad-Hoc|iPhone
		{542D523D-A848-4940-8B25-CEC518328A2C}.Ad-Hoc|iPhoneSimulator.ActiveCfg = Ad-Hoc|iPhoneSimulator
		{542D523D-A848-4940-8B25-CEC518328A2C}.Ad-Hoc|iPhoneSimulator.Build.0 = Ad-Hoc|iPhoneSimulator
		{542D523D-A848-4940-8B25-CEC518328A2C}.Ad-Hoc|x64.ActiveCfg = Ad-Hoc|iPhone
		{542D523D-A848-4940-8B25-CEC518328A2C}.Ad-Hoc|x86.ActiveCfg = Ad-Hoc|iPhone
		{542D523D-A848-4940-8B25-CEC518328A2C}.AppStore|Any CPU.ActiveCfg = AppStore|iPhone
		{542D523D-A848-4940-8B25-CEC518328A2C}.AppStore|ARM.ActiveCfg = AppStore|iPhone
		{542D523D-A848-4940-8B25-CEC518328A2C}.AppStore|iPhone.ActiveCfg = AppStore|iPhone
		{542D523D-A848-4940-8B25-CEC518328A2C}.AppStore|iPhone.Build.0 = AppStore|iPhone
		{542D523D-A848-4940-8B25-CEC518328A2C}.AppStore|iPhoneSimulator.ActiveCfg = AppStore|iPhoneSimulator
		{542D523D-A848-4940-8B25-CEC518328A2C}.AppStore|iPhoneSimulator.Build.0 = AppStore|iPhoneSimulator
		{542D523D-A848-4940-8B25-CEC518328A2C}.AppStore|x64.ActiveCfg = AppStore|iPhone
		{542D523D-A848-4940-8B25-CEC518328A2C}.AppStore|x86.ActiveCfg = AppStore|iPhone
		{542D523D-A848-4940-8B25-CEC518328A2C}.Debug|Any CPU.ActiveCfg = Debug|iPhone
		{542D523D-A848-4940-8B25-CEC518328A2C}.Debug|ARM.ActiveCfg = Debug|iPhone
		{542D523D-A848-4940-8B25-CEC518328A2C}.Debug|iPhone.ActiveCfg = Debug|iPhone
		{542D523D-A848-4940-8B25-CEC518328A2C}.Debug|iPhone.Build.0 = Debug|iPhone
		{542D523D-A848-4940-8B25-CEC518328A2C}.Debug|iPhoneSimulator.ActiveCfg = Debug|iPhoneSimulator
		{542D523D-A848-4940-8B25-CEC518328A2C}.Debug|iPhoneSimulator.Build.0 = Debug|iPhoneSimulator
		{542D523D-A848-4940-8B25-CEC518328A2C}.Debug|x64.ActiveCfg = Debug|iPhone
		{542D523D-A848-4940-8B25-CEC518328A2C}.Debug|x86.ActiveCfg = Debug|iPhone
		{542D523D-A848-4940-8B25-CEC518328A2C}.Release|Any CPU.ActiveCfg = Release|iPhone
		{542D523D-A848-4940-8B25-CEC518328A2C}.Release|ARM.ActiveCfg = Release|iPhone
		{542D523D-A848-4940-8B25-CEC518328A2C}.Release|iPhone.ActiveCfg = Release|iPhone
		{542D523D-A848-4940-8B25-CEC518328A2C}.Release|iPhone.Build.0 = Release|iPhone
		{542D523D-A848-4940-8B25-CEC518328A2C}.Release|iPhoneSimulator.ActiveCfg = Release|iPhoneSimulator
		{542D523D-A848-4940-8B25-CEC518328A2C}.Release|iPhoneSimulator.Build.0 = Release|iPhoneSimulator
		{542D523D-A848-4940-8B25-CEC518328A2C}.Release|x64.ActiveCfg = Release|iPhone
		{542D523D-A848-4940-8B25-CEC518328A2C}.Release|x86.ActiveCfg = Release|iPhone
		{BC57659A-94A1-4A0E-AF5A-08F9DD3F0995}.Ad-Hoc|Any CPU.ActiveCfg = Release|x86
		{BC57659A-94A1-4A0E-AF5A-08F9DD3F0995}.Ad-Hoc|Any CPU.Build.0 = Release|x86
		{BC57659A-94A1-4A0E-AF5A-08F9DD3F0995}.Ad-Hoc|Any CPU.Deploy.0 = Release|x86
		{BC57659A-94A1-4A0E-AF5A-08F9DD3F0995}.Ad-Hoc|ARM.ActiveCfg = Release|ARM
		{BC57659A-94A1-4A0E-AF5A-08F9DD3F0995}.Ad-Hoc|ARM.Build.0 = Release|ARM
		{BC57659A-94A1-4A0E-AF5A-08F9DD3F0995}.Ad-Hoc|ARM.Deploy.0 = Release|ARM
		{BC57659A-94A1-4A0E-AF5A-08F9DD3F0995}.Ad-Hoc|iPhone.ActiveCfg = Release|x86
		{BC57659A-94A1-4A0E-AF5A-08F9DD3F0995}.Ad-Hoc|iPhone.Build.0 = Release|x86
		{BC57659A-94A1-4A0E-AF5A-08F9DD3F0995}.Ad-Hoc|iPhone.Deploy.0 = Release|x86
		{BC57659A-94A1-4A0E-AF5A-08F9DD3F0995}.Ad-Hoc|iPhoneSimulator.ActiveCfg = Release|x86
		{BC57659A-94A1-4A0E-AF5A-08F9DD3F0995}.Ad-Hoc|iPhoneSimulator.Build.0 = Release|x86
		{BC57659A-94A1-4A0E-AF5A-08F9DD3F0995}.Ad-Hoc|iPhoneSimulator.Deploy.0 = Release|x86
		{BC57659A-94A1-4A0E-AF5A-08F9DD3F0995}.Ad-Hoc|x64.ActiveCfg = Release|x64
		{BC57659A-94A1-4A0E-AF5A-08F9DD3F0995}.Ad-Hoc|x64.Build.0 = Release|x64
		{BC57659A-94A1-4A0E-AF5A-08F9DD3F0995}.Ad-Hoc|x64.Deploy.0 = Release|x64
		{BC57659A-94A1-4A0E-AF5A-08F9DD3F0995}.Ad-Hoc|x86.ActiveCfg = Release|x86
		{BC57659A-94A1-4A0E-AF5A-08F9DD3F0995}.Ad-Hoc|x86.Build.0 = Release|x86
		{BC57659A-94A1-4A0E-AF5A-08F9DD3F0995}.Ad-Hoc|x86.Deploy.0 = Release|x86
		{BC57659A-94A1-4A0E-AF5A-08F9DD3F0995}.AppStore|Any CPU.ActiveCfg = Release|x86
		{BC57659A-94A1-4A0E-AF5A-08F9DD3F0995}.AppStore|Any CPU.Build.0 = Release|x86
		{BC57659A-94A1-4A0E-AF5A-08F9DD3F0995}.AppStore|Any CPU.Deploy.0 = Release|x86
		{BC57659A-94A1-4A0E-AF5A-08F9DD3F0995}.AppStore|ARM.ActiveCfg = Release|ARM
		{BC57659A-94A1-4A0E-AF5A-08F9DD3F0995}.AppStore|ARM.Build.0 = Release|ARM
		{BC57659A-94A1-4A0E-AF5A-08F9DD3F0995}.AppStore|ARM.Deploy.0 = Release|ARM
		{BC57659A-94A1-4A0E-AF5A-08F9DD3F0995}.AppStore|iPhone.ActiveCfg = Release|x86
		{BC57659A-94A1-4A0E-AF5A-08F9DD3F0995}.AppStore|iPhone.Build.0 = Release|x86
		{BC57659A-94A1-4A0E-AF5A-08F9DD3F0995}.AppStore|iPhone.Deploy.0 = Release|x86
		{BC57659A-94A1-4A0E-AF5A-08F9DD3F0995}.AppStore|iPhoneSimulator.ActiveCfg = Release|x86
		{BC57659A-94A1-4A0E-AF5A-08F9DD3F0995}.AppStore|iPhoneSimulator.Build.0 = Release|x86
		{BC57659A-94A1-4A0E-AF5A-08F9DD3F0995}.AppStore|iPhoneSimulator.Deploy.0 = Release|x86
		{BC57659A-94A1-4A0E-AF5A-08F9DD3F0995}.AppStore|x64.ActiveCfg = Release|x64
		{BC57659A-94A1-4A0E-AF5A-08F9DD3F0995}.AppStore|x64.Build.0 = Release|x64
		{BC57659A-94A1-4A0E-AF5A-08F9DD3F0995}.AppStore|x64.Deploy.0 = Release|x64
		{BC57659A-94A1-4A0E-AF5A-08F9DD3F0995}.AppStore|x86.ActiveCfg = Release|x86
		{BC57659A-94A1-4A0E-AF5A-08F9DD3F0995}.AppStore|x86.Build.0 = Release|x86
		{BC57659A-94A1-4A0E-AF5A-08F9DD3F0995}.AppStore|x86.Deploy.0 = Release|x86
		{BC57659A-94A1-4A0E-AF5A-08F9DD3F0995}.Debug|Any CPU.ActiveCfg = Debug|x86
		{BC57659A-94A1-4A0E-AF5A-08F9DD3F0995}.Debug|ARM.ActiveCfg = Debug|ARM
		{BC57659A-94A1-4A0E-AF5A-08F9DD3F0995}.Debug|ARM.Build.0 = Debug|ARM
		{BC57659A-94A1-4A0E-AF5A-08F9DD3F0995}.Debug|ARM.Deploy.0 = Debug|ARM
		{BC57659A-94A1-4A0E-AF5A-08F9DD3F0995}.Debug|iPhone.ActiveCfg = Debug|x86
		{BC57659A-94A1-4A0E-AF5A-08F9DD3F0995}.Debug|iPhone.Deploy.0 = Debug|x86
		{BC57659A-94A1-4A0E-AF5A-08F9DD3F0995}.Debug|iPhoneSimulator.ActiveCfg = Debug|x86
		{BC57659A-94A1-4A0E-AF5A-08F9DD3F0995}.Debug|x64.ActiveCfg = Debug|x64
		{BC57659A-94A1-4A0E-AF5A-08F9DD3F0995}.Debug|x64.Build.0 = Debug|x64
		{BC57659A-94A1-4A0E-AF5A-08F9DD3F0995}.Debug|x64.Deploy.0 = Debug|x64
		{BC57659A-94A1-4A0E-AF5A-08F9DD3F0995}.Debug|x86.ActiveCfg = Debug|x86
		{BC57659A-94A1-4A0E-AF5A-08F9DD3F0995}.Debug|x86.Build.0 = Debug|x86
		{BC57659A-94A1-4A0E-AF5A-08F9DD3F0995}.Debug|x86.Deploy.0 = Debug|x86
		{BC57659A-94A1-4A0E-AF5A-08F9DD3F0995}.Release|Any CPU.ActiveCfg = Release|x86
		{BC57659A-94A1-4A0E-AF5A-08F9DD3F0995}.Release|ARM.ActiveCfg = Release|ARM
		{BC57659A-94A1-4A0E-AF5A-08F9DD3F0995}.Release|ARM.Build.0 = Release|ARM
		{BC57659A-94A1-4A0E-AF5A-08F9DD3F0995}.Release|ARM.Deploy.0 = Release|ARM
		{BC57659A-94A1-4A0E-AF5A-08F9DD3F0995}.Release|iPhone.ActiveCfg = Release|x86
		{BC57659A-94A1-4A0E-AF5A-08F9DD3F0995}.Release|iPhoneSimulator.ActiveCfg = Release|x86
		{BC57659A-94A1-4A0E-AF5A-08F9DD3F0995}.Release|x64.ActiveCfg = Release|x64
		{BC57659A-94A1-4A0E-AF5A-08F9DD3F0995}.Release|x64.Build.0 = Release|x64
		{BC57659A-94A1-4A0E-AF5A-08F9DD3F0995}.Release|x64.Deploy.0 = Release|x64
		{BC57659A-94A1-4A0E-AF5A-08F9DD3F0995}.Release|x86.ActiveCfg = Release|x86
		{BC57659A-94A1-4A0E-AF5A-08F9DD3F0995}.Release|x86.Build.0 = Release|x86
		{BC57659A-94A1-4A0E-AF5A-08F9DD3F0995}.Release|x86.Deploy.0 = Release|x86
	EndGlobalSection
	GlobalSection(SolutionProperties) = preSolution
		HideSolutionNode = FALSE
	EndGlobalSection
	GlobalSection(NestedProjects) = preSolution
		{7F946494-8EE0-432B-8A87-98961143D5C1} = {9B1D0AC8-EEE6-4210-9A63-80CABF1F757C}
		{13986C0C-8A04-4F39-BB78-C1B71BDA4857} = {9B1D0AC8-EEE6-4210-9A63-80CABF1F757C}
		{32711A14-971C-4A96-90B3-00A2D1E28E0D} = {9B1D0AC8-EEE6-4210-9A63-80CABF1F757C}
		{E27008B0-6880-4856-8C02-3DF7628A920C} = {9B1D0AC8-EEE6-4210-9A63-80CABF1F757C}
		{7F614988-F904-4F18-BF32-90CF8D7EF30C} = {7FE945B1-084F-4FEA-9143-CB5B9415E551}
		{63B40D52-80B4-43A4-AC1E-32F08C9FD394} = {7FE945B1-084F-4FEA-9143-CB5B9415E551}
		{A2CE3044-AC06-4933-9043-6FEC7E806F0D} = {7FE945B1-084F-4FEA-9143-CB5B9415E551}
		{542D523D-A848-4940-8B25-CEC518328A2C} = {7FE945B1-084F-4FEA-9143-CB5B9415E551}
		{BC57659A-94A1-4A0E-AF5A-08F9DD3F0995} = {7FE945B1-084F-4FEA-9143-CB5B9415E551}
		{7FE945B1-084F-4FEA-9143-CB5B9415E551} = {79A63DE5-AE7C-4E27-8E1F-560AAB910A5A}
		{6DA4E1FD-535D-4939-B12B-8B0C5F27F6CE} = {79A63DE5-AE7C-4E27-8E1F-560AAB910A5A}
	EndGlobalSection
	GlobalSection(ExtensibilityGlobals) = postSolution
		SolutionGuid = {7B1BEC5D-54EC-434C-829B-7757FCB1E18E}
	EndGlobalSection
	GlobalSection(MonoDevelopProperties) = preSolution
		Policies = $0
		$0.DotNetNamingPolicy = $1
		$0.TextStylePolicy = $2
		$2.inheritsSet = null
		$2.scope = text/x-csharp
		$0.CSharpFormattingPolicy = $3
		$3.IndentSwitchBody = True
		$3.StatementBraceStyle = NextLine
		$3.ElseNewLinePlacement = NewLine
		$3.CatchNewLinePlacement = NewLine
		$3.FinallyNewLinePlacement = NewLine
		$3.BeforeMethodCallParentheses = False
		$3.NewLineBeforeConstructorInitializerColon = SameLine
		$3.NewLineAfterConstructorInitializerColon = NewLine
		$3.AfterDelegateDeclarationParameterComma = True
		$3.NewParentheses = False
		$3.SpaceAroundUnsafeArrowOperator = True
		$3.SpacesBeforeBrackets = False
		$3.BlankLinesInsideRegion = 0
		$3.scope = text/x-csharp
		$3.NewLinesForBracesInLambdaExpressionBody = False
		$3.NewLineForMembersInObjectInit = False
		$3.NewLineForMembersInAnonymousTypes = False
		$3.NewLineForClausesInQuery = False
	EndGlobalSection
EndGlobal
