
Microsoft Visual Studio Solution File, Format Version 12.00
# Visual Studio 2012
Project("{FAE04EC0-301F-11D3-BF4B-00C04F79EFBC}") = "Kinvey-Xamarin", "Kinvey-Xamarin\Kinvey-Xamarin.csproj", "{6644D98D-026B-48E9-95A3-61C4D98D82E7}"
EndProject
Project("{FAE04EC0-301F-11D3-BF4B-00C04F79EFBC}") = "Android-TestDrive", "Android-TestDrive\Android-TestDrive.csproj", "{CC4D99EF-0740-47BD-96AD-2FCD4C36C7FA}"
EndProject
Project("{FAE04EC0-301F-11D3-BF4B-00C04F79EFBC}") = "RestSharp.Portable", "..\..\webbox\restsharp\RestSharp.Portable\RestSharp.Portable.csproj", "{BA2352E1-CB07-4795-A2EB-F70720B2BBC9}"
EndProject
Global
	GlobalSection(SolutionConfigurationPlatforms) = preSolution
		Debug|Any CPU = Debug|Any CPU
		Release|Any CPU = Release|Any CPU
		AppStore|Any CPU = AppStore|Any CPU
	EndGlobalSection
	GlobalSection(ProjectConfigurationPlatforms) = postSolution
		{6644D98D-026B-48E9-95A3-61C4D98D82E7}.AppStore|Any CPU.ActiveCfg = Debug|Any CPU
		{6644D98D-026B-48E9-95A3-61C4D98D82E7}.AppStore|Any CPU.Build.0 = Debug|Any CPU
		{6644D98D-026B-48E9-95A3-61C4D98D82E7}.Debug|Any CPU.ActiveCfg = Debug|Any CPU
		{6644D98D-026B-48E9-95A3-61C4D98D82E7}.Debug|Any CPU.Build.0 = Debug|Any CPU
		{6644D98D-026B-48E9-95A3-61C4D98D82E7}.Release|Any CPU.ActiveCfg = Release|Any CPU
		{6644D98D-026B-48E9-95A3-61C4D98D82E7}.Release|Any CPU.Build.0 = Release|Any CPU
		{BA2352E1-CB07-4795-A2EB-F70720B2BBC9}.AppStore|Any CPU.ActiveCfg = Debug|Any CPU
		{BA2352E1-CB07-4795-A2EB-F70720B2BBC9}.AppStore|Any CPU.Build.0 = Debug|Any CPU
		{BA2352E1-CB07-4795-A2EB-F70720B2BBC9}.Debug|Any CPU.ActiveCfg = Debug|Any CPU
		{BA2352E1-CB07-4795-A2EB-F70720B2BBC9}.Debug|Any CPU.Build.0 = Debug|Any CPU
		{BA2352E1-CB07-4795-A2EB-F70720B2BBC9}.Release|Any CPU.ActiveCfg = Release|Any CPU
		{BA2352E1-CB07-4795-A2EB-F70720B2BBC9}.Release|Any CPU.Build.0 = Release|Any CPU
		{CC4D99EF-0740-47BD-96AD-2FCD4C36C7FA}.AppStore|Any CPU.ActiveCfg = Debug|Any CPU
		{CC4D99EF-0740-47BD-96AD-2FCD4C36C7FA}.AppStore|Any CPU.Build.0 = Debug|Any CPU
		{CC4D99EF-0740-47BD-96AD-2FCD4C36C7FA}.Debug|Any CPU.ActiveCfg = Debug|Any CPU
		{CC4D99EF-0740-47BD-96AD-2FCD4C36C7FA}.Debug|Any CPU.Build.0 = Debug|Any CPU
		{CC4D99EF-0740-47BD-96AD-2FCD4C36C7FA}.Release|Any CPU.ActiveCfg = Release|Any CPU
		{CC4D99EF-0740-47BD-96AD-2FCD4C36C7FA}.Release|Any CPU.Build.0 = Release|Any CPU
	EndGlobalSection
	GlobalSection(MonoDevelopProperties) = preSolution
		StartupItem = Android-TestDrive\Android-TestDrive.csproj
	EndGlobalSection
EndGlobal
