
Microsoft Visual Studio Solution File, Format Version 12.00
# Visual Studio 2012
Project("{FAE04EC0-301F-11D3-BF4B-00C04F79EFBC}") = "Kinvey.Core", "Kinvey.Core\Kinvey.Core.csproj", "{6644D98D-026B-48E9-95A3-61C4D98D82E7}"
EndProject
Project("{FAE04EC0-301F-11D3-BF4B-00C04F79EFBC}") = "Kinvey-Utils", "Kinvey-Utils\Kinvey-Utils.csproj", "{444456B1-5B55-48D6-9637-00ADCA92B7C9}"
EndProject
Project("{FAE04EC0-301F-11D3-BF4B-00C04F79EFBC}") = "Kinvey-Xamarin-Android", "Kinvey-Xamarin-Android\Kinvey-Xamarin-Android.csproj", "{77977557-862E-4A14-A5D7-0096023BA682}"
EndProject
Project("{FAE04EC0-301F-11D3-BF4B-00C04F79EFBC}") = "Kinvey-Xamarin-iOS", "Kinvey-Xamarin-iOS\Kinvey-Xamarin-iOS.csproj", "{77548067-6F95-461C-A4D1-A051E20D30C5}"
EndProject
Project("{FAE04EC0-301F-11D3-BF4B-00C04F79EFBC}") = "test-ios-app", "test-ios-app\test-ios-app.csproj", "{DF7B3CED-9867-4353-9363-5D1282160715}"
EndProject
Project("{FAE04EC0-301F-11D3-BF4B-00C04F79EFBC}") = "testiosapp2", "testiosapp2\testiosapp2.csproj", "{BC818DD5-7E2C-499A-A2A3-B85732F0CEDF}"
EndProject
Project("{FAE04EC0-301F-11D3-BF4B-00C04F79EFBC}") = "testdroidapp", "testdroidapp\testdroidapp.csproj", "{744D37F0-3B27-408A-BEC7-0C1192EBAAAB}"
EndProject
Project("{FAE04EC0-301F-11D3-BF4B-00C04F79EFBC}") = "testdroidapp2", "testdroidapp2\testdroidapp2.csproj", "{EE0B4449-9333-4B5E-9FE3-7A520C3EBED6}"
EndProject
Project("{FAE04EC0-301F-11D3-BF4B-00C04F79EFBC}") = "Tests.Integration", "TestFramework\Tests.Integration\Tests.Integration.csproj", "{48FE5A11-9818-4133-89BE-E2DD9FE8CE1C}"
EndProject
Project("{FAE04EC0-301F-11D3-BF4B-00C04F79EFBC}") = "Tests.Unit", "TestFramework\Tests.Unit\Tests.Unit.csproj", "{7F0B4C62-4AF6-477A-93F0-0FC190C6D5D8}"
EndProject
Project("{FAE04EC0-301F-11D3-BF4B-00C04F79EFBC}") = "RestSharp.Portable", "RestSharp.Portable\RestSharp.Portable.csproj", "{BA2352E1-CB07-4795-A2EB-F70720B2BBC9}"
EndProject
Project("{FAE04EC0-301F-11D3-BF4B-00C04F79EFBC}") = "Kinvey.Net", "Kinvey.Net\Kinvey.Net.csproj", "{4B9F3DCA-E3B6-4C05-B6C1-F54A67559C2D}"
EndProject
Project("{FAE04EC0-301F-11D3-BF4B-00C04F79EFBC}") = "Kinvey", "Kinvey\Kinvey.csproj", "{BCF7F3A3-8069-49CE-B9E8-3F4D9A5FF234}"
EndProject
Project("{FAE04EC0-301F-11D3-BF4B-00C04F79EFBC}") = "RestSharp", "RestSharp\RestSharp.csproj", "{4605E41D-C50F-4507-A375-9DCC87A63E88}"
EndProject
Project("{FAE04EC0-301F-11D3-BF4B-00C04F79EFBC}") = "Kinvey.Utils", "Kinvey.Utils\Kinvey.Utils.csproj", "{BE3E62CC-7407-43A7-BF13-FCE25F8B2BB9}"
EndProject
Project("{FAE04EC0-301F-11D3-BF4B-00C04F79EFBC}") = "Kinvey.Tests", "Kinvey.Tests\Kinvey.Tests.csproj", "{D91CC3CF-0D6D-496C-8136-AE3954D3C9C8}"
EndProject
Global
	GlobalSection(SolutionConfigurationPlatforms) = preSolution
		Debug|Any CPU = Debug|Any CPU
		Release|Any CPU = Release|Any CPU
		AppStore|Any CPU = AppStore|Any CPU
		Debug|iPhoneSimulator = Debug|iPhoneSimulator
		Release|iPhoneSimulator = Release|iPhoneSimulator
		Debug|iPhone = Debug|iPhone
		Release|iPhone = Release|iPhone
		Ad-Hoc|iPhone = Ad-Hoc|iPhone
		AppStore|iPhone = AppStore|iPhone
	EndGlobalSection
	GlobalSection(ProjectConfigurationPlatforms) = postSolution
		{444456B1-5B55-48D6-9637-00ADCA92B7C9}.Ad-Hoc|iPhone.ActiveCfg = Debug|Any CPU
		{444456B1-5B55-48D6-9637-00ADCA92B7C9}.Ad-Hoc|iPhone.Build.0 = Debug|Any CPU
		{444456B1-5B55-48D6-9637-00ADCA92B7C9}.AppStore|Any CPU.ActiveCfg = Debug|Any CPU
		{444456B1-5B55-48D6-9637-00ADCA92B7C9}.AppStore|Any CPU.Build.0 = Debug|Any CPU
		{444456B1-5B55-48D6-9637-00ADCA92B7C9}.AppStore|iPhone.ActiveCfg = Debug|Any CPU
		{444456B1-5B55-48D6-9637-00ADCA92B7C9}.AppStore|iPhone.Build.0 = Debug|Any CPU
		{444456B1-5B55-48D6-9637-00ADCA92B7C9}.Debug|Any CPU.ActiveCfg = Debug|Any CPU
		{444456B1-5B55-48D6-9637-00ADCA92B7C9}.Debug|Any CPU.Build.0 = Debug|Any CPU
		{444456B1-5B55-48D6-9637-00ADCA92B7C9}.Debug|iPhone.ActiveCfg = Debug|Any CPU
		{444456B1-5B55-48D6-9637-00ADCA92B7C9}.Debug|iPhone.Build.0 = Debug|Any CPU
		{444456B1-5B55-48D6-9637-00ADCA92B7C9}.Debug|iPhoneSimulator.ActiveCfg = Debug|Any CPU
		{444456B1-5B55-48D6-9637-00ADCA92B7C9}.Debug|iPhoneSimulator.Build.0 = Debug|Any CPU
		{444456B1-5B55-48D6-9637-00ADCA92B7C9}.Release|Any CPU.ActiveCfg = Release|Any CPU
		{444456B1-5B55-48D6-9637-00ADCA92B7C9}.Release|Any CPU.Build.0 = Release|Any CPU
		{444456B1-5B55-48D6-9637-00ADCA92B7C9}.Release|iPhone.ActiveCfg = Release|Any CPU
		{444456B1-5B55-48D6-9637-00ADCA92B7C9}.Release|iPhone.Build.0 = Release|Any CPU
		{444456B1-5B55-48D6-9637-00ADCA92B7C9}.Release|iPhoneSimulator.ActiveCfg = Release|Any CPU
		{444456B1-5B55-48D6-9637-00ADCA92B7C9}.Release|iPhoneSimulator.Build.0 = Release|Any CPU
		{6644D98D-026B-48E9-95A3-61C4D98D82E7}.Ad-Hoc|iPhone.ActiveCfg = Debug|Any CPU
		{6644D98D-026B-48E9-95A3-61C4D98D82E7}.Ad-Hoc|iPhone.Build.0 = Debug|Any CPU
		{6644D98D-026B-48E9-95A3-61C4D98D82E7}.AppStore|Any CPU.ActiveCfg = Debug|Any CPU
		{6644D98D-026B-48E9-95A3-61C4D98D82E7}.AppStore|Any CPU.Build.0 = Debug|Any CPU
		{6644D98D-026B-48E9-95A3-61C4D98D82E7}.AppStore|iPhone.ActiveCfg = Debug|Any CPU
		{6644D98D-026B-48E9-95A3-61C4D98D82E7}.AppStore|iPhone.Build.0 = Debug|Any CPU
		{6644D98D-026B-48E9-95A3-61C4D98D82E7}.Debug|Any CPU.ActiveCfg = Debug|Any CPU
		{6644D98D-026B-48E9-95A3-61C4D98D82E7}.Debug|Any CPU.Build.0 = Debug|Any CPU
		{6644D98D-026B-48E9-95A3-61C4D98D82E7}.Debug|iPhone.ActiveCfg = Debug|Any CPU
		{6644D98D-026B-48E9-95A3-61C4D98D82E7}.Debug|iPhone.Build.0 = Debug|Any CPU
		{6644D98D-026B-48E9-95A3-61C4D98D82E7}.Debug|iPhoneSimulator.ActiveCfg = Debug|Any CPU
		{6644D98D-026B-48E9-95A3-61C4D98D82E7}.Debug|iPhoneSimulator.Build.0 = Debug|Any CPU
		{6644D98D-026B-48E9-95A3-61C4D98D82E7}.Release|Any CPU.ActiveCfg = Release|Any CPU
		{6644D98D-026B-48E9-95A3-61C4D98D82E7}.Release|Any CPU.Build.0 = Release|Any CPU
		{6644D98D-026B-48E9-95A3-61C4D98D82E7}.Release|iPhone.ActiveCfg = Release|Any CPU
		{6644D98D-026B-48E9-95A3-61C4D98D82E7}.Release|iPhone.Build.0 = Release|Any CPU
		{6644D98D-026B-48E9-95A3-61C4D98D82E7}.Release|iPhoneSimulator.ActiveCfg = Release|Any CPU
		{6644D98D-026B-48E9-95A3-61C4D98D82E7}.Release|iPhoneSimulator.Build.0 = Release|Any CPU
		{77548067-6F95-461C-A4D1-A051E20D30C5}.Ad-Hoc|iPhone.ActiveCfg = Release|Any CPU
		{77548067-6F95-461C-A4D1-A051E20D30C5}.Ad-Hoc|iPhone.Build.0 = Release|Any CPU
		{77548067-6F95-461C-A4D1-A051E20D30C5}.AppStore|Any CPU.ActiveCfg = Release|Any CPU
		{77548067-6F95-461C-A4D1-A051E20D30C5}.AppStore|Any CPU.Build.0 = Release|Any CPU
		{77548067-6F95-461C-A4D1-A051E20D30C5}.AppStore|iPhone.ActiveCfg = Release|Any CPU
		{77548067-6F95-461C-A4D1-A051E20D30C5}.AppStore|iPhone.Build.0 = Release|Any CPU
		{77548067-6F95-461C-A4D1-A051E20D30C5}.Debug|Any CPU.ActiveCfg = Debug|Any CPU
		{77548067-6F95-461C-A4D1-A051E20D30C5}.Debug|Any CPU.Build.0 = Debug|Any CPU
		{77548067-6F95-461C-A4D1-A051E20D30C5}.Debug|iPhone.ActiveCfg = Debug|Any CPU
		{77548067-6F95-461C-A4D1-A051E20D30C5}.Debug|iPhone.Build.0 = Debug|Any CPU
		{77548067-6F95-461C-A4D1-A051E20D30C5}.Debug|iPhoneSimulator.ActiveCfg = Debug|Any CPU
		{77548067-6F95-461C-A4D1-A051E20D30C5}.Debug|iPhoneSimulator.Build.0 = Debug|Any CPU
		{77548067-6F95-461C-A4D1-A051E20D30C5}.Release|Any CPU.ActiveCfg = Release|Any CPU
		{77548067-6F95-461C-A4D1-A051E20D30C5}.Release|Any CPU.Build.0 = Release|Any CPU
		{77548067-6F95-461C-A4D1-A051E20D30C5}.Release|iPhone.ActiveCfg = Release|Any CPU
		{77548067-6F95-461C-A4D1-A051E20D30C5}.Release|iPhone.Build.0 = Release|Any CPU
		{77548067-6F95-461C-A4D1-A051E20D30C5}.Release|iPhoneSimulator.ActiveCfg = Release|Any CPU
		{77548067-6F95-461C-A4D1-A051E20D30C5}.Release|iPhoneSimulator.Build.0 = Release|Any CPU
		{77977557-862E-4A14-A5D7-0096023BA682}.Ad-Hoc|iPhone.ActiveCfg = Debug|Any CPU
		{77977557-862E-4A14-A5D7-0096023BA682}.Ad-Hoc|iPhone.Build.0 = Debug|Any CPU
		{77977557-862E-4A14-A5D7-0096023BA682}.AppStore|Any CPU.ActiveCfg = Debug|Any CPU
		{77977557-862E-4A14-A5D7-0096023BA682}.AppStore|Any CPU.Build.0 = Debug|Any CPU
		{77977557-862E-4A14-A5D7-0096023BA682}.AppStore|iPhone.ActiveCfg = Debug|Any CPU
		{77977557-862E-4A14-A5D7-0096023BA682}.AppStore|iPhone.Build.0 = Debug|Any CPU
		{77977557-862E-4A14-A5D7-0096023BA682}.Debug|Any CPU.ActiveCfg = Debug|Any CPU
		{77977557-862E-4A14-A5D7-0096023BA682}.Debug|Any CPU.Build.0 = Debug|Any CPU
		{77977557-862E-4A14-A5D7-0096023BA682}.Debug|iPhone.ActiveCfg = Debug|Any CPU
		{77977557-862E-4A14-A5D7-0096023BA682}.Debug|iPhone.Build.0 = Debug|Any CPU
		{77977557-862E-4A14-A5D7-0096023BA682}.Debug|iPhoneSimulator.ActiveCfg = Debug|Any CPU
		{77977557-862E-4A14-A5D7-0096023BA682}.Debug|iPhoneSimulator.Build.0 = Debug|Any CPU
		{77977557-862E-4A14-A5D7-0096023BA682}.Release|Any CPU.ActiveCfg = Release|Any CPU
		{77977557-862E-4A14-A5D7-0096023BA682}.Release|Any CPU.Build.0 = Release|Any CPU
		{77977557-862E-4A14-A5D7-0096023BA682}.Release|iPhone.ActiveCfg = Release|Any CPU
		{77977557-862E-4A14-A5D7-0096023BA682}.Release|iPhone.Build.0 = Release|Any CPU
		{77977557-862E-4A14-A5D7-0096023BA682}.Release|iPhoneSimulator.ActiveCfg = Release|Any CPU
		{77977557-862E-4A14-A5D7-0096023BA682}.Release|iPhoneSimulator.Build.0 = Release|Any CPU
		{DF7B3CED-9867-4353-9363-5D1282160715}.Ad-Hoc|iPhone.ActiveCfg = Release|iPhone
		{DF7B3CED-9867-4353-9363-5D1282160715}.Ad-Hoc|iPhone.Build.0 = Release|iPhone
		{DF7B3CED-9867-4353-9363-5D1282160715}.AppStore|Any CPU.ActiveCfg = Debug|iPhoneSimulator
		{DF7B3CED-9867-4353-9363-5D1282160715}.AppStore|Any CPU.Build.0 = Debug|iPhoneSimulator
		{DF7B3CED-9867-4353-9363-5D1282160715}.AppStore|iPhone.ActiveCfg = Release|iPhone
		{DF7B3CED-9867-4353-9363-5D1282160715}.AppStore|iPhone.Build.0 = Release|iPhone
		{DF7B3CED-9867-4353-9363-5D1282160715}.Debug|Any CPU.ActiveCfg = Debug|iPhoneSimulator
		{DF7B3CED-9867-4353-9363-5D1282160715}.Debug|Any CPU.Build.0 = Debug|iPhoneSimulator
		{DF7B3CED-9867-4353-9363-5D1282160715}.Debug|iPhone.ActiveCfg = Debug|iPhone
		{DF7B3CED-9867-4353-9363-5D1282160715}.Debug|iPhone.Build.0 = Debug|iPhone
		{DF7B3CED-9867-4353-9363-5D1282160715}.Debug|iPhoneSimulator.ActiveCfg = Debug|iPhoneSimulator
		{DF7B3CED-9867-4353-9363-5D1282160715}.Debug|iPhoneSimulator.Build.0 = Debug|iPhoneSimulator
		{DF7B3CED-9867-4353-9363-5D1282160715}.Release|Any CPU.ActiveCfg = Release|iPhone
		{DF7B3CED-9867-4353-9363-5D1282160715}.Release|Any CPU.Build.0 = Release|iPhone
		{DF7B3CED-9867-4353-9363-5D1282160715}.Release|iPhone.ActiveCfg = Release|iPhone
		{DF7B3CED-9867-4353-9363-5D1282160715}.Release|iPhone.Build.0 = Release|iPhone
		{DF7B3CED-9867-4353-9363-5D1282160715}.Release|iPhoneSimulator.ActiveCfg = Release|iPhoneSimulator
		{DF7B3CED-9867-4353-9363-5D1282160715}.Release|iPhoneSimulator.Build.0 = Release|iPhoneSimulator
		{BC818DD5-7E2C-499A-A2A3-B85732F0CEDF}.Debug|Any CPU.ActiveCfg = Debug|iPhoneSimulator
		{BC818DD5-7E2C-499A-A2A3-B85732F0CEDF}.Debug|Any CPU.Build.0 = Debug|iPhoneSimulator
		{BC818DD5-7E2C-499A-A2A3-B85732F0CEDF}.Release|Any CPU.ActiveCfg = Release|iPhone
		{BC818DD5-7E2C-499A-A2A3-B85732F0CEDF}.Release|Any CPU.Build.0 = Release|iPhone
		{BC818DD5-7E2C-499A-A2A3-B85732F0CEDF}.AppStore|Any CPU.ActiveCfg = Debug|iPhoneSimulator
		{BC818DD5-7E2C-499A-A2A3-B85732F0CEDF}.AppStore|Any CPU.Build.0 = Debug|iPhoneSimulator
		{BC818DD5-7E2C-499A-A2A3-B85732F0CEDF}.Debug|iPhoneSimulator.ActiveCfg = Debug|iPhoneSimulator
		{BC818DD5-7E2C-499A-A2A3-B85732F0CEDF}.Debug|iPhoneSimulator.Build.0 = Debug|iPhoneSimulator
		{BC818DD5-7E2C-499A-A2A3-B85732F0CEDF}.Release|iPhoneSimulator.ActiveCfg = Release|iPhoneSimulator
		{BC818DD5-7E2C-499A-A2A3-B85732F0CEDF}.Release|iPhoneSimulator.Build.0 = Release|iPhoneSimulator
		{BC818DD5-7E2C-499A-A2A3-B85732F0CEDF}.Debug|iPhone.ActiveCfg = Debug|iPhone
		{BC818DD5-7E2C-499A-A2A3-B85732F0CEDF}.Debug|iPhone.Build.0 = Debug|iPhone
		{BC818DD5-7E2C-499A-A2A3-B85732F0CEDF}.Release|iPhone.ActiveCfg = Release|iPhone
		{BC818DD5-7E2C-499A-A2A3-B85732F0CEDF}.Release|iPhone.Build.0 = Release|iPhone
		{BC818DD5-7E2C-499A-A2A3-B85732F0CEDF}.Ad-Hoc|iPhone.ActiveCfg = Release|iPhone
		{BC818DD5-7E2C-499A-A2A3-B85732F0CEDF}.Ad-Hoc|iPhone.Build.0 = Release|iPhone
		{BC818DD5-7E2C-499A-A2A3-B85732F0CEDF}.AppStore|iPhone.ActiveCfg = Release|iPhone
		{BC818DD5-7E2C-499A-A2A3-B85732F0CEDF}.AppStore|iPhone.Build.0 = Release|iPhone
		{744D37F0-3B27-408A-BEC7-0C1192EBAAAB}.Debug|Any CPU.ActiveCfg = Debug|Any CPU
		{744D37F0-3B27-408A-BEC7-0C1192EBAAAB}.Debug|Any CPU.Build.0 = Debug|Any CPU
		{744D37F0-3B27-408A-BEC7-0C1192EBAAAB}.Release|Any CPU.ActiveCfg = Release|Any CPU
		{744D37F0-3B27-408A-BEC7-0C1192EBAAAB}.Release|Any CPU.Build.0 = Release|Any CPU
		{744D37F0-3B27-408A-BEC7-0C1192EBAAAB}.AppStore|Any CPU.ActiveCfg = Debug|Any CPU
		{744D37F0-3B27-408A-BEC7-0C1192EBAAAB}.AppStore|Any CPU.Build.0 = Debug|Any CPU
		{744D37F0-3B27-408A-BEC7-0C1192EBAAAB}.Debug|iPhoneSimulator.ActiveCfg = Debug|Any CPU
		{744D37F0-3B27-408A-BEC7-0C1192EBAAAB}.Debug|iPhoneSimulator.Build.0 = Debug|Any CPU
		{744D37F0-3B27-408A-BEC7-0C1192EBAAAB}.Release|iPhoneSimulator.ActiveCfg = Release|Any CPU
		{744D37F0-3B27-408A-BEC7-0C1192EBAAAB}.Release|iPhoneSimulator.Build.0 = Release|Any CPU
		{744D37F0-3B27-408A-BEC7-0C1192EBAAAB}.Debug|iPhone.ActiveCfg = Debug|Any CPU
		{744D37F0-3B27-408A-BEC7-0C1192EBAAAB}.Debug|iPhone.Build.0 = Debug|Any CPU
		{744D37F0-3B27-408A-BEC7-0C1192EBAAAB}.Release|iPhone.ActiveCfg = Release|Any CPU
		{744D37F0-3B27-408A-BEC7-0C1192EBAAAB}.Release|iPhone.Build.0 = Release|Any CPU
		{744D37F0-3B27-408A-BEC7-0C1192EBAAAB}.Ad-Hoc|iPhone.ActiveCfg = Release|Any CPU
		{744D37F0-3B27-408A-BEC7-0C1192EBAAAB}.Ad-Hoc|iPhone.Build.0 = Release|Any CPU
		{744D37F0-3B27-408A-BEC7-0C1192EBAAAB}.AppStore|iPhone.ActiveCfg = Release|Any CPU
		{744D37F0-3B27-408A-BEC7-0C1192EBAAAB}.AppStore|iPhone.Build.0 = Release|Any CPU
		{EE0B4449-9333-4B5E-9FE3-7A520C3EBED6}.Debug|Any CPU.ActiveCfg = Debug|Any CPU
		{EE0B4449-9333-4B5E-9FE3-7A520C3EBED6}.Debug|Any CPU.Build.0 = Debug|Any CPU
		{EE0B4449-9333-4B5E-9FE3-7A520C3EBED6}.Release|Any CPU.ActiveCfg = Release|Any CPU
		{EE0B4449-9333-4B5E-9FE3-7A520C3EBED6}.Release|Any CPU.Build.0 = Release|Any CPU
		{EE0B4449-9333-4B5E-9FE3-7A520C3EBED6}.AppStore|Any CPU.ActiveCfg = Debug|Any CPU
		{EE0B4449-9333-4B5E-9FE3-7A520C3EBED6}.AppStore|Any CPU.Build.0 = Debug|Any CPU
		{EE0B4449-9333-4B5E-9FE3-7A520C3EBED6}.Debug|iPhoneSimulator.ActiveCfg = Debug|Any CPU
		{EE0B4449-9333-4B5E-9FE3-7A520C3EBED6}.Debug|iPhoneSimulator.Build.0 = Debug|Any CPU
		{EE0B4449-9333-4B5E-9FE3-7A520C3EBED6}.Release|iPhoneSimulator.ActiveCfg = Release|Any CPU
		{EE0B4449-9333-4B5E-9FE3-7A520C3EBED6}.Release|iPhoneSimulator.Build.0 = Release|Any CPU
		{EE0B4449-9333-4B5E-9FE3-7A520C3EBED6}.Debug|iPhone.ActiveCfg = Debug|Any CPU
		{EE0B4449-9333-4B5E-9FE3-7A520C3EBED6}.Debug|iPhone.Build.0 = Debug|Any CPU
		{EE0B4449-9333-4B5E-9FE3-7A520C3EBED6}.Release|iPhone.ActiveCfg = Release|Any CPU
		{EE0B4449-9333-4B5E-9FE3-7A520C3EBED6}.Release|iPhone.Build.0 = Release|Any CPU
		{EE0B4449-9333-4B5E-9FE3-7A520C3EBED6}.Ad-Hoc|iPhone.ActiveCfg = Release|Any CPU
		{EE0B4449-9333-4B5E-9FE3-7A520C3EBED6}.Ad-Hoc|iPhone.Build.0 = Release|Any CPU
		{EE0B4449-9333-4B5E-9FE3-7A520C3EBED6}.AppStore|iPhone.ActiveCfg = Release|Any CPU
		{EE0B4449-9333-4B5E-9FE3-7A520C3EBED6}.AppStore|iPhone.Build.0 = Release|Any CPU
		{48FE5A11-9818-4133-89BE-E2DD9FE8CE1C}.Debug|Any CPU.ActiveCfg = Debug|Any CPU
		{48FE5A11-9818-4133-89BE-E2DD9FE8CE1C}.Debug|Any CPU.Build.0 = Debug|Any CPU
		{48FE5A11-9818-4133-89BE-E2DD9FE8CE1C}.Release|Any CPU.ActiveCfg = Release|Any CPU
		{48FE5A11-9818-4133-89BE-E2DD9FE8CE1C}.Release|Any CPU.Build.0 = Release|Any CPU
		{48FE5A11-9818-4133-89BE-E2DD9FE8CE1C}.AppStore|Any CPU.ActiveCfg = Debug|Any CPU
		{48FE5A11-9818-4133-89BE-E2DD9FE8CE1C}.AppStore|Any CPU.Build.0 = Debug|Any CPU
		{48FE5A11-9818-4133-89BE-E2DD9FE8CE1C}.Debug|iPhoneSimulator.ActiveCfg = Debug|Any CPU
		{48FE5A11-9818-4133-89BE-E2DD9FE8CE1C}.Debug|iPhoneSimulator.Build.0 = Debug|Any CPU
		{48FE5A11-9818-4133-89BE-E2DD9FE8CE1C}.Release|iPhoneSimulator.ActiveCfg = Release|Any CPU
		{48FE5A11-9818-4133-89BE-E2DD9FE8CE1C}.Release|iPhoneSimulator.Build.0 = Release|Any CPU
		{48FE5A11-9818-4133-89BE-E2DD9FE8CE1C}.Debug|iPhone.ActiveCfg = Debug|Any CPU
		{48FE5A11-9818-4133-89BE-E2DD9FE8CE1C}.Debug|iPhone.Build.0 = Debug|Any CPU
		{48FE5A11-9818-4133-89BE-E2DD9FE8CE1C}.Release|iPhone.ActiveCfg = Release|Any CPU
		{48FE5A11-9818-4133-89BE-E2DD9FE8CE1C}.Release|iPhone.Build.0 = Release|Any CPU
		{48FE5A11-9818-4133-89BE-E2DD9FE8CE1C}.Ad-Hoc|iPhone.ActiveCfg = Release|Any CPU
		{48FE5A11-9818-4133-89BE-E2DD9FE8CE1C}.Ad-Hoc|iPhone.Build.0 = Release|Any CPU
		{48FE5A11-9818-4133-89BE-E2DD9FE8CE1C}.AppStore|iPhone.ActiveCfg = Release|Any CPU
		{48FE5A11-9818-4133-89BE-E2DD9FE8CE1C}.AppStore|iPhone.Build.0 = Release|Any CPU
		{7F0B4C62-4AF6-477A-93F0-0FC190C6D5D8}.Debug|Any CPU.ActiveCfg = Debug|Any CPU
		{7F0B4C62-4AF6-477A-93F0-0FC190C6D5D8}.Debug|Any CPU.Build.0 = Debug|Any CPU
		{7F0B4C62-4AF6-477A-93F0-0FC190C6D5D8}.Release|Any CPU.ActiveCfg = Release|Any CPU
		{7F0B4C62-4AF6-477A-93F0-0FC190C6D5D8}.Release|Any CPU.Build.0 = Release|Any CPU
		{7F0B4C62-4AF6-477A-93F0-0FC190C6D5D8}.AppStore|Any CPU.ActiveCfg = Debug|Any CPU
		{7F0B4C62-4AF6-477A-93F0-0FC190C6D5D8}.AppStore|Any CPU.Build.0 = Debug|Any CPU
		{7F0B4C62-4AF6-477A-93F0-0FC190C6D5D8}.Debug|iPhoneSimulator.ActiveCfg = Debug|Any CPU
		{7F0B4C62-4AF6-477A-93F0-0FC190C6D5D8}.Debug|iPhoneSimulator.Build.0 = Debug|Any CPU
		{7F0B4C62-4AF6-477A-93F0-0FC190C6D5D8}.Release|iPhoneSimulator.ActiveCfg = Release|Any CPU
		{7F0B4C62-4AF6-477A-93F0-0FC190C6D5D8}.Release|iPhoneSimulator.Build.0 = Release|Any CPU
		{7F0B4C62-4AF6-477A-93F0-0FC190C6D5D8}.Debug|iPhone.ActiveCfg = Debug|Any CPU
		{7F0B4C62-4AF6-477A-93F0-0FC190C6D5D8}.Debug|iPhone.Build.0 = Debug|Any CPU
		{7F0B4C62-4AF6-477A-93F0-0FC190C6D5D8}.Release|iPhone.ActiveCfg = Release|Any CPU
		{7F0B4C62-4AF6-477A-93F0-0FC190C6D5D8}.Release|iPhone.Build.0 = Release|Any CPU
		{7F0B4C62-4AF6-477A-93F0-0FC190C6D5D8}.Ad-Hoc|iPhone.ActiveCfg = Release|Any CPU
		{7F0B4C62-4AF6-477A-93F0-0FC190C6D5D8}.Ad-Hoc|iPhone.Build.0 = Release|Any CPU
		{7F0B4C62-4AF6-477A-93F0-0FC190C6D5D8}.AppStore|iPhone.ActiveCfg = Release|Any CPU
		{7F0B4C62-4AF6-477A-93F0-0FC190C6D5D8}.AppStore|iPhone.Build.0 = Release|Any CPU
		{BA2352E1-CB07-4795-A2EB-F70720B2BBC9}.Debug|Any CPU.ActiveCfg = Debug|Any CPU
		{BA2352E1-CB07-4795-A2EB-F70720B2BBC9}.Debug|Any CPU.Build.0 = Debug|Any CPU
		{BA2352E1-CB07-4795-A2EB-F70720B2BBC9}.Release|Any CPU.ActiveCfg = Release|Any CPU
		{BA2352E1-CB07-4795-A2EB-F70720B2BBC9}.Release|Any CPU.Build.0 = Release|Any CPU
		{BA2352E1-CB07-4795-A2EB-F70720B2BBC9}.AppStore|Any CPU.ActiveCfg = Debug|Any CPU
		{BA2352E1-CB07-4795-A2EB-F70720B2BBC9}.AppStore|Any CPU.Build.0 = Debug|Any CPU
		{BA2352E1-CB07-4795-A2EB-F70720B2BBC9}.Debug|iPhoneSimulator.ActiveCfg = Debug|Any CPU
		{BA2352E1-CB07-4795-A2EB-F70720B2BBC9}.Debug|iPhoneSimulator.Build.0 = Debug|Any CPU
		{BA2352E1-CB07-4795-A2EB-F70720B2BBC9}.Release|iPhoneSimulator.ActiveCfg = Release|Any CPU
		{BA2352E1-CB07-4795-A2EB-F70720B2BBC9}.Release|iPhoneSimulator.Build.0 = Release|Any CPU
		{BA2352E1-CB07-4795-A2EB-F70720B2BBC9}.Debug|iPhone.ActiveCfg = Debug|Any CPU
		{BA2352E1-CB07-4795-A2EB-F70720B2BBC9}.Debug|iPhone.Build.0 = Debug|Any CPU
		{BA2352E1-CB07-4795-A2EB-F70720B2BBC9}.Release|iPhone.ActiveCfg = Release|Any CPU
		{BA2352E1-CB07-4795-A2EB-F70720B2BBC9}.Release|iPhone.Build.0 = Release|Any CPU
		{BA2352E1-CB07-4795-A2EB-F70720B2BBC9}.Ad-Hoc|iPhone.ActiveCfg = Release|Any CPU
		{BA2352E1-CB07-4795-A2EB-F70720B2BBC9}.Ad-Hoc|iPhone.Build.0 = Release|Any CPU
		{BA2352E1-CB07-4795-A2EB-F70720B2BBC9}.AppStore|iPhone.ActiveCfg = Release|Any CPU
		{BA2352E1-CB07-4795-A2EB-F70720B2BBC9}.AppStore|iPhone.Build.0 = Release|Any CPU
		{4B9F3DCA-E3B6-4C05-B6C1-F54A67559C2D}.Debug|Any CPU.ActiveCfg = Debug|Any CPU
		{4B9F3DCA-E3B6-4C05-B6C1-F54A67559C2D}.Debug|Any CPU.Build.0 = Debug|Any CPU
		{4B9F3DCA-E3B6-4C05-B6C1-F54A67559C2D}.Release|Any CPU.ActiveCfg = Release|Any CPU
		{4B9F3DCA-E3B6-4C05-B6C1-F54A67559C2D}.Release|Any CPU.Build.0 = Release|Any CPU
		{4B9F3DCA-E3B6-4C05-B6C1-F54A67559C2D}.AppStore|Any CPU.ActiveCfg = Debug|Any CPU
		{4B9F3DCA-E3B6-4C05-B6C1-F54A67559C2D}.AppStore|Any CPU.Build.0 = Debug|Any CPU
		{4B9F3DCA-E3B6-4C05-B6C1-F54A67559C2D}.Debug|iPhoneSimulator.ActiveCfg = Debug|Any CPU
		{4B9F3DCA-E3B6-4C05-B6C1-F54A67559C2D}.Debug|iPhoneSimulator.Build.0 = Debug|Any CPU
		{4B9F3DCA-E3B6-4C05-B6C1-F54A67559C2D}.Release|iPhoneSimulator.ActiveCfg = Release|Any CPU
		{4B9F3DCA-E3B6-4C05-B6C1-F54A67559C2D}.Release|iPhoneSimulator.Build.0 = Release|Any CPU
		{4B9F3DCA-E3B6-4C05-B6C1-F54A67559C2D}.Debug|iPhone.ActiveCfg = Debug|Any CPU
		{4B9F3DCA-E3B6-4C05-B6C1-F54A67559C2D}.Debug|iPhone.Build.0 = Debug|Any CPU
		{4B9F3DCA-E3B6-4C05-B6C1-F54A67559C2D}.Release|iPhone.ActiveCfg = Release|Any CPU
		{4B9F3DCA-E3B6-4C05-B6C1-F54A67559C2D}.Release|iPhone.Build.0 = Release|Any CPU
		{4B9F3DCA-E3B6-4C05-B6C1-F54A67559C2D}.Ad-Hoc|iPhone.ActiveCfg = Release|Any CPU
		{4B9F3DCA-E3B6-4C05-B6C1-F54A67559C2D}.Ad-Hoc|iPhone.Build.0 = Release|Any CPU
		{4B9F3DCA-E3B6-4C05-B6C1-F54A67559C2D}.AppStore|iPhone.ActiveCfg = Release|Any CPU
		{4B9F3DCA-E3B6-4C05-B6C1-F54A67559C2D}.AppStore|iPhone.Build.0 = Release|Any CPU
		{BCF7F3A3-8069-49CE-B9E8-3F4D9A5FF234}.Debug|Any CPU.ActiveCfg = Debug|Any CPU
		{BCF7F3A3-8069-49CE-B9E8-3F4D9A5FF234}.Debug|Any CPU.Build.0 = Debug|Any CPU
		{BCF7F3A3-8069-49CE-B9E8-3F4D9A5FF234}.Release|Any CPU.ActiveCfg = Release|Any CPU
		{BCF7F3A3-8069-49CE-B9E8-3F4D9A5FF234}.Release|Any CPU.Build.0 = Release|Any CPU
		{BCF7F3A3-8069-49CE-B9E8-3F4D9A5FF234}.AppStore|Any CPU.ActiveCfg = Debug|Any CPU
		{BCF7F3A3-8069-49CE-B9E8-3F4D9A5FF234}.AppStore|Any CPU.Build.0 = Debug|Any CPU
		{BCF7F3A3-8069-49CE-B9E8-3F4D9A5FF234}.Debug|iPhoneSimulator.ActiveCfg = Debug|Any CPU
		{BCF7F3A3-8069-49CE-B9E8-3F4D9A5FF234}.Debug|iPhoneSimulator.Build.0 = Debug|Any CPU
		{BCF7F3A3-8069-49CE-B9E8-3F4D9A5FF234}.Release|iPhoneSimulator.ActiveCfg = Release|Any CPU
		{BCF7F3A3-8069-49CE-B9E8-3F4D9A5FF234}.Release|iPhoneSimulator.Build.0 = Release|Any CPU
		{BCF7F3A3-8069-49CE-B9E8-3F4D9A5FF234}.Debug|iPhone.ActiveCfg = Debug|Any CPU
		{BCF7F3A3-8069-49CE-B9E8-3F4D9A5FF234}.Debug|iPhone.Build.0 = Debug|Any CPU
		{BCF7F3A3-8069-49CE-B9E8-3F4D9A5FF234}.Release|iPhone.ActiveCfg = Release|Any CPU
		{BCF7F3A3-8069-49CE-B9E8-3F4D9A5FF234}.Release|iPhone.Build.0 = Release|Any CPU
		{BCF7F3A3-8069-49CE-B9E8-3F4D9A5FF234}.Ad-Hoc|iPhone.ActiveCfg = Debug|Any CPU
		{BCF7F3A3-8069-49CE-B9E8-3F4D9A5FF234}.Ad-Hoc|iPhone.Build.0 = Debug|Any CPU
		{BCF7F3A3-8069-49CE-B9E8-3F4D9A5FF234}.AppStore|iPhone.ActiveCfg = Debug|Any CPU
		{BCF7F3A3-8069-49CE-B9E8-3F4D9A5FF234}.AppStore|iPhone.Build.0 = Debug|Any CPU
		{4605E41D-C50F-4507-A375-9DCC87A63E88}.Debug|Any CPU.ActiveCfg = Debug|Any CPU
		{4605E41D-C50F-4507-A375-9DCC87A63E88}.Debug|Any CPU.Build.0 = Debug|Any CPU
		{4605E41D-C50F-4507-A375-9DCC87A63E88}.Release|Any CPU.ActiveCfg = Release|Any CPU
		{4605E41D-C50F-4507-A375-9DCC87A63E88}.Release|Any CPU.Build.0 = Release|Any CPU
		{4605E41D-C50F-4507-A375-9DCC87A63E88}.AppStore|Any CPU.ActiveCfg = Debug|Any CPU
		{4605E41D-C50F-4507-A375-9DCC87A63E88}.AppStore|Any CPU.Build.0 = Debug|Any CPU
		{4605E41D-C50F-4507-A375-9DCC87A63E88}.Debug|iPhoneSimulator.ActiveCfg = Debug|Any CPU
		{4605E41D-C50F-4507-A375-9DCC87A63E88}.Debug|iPhoneSimulator.Build.0 = Debug|Any CPU
		{4605E41D-C50F-4507-A375-9DCC87A63E88}.Release|iPhoneSimulator.ActiveCfg = Release|Any CPU
		{4605E41D-C50F-4507-A375-9DCC87A63E88}.Release|iPhoneSimulator.Build.0 = Release|Any CPU
		{4605E41D-C50F-4507-A375-9DCC87A63E88}.Debug|iPhone.ActiveCfg = Debug|Any CPU
		{4605E41D-C50F-4507-A375-9DCC87A63E88}.Debug|iPhone.Build.0 = Debug|Any CPU
		{4605E41D-C50F-4507-A375-9DCC87A63E88}.Release|iPhone.ActiveCfg = Release|Any CPU
		{4605E41D-C50F-4507-A375-9DCC87A63E88}.Release|iPhone.Build.0 = Release|Any CPU
		{4605E41D-C50F-4507-A375-9DCC87A63E88}.Ad-Hoc|iPhone.ActiveCfg = Debug|Any CPU
		{4605E41D-C50F-4507-A375-9DCC87A63E88}.Ad-Hoc|iPhone.Build.0 = Debug|Any CPU
		{4605E41D-C50F-4507-A375-9DCC87A63E88}.AppStore|iPhone.ActiveCfg = Debug|Any CPU
		{4605E41D-C50F-4507-A375-9DCC87A63E88}.AppStore|iPhone.Build.0 = Debug|Any CPU
		{BE3E62CC-7407-43A7-BF13-FCE25F8B2BB9}.Debug|Any CPU.ActiveCfg = Debug|Any CPU
		{BE3E62CC-7407-43A7-BF13-FCE25F8B2BB9}.Debug|Any CPU.Build.0 = Debug|Any CPU
		{BE3E62CC-7407-43A7-BF13-FCE25F8B2BB9}.Release|Any CPU.ActiveCfg = Release|Any CPU
		{BE3E62CC-7407-43A7-BF13-FCE25F8B2BB9}.Release|Any CPU.Build.0 = Release|Any CPU
		{BE3E62CC-7407-43A7-BF13-FCE25F8B2BB9}.AppStore|Any CPU.ActiveCfg = Debug|Any CPU
		{BE3E62CC-7407-43A7-BF13-FCE25F8B2BB9}.AppStore|Any CPU.Build.0 = Debug|Any CPU
		{BE3E62CC-7407-43A7-BF13-FCE25F8B2BB9}.Debug|iPhoneSimulator.ActiveCfg = Debug|Any CPU
		{BE3E62CC-7407-43A7-BF13-FCE25F8B2BB9}.Debug|iPhoneSimulator.Build.0 = Debug|Any CPU
		{BE3E62CC-7407-43A7-BF13-FCE25F8B2BB9}.Release|iPhoneSimulator.ActiveCfg = Release|Any CPU
		{BE3E62CC-7407-43A7-BF13-FCE25F8B2BB9}.Release|iPhoneSimulator.Build.0 = Release|Any CPU
		{BE3E62CC-7407-43A7-BF13-FCE25F8B2BB9}.Debug|iPhone.ActiveCfg = Debug|Any CPU
		{BE3E62CC-7407-43A7-BF13-FCE25F8B2BB9}.Debug|iPhone.Build.0 = Debug|Any CPU
		{BE3E62CC-7407-43A7-BF13-FCE25F8B2BB9}.Release|iPhone.ActiveCfg = Release|Any CPU
		{BE3E62CC-7407-43A7-BF13-FCE25F8B2BB9}.Release|iPhone.Build.0 = Release|Any CPU
		{BE3E62CC-7407-43A7-BF13-FCE25F8B2BB9}.Ad-Hoc|iPhone.ActiveCfg = Debug|Any CPU
		{BE3E62CC-7407-43A7-BF13-FCE25F8B2BB9}.Ad-Hoc|iPhone.Build.0 = Debug|Any CPU
		{BE3E62CC-7407-43A7-BF13-FCE25F8B2BB9}.AppStore|iPhone.ActiveCfg = Debug|Any CPU
		{BE3E62CC-7407-43A7-BF13-FCE25F8B2BB9}.AppStore|iPhone.Build.0 = Debug|Any CPU
		{D91CC3CF-0D6D-496C-8136-AE3954D3C9C8}.Debug|Any CPU.ActiveCfg = Debug|Any CPU
		{D91CC3CF-0D6D-496C-8136-AE3954D3C9C8}.Debug|Any CPU.Build.0 = Debug|Any CPU
		{D91CC3CF-0D6D-496C-8136-AE3954D3C9C8}.Release|Any CPU.ActiveCfg = Release|Any CPU
		{D91CC3CF-0D6D-496C-8136-AE3954D3C9C8}.Release|Any CPU.Build.0 = Release|Any CPU
		{D91CC3CF-0D6D-496C-8136-AE3954D3C9C8}.AppStore|Any CPU.ActiveCfg = Debug|Any CPU
		{D91CC3CF-0D6D-496C-8136-AE3954D3C9C8}.AppStore|Any CPU.Build.0 = Debug|Any CPU
		{D91CC3CF-0D6D-496C-8136-AE3954D3C9C8}.Debug|iPhoneSimulator.ActiveCfg = Debug|Any CPU
		{D91CC3CF-0D6D-496C-8136-AE3954D3C9C8}.Debug|iPhoneSimulator.Build.0 = Debug|Any CPU
		{D91CC3CF-0D6D-496C-8136-AE3954D3C9C8}.Release|iPhoneSimulator.ActiveCfg = Release|Any CPU
		{D91CC3CF-0D6D-496C-8136-AE3954D3C9C8}.Release|iPhoneSimulator.Build.0 = Release|Any CPU
		{D91CC3CF-0D6D-496C-8136-AE3954D3C9C8}.Debug|iPhone.ActiveCfg = Debug|Any CPU
		{D91CC3CF-0D6D-496C-8136-AE3954D3C9C8}.Debug|iPhone.Build.0 = Debug|Any CPU
		{D91CC3CF-0D6D-496C-8136-AE3954D3C9C8}.Release|iPhone.ActiveCfg = Release|Any CPU
		{D91CC3CF-0D6D-496C-8136-AE3954D3C9C8}.Release|iPhone.Build.0 = Release|Any CPU
		{D91CC3CF-0D6D-496C-8136-AE3954D3C9C8}.Ad-Hoc|iPhone.ActiveCfg = Debug|Any CPU
		{D91CC3CF-0D6D-496C-8136-AE3954D3C9C8}.Ad-Hoc|iPhone.Build.0 = Debug|Any CPU
		{D91CC3CF-0D6D-496C-8136-AE3954D3C9C8}.AppStore|iPhone.ActiveCfg = Debug|Any CPU
		{D91CC3CF-0D6D-496C-8136-AE3954D3C9C8}.AppStore|iPhone.Build.0 = Debug|Any CPU
	EndGlobalSection
	GlobalSection(MonoDevelopProperties) = preSolution
		Policies = $0
		$0.DotNetNamingPolicy = $1
		$0.TextStylePolicy = $2
		$2.inheritsSet = null
		$2.scope = text/x-csharp
		$0.CSharpFormattingPolicy = $3
		$3.IndentSwitchBody = True
		$3.StatementBraceStyle = NextLine
		$3.ElseNewLinePlacement = NewLine
		$3.CatchNewLinePlacement = NewLine
		$3.FinallyNewLinePlacement = NewLine
		$3.BeforeMethodCallParentheses = False
		$3.NewLineBeforeConstructorInitializerColon = SameLine
		$3.NewLineAfterConstructorInitializerColon = NewLine
		$3.AfterDelegateDeclarationParameterComma = True
		$3.NewParentheses = False
		$3.SpaceAroundUnsafeArrowOperator = True
		$3.SpacesBeforeBrackets = False
		$3.BlankLinesInsideRegion = 0
		$3.scope = text/x-csharp
		$3.NewLinesForBracesInLambdaExpressionBody = False
		$3.NewLineForMembersInObjectInit = False
		$3.NewLineForMembersInAnonymousTypes = False
		$3.NewLineForClausesInQuery = False
	EndGlobalSection
	GlobalSection(NestedProjects) = preSolution
	EndGlobalSection
EndGlobal
