
Microsoft Visual Studio Solution File, Format Version 12.00
# Visual Studio 2012
Project("{FAE04EC0-301F-11D3-BF4B-00C04F79EFBC}") = "Kinvey-Xamarin", "Kinvey-Xamarin\Kinvey-Xamarin.csproj", "{6644D98D-026B-48E9-95A3-61C4D98D82E7}"
EndProject
Project("{FAE04EC0-301F-11D3-BF4B-00C04F79EFBC}") = "RestSharp.Portable", "RestSharp.Portable\RestSharp.Portable.csproj", "{BA2352E1-CB07-4795-A2EB-F70720B2BBC9}"
EndProject
Project("{FAE04EC0-301F-11D3-BF4B-00C04F79EFBC}") = "Kinvey-Utils", "Kinvey-Utils\Kinvey-Utils.csproj", "{444456B1-5B55-48D6-9637-00ADCA92B7C9}"
EndProject
Project("{FAE04EC0-301F-11D3-BF4B-00C04F79EFBC}") = "Kinvey-Xamarin-Android", "Kinvey-Xamarin-Android\Kinvey-Xamarin-Android.csproj", "{77977557-862E-4A14-A5D7-0096023BA682}"
EndProject
Project("{FAE04EC0-301F-11D3-BF4B-00C04F79EFBC}") = "Kinvey-Xamarin-iOS", "Kinvey-Xamarin-iOS\Kinvey-Xamarin-iOS.csproj", "{77548067-6F95-461C-A4D1-A051E20D30C5}"
EndProject
Project("{FAE04EC0-301F-11D3-BF4B-00C04F79EFBC}") = "test-ios-app", "test-ios-app\test-ios-app.csproj", "{DF7B3CED-9867-4353-9363-5D1282160715}"
EndProject
Project("{FAE04EC0-301F-11D3-BF4B-00C04F79EFBC}") = "testiosapp2", "testiosapp2\testiosapp2.csproj", "{BC818DD5-7E2C-499A-A2A3-B85732F0CEDF}"
EndProject
Project("{FAE04EC0-301F-11D3-BF4B-00C04F79EFBC}") = "testdroidapp", "testdroidapp\testdroidapp.csproj", "{744D37F0-3B27-408A-BEC7-0C1192EBAAAB}"
EndProject
Project("{FAE04EC0-301F-11D3-BF4B-00C04F79EFBC}") = "testdroidapp2", "testdroidapp2\testdroidapp2.csproj", "{EE0B4449-9333-4B5E-9FE3-7A520C3EBED6}"
EndProject
Project("{FAE04EC0-301F-11D3-BF4B-00C04F79EFBC}") = "Tests.Unit", "TestFramework\Tests.Unit\Tests.Unit.csproj", "{7F0B4C62-4AF6-477A-93F0-0FC190C6D5D8}"
EndProject
Project("{FAE04EC0-301F-11D3-BF4B-00C04F79EFBC}") = "Tests.Integration", "TestFramework\Tests.Integration\Tests.Integration.csproj", "{48FE5A11-9818-4133-89BE-E2DD9FE8CE1C}"
EndProject
Project("{2150E333-8FDC-42A3-9474-1A3956D46DE8}") = "Test Apps", "Test Apps", "{2EF58001-786F-4585-B478-CFD3AEB6DB57}"
EndProject
Project("{FAE04EC0-301F-11D3-BF4B-00C04F79EFBC}") = "Realtime", "TestApps\Realtime\Realtime.csproj", "{2DEC54F1-9E2F-48C7-9F42-C9E9763E5FB3}"
EndProject
Project("{FAE04EC0-301F-11D3-BF4B-00C04F79EFBC}") = "DemoKLS", "TestApps\DemoKLS\DemoKLS\DemoKLS.csproj", "{C125C233-4A09-44EC-BA58-2E8E91E91B63}"
EndProject
Global
	GlobalSection(SolutionConfigurationPlatforms) = preSolution
		Debug|Any CPU = Debug|Any CPU
		Release|Any CPU = Release|Any CPU
		AppStore|Any CPU = AppStore|Any CPU
		Debug|iPhoneSimulator = Debug|iPhoneSimulator
		Release|iPhoneSimulator = Release|iPhoneSimulator
		Debug|iPhone = Debug|iPhone
		Release|iPhone = Release|iPhone
		Ad-Hoc|iPhone = Ad-Hoc|iPhone
		AppStore|iPhone = AppStore|iPhone
	EndGlobalSection
	GlobalSection(ProjectConfigurationPlatforms) = postSolution
		{444456B1-5B55-48D6-9637-00ADCA92B7C9}.Ad-Hoc|iPhone.ActiveCfg = Debug|Any CPU
		{444456B1-5B55-48D6-9637-00ADCA92B7C9}.Ad-Hoc|iPhone.Build.0 = Debug|Any CPU
		{444456B1-5B55-48D6-9637-00ADCA92B7C9}.AppStore|Any CPU.ActiveCfg = Debug|Any CPU
		{444456B1-5B55-48D6-9637-00ADCA92B7C9}.AppStore|Any CPU.Build.0 = Debug|Any CPU
		{444456B1-5B55-48D6-9637-00ADCA92B7C9}.AppStore|iPhone.ActiveCfg = Debug|Any CPU
		{444456B1-5B55-48D6-9637-00ADCA92B7C9}.AppStore|iPhone.Build.0 = Debug|Any CPU
		{444456B1-5B55-48D6-9637-00ADCA92B7C9}.Debug|Any CPU.ActiveCfg = Debug|Any CPU
		{444456B1-5B55-48D6-9637-00ADCA92B7C9}.Debug|Any CPU.Build.0 = Debug|Any CPU
		{444456B1-5B55-48D6-9637-00ADCA92B7C9}.Debug|iPhone.ActiveCfg = Debug|Any CPU
		{444456B1-5B55-48D6-9637-00ADCA92B7C9}.Debug|iPhone.Build.0 = Debug|Any CPU
		{444456B1-5B55-48D6-9637-00ADCA92B7C9}.Debug|iPhoneSimulator.ActiveCfg = Debug|Any CPU
		{444456B1-5B55-48D6-9637-00ADCA92B7C9}.Debug|iPhoneSimulator.Build.0 = Debug|Any CPU
		{444456B1-5B55-48D6-9637-00ADCA92B7C9}.Release|Any CPU.ActiveCfg = Release|Any CPU
		{444456B1-5B55-48D6-9637-00ADCA92B7C9}.Release|Any CPU.Build.0 = Release|Any CPU
		{444456B1-5B55-48D6-9637-00ADCA92B7C9}.Release|iPhone.ActiveCfg = Release|Any CPU
		{444456B1-5B55-48D6-9637-00ADCA92B7C9}.Release|iPhone.Build.0 = Release|Any CPU
		{444456B1-5B55-48D6-9637-00ADCA92B7C9}.Release|iPhoneSimulator.ActiveCfg = Release|Any CPU
		{444456B1-5B55-48D6-9637-00ADCA92B7C9}.Release|iPhoneSimulator.Build.0 = Release|Any CPU
		{6644D98D-026B-48E9-95A3-61C4D98D82E7}.Ad-Hoc|iPhone.ActiveCfg = Debug|Any CPU
		{6644D98D-026B-48E9-95A3-61C4D98D82E7}.Ad-Hoc|iPhone.Build.0 = Debug|Any CPU
		{6644D98D-026B-48E9-95A3-61C4D98D82E7}.AppStore|Any CPU.ActiveCfg = Debug|Any CPU
		{6644D98D-026B-48E9-95A3-61C4D98D82E7}.AppStore|Any CPU.Build.0 = Debug|Any CPU
		{6644D98D-026B-48E9-95A3-61C4D98D82E7}.AppStore|iPhone.ActiveCfg = Debug|Any CPU
		{6644D98D-026B-48E9-95A3-61C4D98D82E7}.AppStore|iPhone.Build.0 = Debug|Any CPU
		{6644D98D-026B-48E9-95A3-61C4D98D82E7}.Debug|Any CPU.ActiveCfg = Debug|Any CPU
		{6644D98D-026B-48E9-95A3-61C4D98D82E7}.Debug|Any CPU.Build.0 = Debug|Any CPU
		{6644D98D-026B-48E9-95A3-61C4D98D82E7}.Debug|iPhone.ActiveCfg = Debug|Any CPU
		{6644D98D-026B-48E9-95A3-61C4D98D82E7}.Debug|iPhone.Build.0 = Debug|Any CPU
		{6644D98D-026B-48E9-95A3-61C4D98D82E7}.Debug|iPhoneSimulator.ActiveCfg = Debug|Any CPU
		{6644D98D-026B-48E9-95A3-61C4D98D82E7}.Debug|iPhoneSimulator.Build.0 = Debug|Any CPU
		{6644D98D-026B-48E9-95A3-61C4D98D82E7}.Release|Any CPU.ActiveCfg = Release|Any CPU
		{6644D98D-026B-48E9-95A3-61C4D98D82E7}.Release|Any CPU.Build.0 = Release|Any CPU
		{6644D98D-026B-48E9-95A3-61C4D98D82E7}.Release|iPhone.ActiveCfg = Release|Any CPU
		{6644D98D-026B-48E9-95A3-61C4D98D82E7}.Release|iPhone.Build.0 = Release|Any CPU
		{6644D98D-026B-48E9-95A3-61C4D98D82E7}.Release|iPhoneSimulator.ActiveCfg = Release|Any CPU
		{6644D98D-026B-48E9-95A3-61C4D98D82E7}.Release|iPhoneSimulator.Build.0 = Release|Any CPU
		{77548067-6F95-461C-A4D1-A051E20D30C5}.Ad-Hoc|iPhone.ActiveCfg = Release|Any CPU
		{77548067-6F95-461C-A4D1-A051E20D30C5}.Ad-Hoc|iPhone.Build.0 = Release|Any CPU
		{77548067-6F95-461C-A4D1-A051E20D30C5}.AppStore|Any CPU.ActiveCfg = Release|Any CPU
		{77548067-6F95-461C-A4D1-A051E20D30C5}.AppStore|Any CPU.Build.0 = Release|Any CPU
		{77548067-6F95-461C-A4D1-A051E20D30C5}.AppStore|iPhone.ActiveCfg = Release|Any CPU
		{77548067-6F95-461C-A4D1-A051E20D30C5}.AppStore|iPhone.Build.0 = Release|Any CPU
		{77548067-6F95-461C-A4D1-A051E20D30C5}.Debug|Any CPU.ActiveCfg = Debug|Any CPU
		{77548067-6F95-461C-A4D1-A051E20D30C5}.Debug|Any CPU.Build.0 = Debug|Any CPU
		{77548067-6F95-461C-A4D1-A051E20D30C5}.Debug|iPhone.ActiveCfg = Debug|Any CPU
		{77548067-6F95-461C-A4D1-A051E20D30C5}.Debug|iPhone.Build.0 = Debug|Any CPU
		{77548067-6F95-461C-A4D1-A051E20D30C5}.Debug|iPhoneSimulator.ActiveCfg = Debug|Any CPU
		{77548067-6F95-461C-A4D1-A051E20D30C5}.Debug|iPhoneSimulator.Build.0 = Debug|Any CPU
		{77548067-6F95-461C-A4D1-A051E20D30C5}.Release|Any CPU.ActiveCfg = Release|Any CPU
		{77548067-6F95-461C-A4D1-A051E20D30C5}.Release|Any CPU.Build.0 = Release|Any CPU
		{77548067-6F95-461C-A4D1-A051E20D30C5}.Release|iPhone.ActiveCfg = Release|Any CPU
		{77548067-6F95-461C-A4D1-A051E20D30C5}.Release|iPhone.Build.0 = Release|Any CPU
		{77548067-6F95-461C-A4D1-A051E20D30C5}.Release|iPhoneSimulator.ActiveCfg = Release|Any CPU
		{77548067-6F95-461C-A4D1-A051E20D30C5}.Release|iPhoneSimulator.Build.0 = Release|Any CPU
		{77977557-862E-4A14-A5D7-0096023BA682}.Ad-Hoc|iPhone.ActiveCfg = Debug|Any CPU
		{77977557-862E-4A14-A5D7-0096023BA682}.Ad-Hoc|iPhone.Build.0 = Debug|Any CPU
		{77977557-862E-4A14-A5D7-0096023BA682}.AppStore|Any CPU.ActiveCfg = Debug|Any CPU
		{77977557-862E-4A14-A5D7-0096023BA682}.AppStore|Any CPU.Build.0 = Debug|Any CPU
		{77977557-862E-4A14-A5D7-0096023BA682}.AppStore|iPhone.ActiveCfg = Debug|Any CPU
		{77977557-862E-4A14-A5D7-0096023BA682}.AppStore|iPhone.Build.0 = Debug|Any CPU
		{77977557-862E-4A14-A5D7-0096023BA682}.Debug|Any CPU.ActiveCfg = Debug|Any CPU
		{77977557-862E-4A14-A5D7-0096023BA682}.Debug|Any CPU.Build.0 = Debug|Any CPU
		{77977557-862E-4A14-A5D7-0096023BA682}.Debug|iPhone.ActiveCfg = Debug|Any CPU
		{77977557-862E-4A14-A5D7-0096023BA682}.Debug|iPhone.Build.0 = Debug|Any CPU
		{77977557-862E-4A14-A5D7-0096023BA682}.Debug|iPhoneSimulator.ActiveCfg = Debug|Any CPU
		{77977557-862E-4A14-A5D7-0096023BA682}.Debug|iPhoneSimulator.Build.0 = Debug|Any CPU
		{77977557-862E-4A14-A5D7-0096023BA682}.Release|Any CPU.ActiveCfg = Release|Any CPU
		{77977557-862E-4A14-A5D7-0096023BA682}.Release|Any CPU.Build.0 = Release|Any CPU
		{77977557-862E-4A14-A5D7-0096023BA682}.Release|iPhone.ActiveCfg = Release|Any CPU
		{77977557-862E-4A14-A5D7-0096023BA682}.Release|iPhone.Build.0 = Release|Any CPU
		{77977557-862E-4A14-A5D7-0096023BA682}.Release|iPhoneSimulator.ActiveCfg = Release|Any CPU
		{77977557-862E-4A14-A5D7-0096023BA682}.Release|iPhoneSimulator.Build.0 = Release|Any CPU
		{BA2352E1-CB07-4795-A2EB-F70720B2BBC9}.Ad-Hoc|iPhone.ActiveCfg = Debug|Any CPU
		{BA2352E1-CB07-4795-A2EB-F70720B2BBC9}.Ad-Hoc|iPhone.Build.0 = Debug|Any CPU
		{BA2352E1-CB07-4795-A2EB-F70720B2BBC9}.AppStore|Any CPU.ActiveCfg = Debug|Any CPU
		{BA2352E1-CB07-4795-A2EB-F70720B2BBC9}.AppStore|Any CPU.Build.0 = Debug|Any CPU
		{BA2352E1-CB07-4795-A2EB-F70720B2BBC9}.AppStore|iPhone.ActiveCfg = Debug|Any CPU
		{BA2352E1-CB07-4795-A2EB-F70720B2BBC9}.AppStore|iPhone.Build.0 = Debug|Any CPU
		{BA2352E1-CB07-4795-A2EB-F70720B2BBC9}.Debug|Any CPU.ActiveCfg = Debug|Any CPU
		{BA2352E1-CB07-4795-A2EB-F70720B2BBC9}.Debug|Any CPU.Build.0 = Debug|Any CPU
		{BA2352E1-CB07-4795-A2EB-F70720B2BBC9}.Debug|iPhone.ActiveCfg = Debug|Any CPU
		{BA2352E1-CB07-4795-A2EB-F70720B2BBC9}.Debug|iPhone.Build.0 = Debug|Any CPU
		{BA2352E1-CB07-4795-A2EB-F70720B2BBC9}.Debug|iPhoneSimulator.ActiveCfg = Debug|Any CPU
		{BA2352E1-CB07-4795-A2EB-F70720B2BBC9}.Debug|iPhoneSimulator.Build.0 = Debug|Any CPU
		{BA2352E1-CB07-4795-A2EB-F70720B2BBC9}.Release|Any CPU.ActiveCfg = Release|Any CPU
		{BA2352E1-CB07-4795-A2EB-F70720B2BBC9}.Release|Any CPU.Build.0 = Release|Any CPU
		{BA2352E1-CB07-4795-A2EB-F70720B2BBC9}.Release|iPhone.ActiveCfg = Release|Any CPU
		{BA2352E1-CB07-4795-A2EB-F70720B2BBC9}.Release|iPhone.Build.0 = Release|Any CPU
		{BA2352E1-CB07-4795-A2EB-F70720B2BBC9}.Release|iPhoneSimulator.ActiveCfg = Release|Any CPU
		{BA2352E1-CB07-4795-A2EB-F70720B2BBC9}.Release|iPhoneSimulator.Build.0 = Release|Any CPU
		{DF7B3CED-9867-4353-9363-5D1282160715}.Ad-Hoc|iPhone.ActiveCfg = Release|iPhone
		{DF7B3CED-9867-4353-9363-5D1282160715}.Ad-Hoc|iPhone.Build.0 = Release|iPhone
		{DF7B3CED-9867-4353-9363-5D1282160715}.AppStore|Any CPU.ActiveCfg = Debug|iPhoneSimulator
		{DF7B3CED-9867-4353-9363-5D1282160715}.AppStore|Any CPU.Build.0 = Debug|iPhoneSimulator
		{DF7B3CED-9867-4353-9363-5D1282160715}.AppStore|iPhone.ActiveCfg = Release|iPhone
		{DF7B3CED-9867-4353-9363-5D1282160715}.AppStore|iPhone.Build.0 = Release|iPhone
		{DF7B3CED-9867-4353-9363-5D1282160715}.Debug|Any CPU.ActiveCfg = Debug|iPhoneSimulator
		{DF7B3CED-9867-4353-9363-5D1282160715}.Debug|Any CPU.Build.0 = Debug|iPhoneSimulator
		{DF7B3CED-9867-4353-9363-5D1282160715}.Debug|iPhone.ActiveCfg = Debug|iPhone
		{DF7B3CED-9867-4353-9363-5D1282160715}.Debug|iPhone.Build.0 = Debug|iPhone
		{DF7B3CED-9867-4353-9363-5D1282160715}.Debug|iPhoneSimulator.ActiveCfg = Debug|iPhoneSimulator
		{DF7B3CED-9867-4353-9363-5D1282160715}.Debug|iPhoneSimulator.Build.0 = Debug|iPhoneSimulator
		{DF7B3CED-9867-4353-9363-5D1282160715}.Release|Any CPU.ActiveCfg = Release|iPhone
		{DF7B3CED-9867-4353-9363-5D1282160715}.Release|Any CPU.Build.0 = Release|iPhone
		{DF7B3CED-9867-4353-9363-5D1282160715}.Release|iPhone.ActiveCfg = Release|iPhone
		{DF7B3CED-9867-4353-9363-5D1282160715}.Release|iPhone.Build.0 = Release|iPhone
		{DF7B3CED-9867-4353-9363-5D1282160715}.Release|iPhoneSimulator.ActiveCfg = Release|iPhoneSimulator
		{DF7B3CED-9867-4353-9363-5D1282160715}.Release|iPhoneSimulator.Build.0 = Release|iPhoneSimulator
		{BC818DD5-7E2C-499A-A2A3-B85732F0CEDF}.Debug|Any CPU.ActiveCfg = Debug|iPhoneSimulator
		{BC818DD5-7E2C-499A-A2A3-B85732F0CEDF}.Debug|Any CPU.Build.0 = Debug|iPhoneSimulator
		{BC818DD5-7E2C-499A-A2A3-B85732F0CEDF}.Release|Any CPU.ActiveCfg = Release|iPhone
		{BC818DD5-7E2C-499A-A2A3-B85732F0CEDF}.Release|Any CPU.Build.0 = Release|iPhone
		{BC818DD5-7E2C-499A-A2A3-B85732F0CEDF}.AppStore|Any CPU.ActiveCfg = Debug|iPhoneSimulator
		{BC818DD5-7E2C-499A-A2A3-B85732F0CEDF}.AppStore|Any CPU.Build.0 = Debug|iPhoneSimulator
		{BC818DD5-7E2C-499A-A2A3-B85732F0CEDF}.Debug|iPhoneSimulator.ActiveCfg = Debug|iPhoneSimulator
		{BC818DD5-7E2C-499A-A2A3-B85732F0CEDF}.Debug|iPhoneSimulator.Build.0 = Debug|iPhoneSimulator
		{BC818DD5-7E2C-499A-A2A3-B85732F0CEDF}.Release|iPhoneSimulator.ActiveCfg = Release|iPhoneSimulator
		{BC818DD5-7E2C-499A-A2A3-B85732F0CEDF}.Release|iPhoneSimulator.Build.0 = Release|iPhoneSimulator
		{BC818DD5-7E2C-499A-A2A3-B85732F0CEDF}.Debug|iPhone.ActiveCfg = Debug|iPhone
		{BC818DD5-7E2C-499A-A2A3-B85732F0CEDF}.Debug|iPhone.Build.0 = Debug|iPhone
		{BC818DD5-7E2C-499A-A2A3-B85732F0CEDF}.Release|iPhone.ActiveCfg = Release|iPhone
		{BC818DD5-7E2C-499A-A2A3-B85732F0CEDF}.Release|iPhone.Build.0 = Release|iPhone
		{BC818DD5-7E2C-499A-A2A3-B85732F0CEDF}.Ad-Hoc|iPhone.ActiveCfg = Release|iPhone
		{BC818DD5-7E2C-499A-A2A3-B85732F0CEDF}.Ad-Hoc|iPhone.Build.0 = Release|iPhone
		{BC818DD5-7E2C-499A-A2A3-B85732F0CEDF}.AppStore|iPhone.ActiveCfg = Release|iPhone
		{BC818DD5-7E2C-499A-A2A3-B85732F0CEDF}.AppStore|iPhone.Build.0 = Release|iPhone
		{744D37F0-3B27-408A-BEC7-0C1192EBAAAB}.Debug|Any CPU.ActiveCfg = Debug|Any CPU
		{744D37F0-3B27-408A-BEC7-0C1192EBAAAB}.Debug|Any CPU.Build.0 = Debug|Any CPU
		{744D37F0-3B27-408A-BEC7-0C1192EBAAAB}.Release|Any CPU.ActiveCfg = Release|Any CPU
		{744D37F0-3B27-408A-BEC7-0C1192EBAAAB}.Release|Any CPU.Build.0 = Release|Any CPU
		{744D37F0-3B27-408A-BEC7-0C1192EBAAAB}.AppStore|Any CPU.ActiveCfg = Debug|Any CPU
		{744D37F0-3B27-408A-BEC7-0C1192EBAAAB}.AppStore|Any CPU.Build.0 = Debug|Any CPU
		{744D37F0-3B27-408A-BEC7-0C1192EBAAAB}.Debug|iPhoneSimulator.ActiveCfg = Debug|Any CPU
		{744D37F0-3B27-408A-BEC7-0C1192EBAAAB}.Debug|iPhoneSimulator.Build.0 = Debug|Any CPU
		{744D37F0-3B27-408A-BEC7-0C1192EBAAAB}.Release|iPhoneSimulator.ActiveCfg = Release|Any CPU
		{744D37F0-3B27-408A-BEC7-0C1192EBAAAB}.Release|iPhoneSimulator.Build.0 = Release|Any CPU
		{744D37F0-3B27-408A-BEC7-0C1192EBAAAB}.Debug|iPhone.ActiveCfg = Debug|Any CPU
		{744D37F0-3B27-408A-BEC7-0C1192EBAAAB}.Debug|iPhone.Build.0 = Debug|Any CPU
		{744D37F0-3B27-408A-BEC7-0C1192EBAAAB}.Release|iPhone.ActiveCfg = Release|Any CPU
		{744D37F0-3B27-408A-BEC7-0C1192EBAAAB}.Release|iPhone.Build.0 = Release|Any CPU
		{744D37F0-3B27-408A-BEC7-0C1192EBAAAB}.Ad-Hoc|iPhone.ActiveCfg = Release|Any CPU
		{744D37F0-3B27-408A-BEC7-0C1192EBAAAB}.Ad-Hoc|iPhone.Build.0 = Release|Any CPU
		{744D37F0-3B27-408A-BEC7-0C1192EBAAAB}.AppStore|iPhone.ActiveCfg = Release|Any CPU
		{744D37F0-3B27-408A-BEC7-0C1192EBAAAB}.AppStore|iPhone.Build.0 = Release|Any CPU
		{EE0B4449-9333-4B5E-9FE3-7A520C3EBED6}.Debug|Any CPU.ActiveCfg = Debug|Any CPU
		{EE0B4449-9333-4B5E-9FE3-7A520C3EBED6}.Debug|Any CPU.Build.0 = Debug|Any CPU
		{EE0B4449-9333-4B5E-9FE3-7A520C3EBED6}.Release|Any CPU.ActiveCfg = Release|Any CPU
		{EE0B4449-9333-4B5E-9FE3-7A520C3EBED6}.Release|Any CPU.Build.0 = Release|Any CPU
		{EE0B4449-9333-4B5E-9FE3-7A520C3EBED6}.AppStore|Any CPU.ActiveCfg = Debug|Any CPU
		{EE0B4449-9333-4B5E-9FE3-7A520C3EBED6}.AppStore|Any CPU.Build.0 = Debug|Any CPU
		{EE0B4449-9333-4B5E-9FE3-7A520C3EBED6}.Debug|iPhoneSimulator.ActiveCfg = Debug|Any CPU
		{EE0B4449-9333-4B5E-9FE3-7A520C3EBED6}.Debug|iPhoneSimulator.Build.0 = Debug|Any CPU
		{EE0B4449-9333-4B5E-9FE3-7A520C3EBED6}.Release|iPhoneSimulator.ActiveCfg = Release|Any CPU
		{EE0B4449-9333-4B5E-9FE3-7A520C3EBED6}.Release|iPhoneSimulator.Build.0 = Release|Any CPU
		{EE0B4449-9333-4B5E-9FE3-7A520C3EBED6}.Debug|iPhone.ActiveCfg = Debug|Any CPU
		{EE0B4449-9333-4B5E-9FE3-7A520C3EBED6}.Debug|iPhone.Build.0 = Debug|Any CPU
		{EE0B4449-9333-4B5E-9FE3-7A520C3EBED6}.Release|iPhone.ActiveCfg = Release|Any CPU
		{EE0B4449-9333-4B5E-9FE3-7A520C3EBED6}.Release|iPhone.Build.0 = Release|Any CPU
		{EE0B4449-9333-4B5E-9FE3-7A520C3EBED6}.Ad-Hoc|iPhone.ActiveCfg = Release|Any CPU
		{EE0B4449-9333-4B5E-9FE3-7A520C3EBED6}.Ad-Hoc|iPhone.Build.0 = Release|Any CPU
		{EE0B4449-9333-4B5E-9FE3-7A520C3EBED6}.AppStore|iPhone.ActiveCfg = Release|Any CPU
		{EE0B4449-9333-4B5E-9FE3-7A520C3EBED6}.AppStore|iPhone.Build.0 = Release|Any CPU
		{7F0B4C62-4AF6-477A-93F0-0FC190C6D5D8}.Debug|Any CPU.ActiveCfg = Debug|Any CPU
		{7F0B4C62-4AF6-477A-93F0-0FC190C6D5D8}.Debug|Any CPU.Build.0 = Debug|Any CPU
		{7F0B4C62-4AF6-477A-93F0-0FC190C6D5D8}.Release|Any CPU.ActiveCfg = Release|Any CPU
		{7F0B4C62-4AF6-477A-93F0-0FC190C6D5D8}.Release|Any CPU.Build.0 = Release|Any CPU
		{7F0B4C62-4AF6-477A-93F0-0FC190C6D5D8}.AppStore|Any CPU.ActiveCfg = Debug|Any CPU
		{7F0B4C62-4AF6-477A-93F0-0FC190C6D5D8}.AppStore|Any CPU.Build.0 = Debug|Any CPU
		{7F0B4C62-4AF6-477A-93F0-0FC190C6D5D8}.Debug|iPhoneSimulator.ActiveCfg = Debug|Any CPU
		{7F0B4C62-4AF6-477A-93F0-0FC190C6D5D8}.Debug|iPhoneSimulator.Build.0 = Debug|Any CPU
		{7F0B4C62-4AF6-477A-93F0-0FC190C6D5D8}.Release|iPhoneSimulator.ActiveCfg = Release|Any CPU
		{7F0B4C62-4AF6-477A-93F0-0FC190C6D5D8}.Release|iPhoneSimulator.Build.0 = Release|Any CPU
		{7F0B4C62-4AF6-477A-93F0-0FC190C6D5D8}.Debug|iPhone.ActiveCfg = Debug|Any CPU
		{7F0B4C62-4AF6-477A-93F0-0FC190C6D5D8}.Debug|iPhone.Build.0 = Debug|Any CPU
		{7F0B4C62-4AF6-477A-93F0-0FC190C6D5D8}.Release|iPhone.ActiveCfg = Release|Any CPU
		{7F0B4C62-4AF6-477A-93F0-0FC190C6D5D8}.Release|iPhone.Build.0 = Release|Any CPU
		{7F0B4C62-4AF6-477A-93F0-0FC190C6D5D8}.Ad-Hoc|iPhone.ActiveCfg = Release|Any CPU
		{7F0B4C62-4AF6-477A-93F0-0FC190C6D5D8}.Ad-Hoc|iPhone.Build.0 = Release|Any CPU
		{7F0B4C62-4AF6-477A-93F0-0FC190C6D5D8}.AppStore|iPhone.ActiveCfg = Release|Any CPU
		{7F0B4C62-4AF6-477A-93F0-0FC190C6D5D8}.AppStore|iPhone.Build.0 = Release|Any CPU
		{48FE5A11-9818-4133-89BE-E2DD9FE8CE1C}.Debug|Any CPU.ActiveCfg = Debug|Any CPU
		{48FE5A11-9818-4133-89BE-E2DD9FE8CE1C}.Debug|Any CPU.Build.0 = Debug|Any CPU
		{48FE5A11-9818-4133-89BE-E2DD9FE8CE1C}.Release|Any CPU.ActiveCfg = Release|Any CPU
		{48FE5A11-9818-4133-89BE-E2DD9FE8CE1C}.Release|Any CPU.Build.0 = Release|Any CPU
		{48FE5A11-9818-4133-89BE-E2DD9FE8CE1C}.AppStore|Any CPU.ActiveCfg = Debug|Any CPU
		{48FE5A11-9818-4133-89BE-E2DD9FE8CE1C}.AppStore|Any CPU.Build.0 = Debug|Any CPU
		{48FE5A11-9818-4133-89BE-E2DD9FE8CE1C}.Debug|iPhoneSimulator.ActiveCfg = Debug|Any CPU
		{48FE5A11-9818-4133-89BE-E2DD9FE8CE1C}.Debug|iPhoneSimulator.Build.0 = Debug|Any CPU
		{48FE5A11-9818-4133-89BE-E2DD9FE8CE1C}.Release|iPhoneSimulator.ActiveCfg = Release|Any CPU
		{48FE5A11-9818-4133-89BE-E2DD9FE8CE1C}.Release|iPhoneSimulator.Build.0 = Release|Any CPU
		{48FE5A11-9818-4133-89BE-E2DD9FE8CE1C}.Debug|iPhone.ActiveCfg = Debug|Any CPU
		{48FE5A11-9818-4133-89BE-E2DD9FE8CE1C}.Debug|iPhone.Build.0 = Debug|Any CPU
		{48FE5A11-9818-4133-89BE-E2DD9FE8CE1C}.Release|iPhone.ActiveCfg = Release|Any CPU
		{48FE5A11-9818-4133-89BE-E2DD9FE8CE1C}.Release|iPhone.Build.0 = Release|Any CPU
		{48FE5A11-9818-4133-89BE-E2DD9FE8CE1C}.Ad-Hoc|iPhone.ActiveCfg = Release|Any CPU
		{48FE5A11-9818-4133-89BE-E2DD9FE8CE1C}.Ad-Hoc|iPhone.Build.0 = Release|Any CPU
		{48FE5A11-9818-4133-89BE-E2DD9FE8CE1C}.AppStore|iPhone.ActiveCfg = Release|Any CPU
		{48FE5A11-9818-4133-89BE-E2DD9FE8CE1C}.AppStore|iPhone.Build.0 = Release|Any CPU
		{2DEC54F1-9E2F-48C7-9F42-C9E9763E5FB3}.Debug|Any CPU.ActiveCfg = Debug|iPhoneSimulator
		{2DEC54F1-9E2F-48C7-9F42-C9E9763E5FB3}.Debug|Any CPU.Build.0 = Debug|iPhoneSimulator
		{2DEC54F1-9E2F-48C7-9F42-C9E9763E5FB3}.Release|Any CPU.ActiveCfg = Release|iPhone
		{2DEC54F1-9E2F-48C7-9F42-C9E9763E5FB3}.Release|Any CPU.Build.0 = Release|iPhone
		{2DEC54F1-9E2F-48C7-9F42-C9E9763E5FB3}.AppStore|Any CPU.ActiveCfg = Debug|iPhoneSimulator
		{2DEC54F1-9E2F-48C7-9F42-C9E9763E5FB3}.AppStore|Any CPU.Build.0 = Debug|iPhoneSimulator
		{2DEC54F1-9E2F-48C7-9F42-C9E9763E5FB3}.Debug|iPhoneSimulator.ActiveCfg = Debug|iPhoneSimulator
		{2DEC54F1-9E2F-48C7-9F42-C9E9763E5FB3}.Debug|iPhoneSimulator.Build.0 = Debug|iPhoneSimulator
		{2DEC54F1-9E2F-48C7-9F42-C9E9763E5FB3}.Release|iPhoneSimulator.ActiveCfg = Release|iPhoneSimulator
		{2DEC54F1-9E2F-48C7-9F42-C9E9763E5FB3}.Release|iPhoneSimulator.Build.0 = Release|iPhoneSimulator
		{2DEC54F1-9E2F-48C7-9F42-C9E9763E5FB3}.Debug|iPhone.ActiveCfg = Debug|iPhone
		{2DEC54F1-9E2F-48C7-9F42-C9E9763E5FB3}.Debug|iPhone.Build.0 = Debug|iPhone
		{2DEC54F1-9E2F-48C7-9F42-C9E9763E5FB3}.Release|iPhone.ActiveCfg = Release|iPhone
		{2DEC54F1-9E2F-48C7-9F42-C9E9763E5FB3}.Release|iPhone.Build.0 = Release|iPhone
		{2DEC54F1-9E2F-48C7-9F42-C9E9763E5FB3}.Ad-Hoc|iPhone.ActiveCfg = Release|iPhone
		{2DEC54F1-9E2F-48C7-9F42-C9E9763E5FB3}.Ad-Hoc|iPhone.Build.0 = Release|iPhone
		{2DEC54F1-9E2F-48C7-9F42-C9E9763E5FB3}.AppStore|iPhone.ActiveCfg = Release|iPhone
		{2DEC54F1-9E2F-48C7-9F42-C9E9763E5FB3}.AppStore|iPhone.Build.0 = Release|iPhone
		{C125C233-4A09-44EC-BA58-2E8E91E91B63}.Debug|Any CPU.ActiveCfg = Debug|iPhoneSimulator
		{C125C233-4A09-44EC-BA58-2E8E91E91B63}.Debug|Any CPU.Build.0 = Debug|iPhoneSimulator
		{C125C233-4A09-44EC-BA58-2E8E91E91B63}.Release|Any CPU.ActiveCfg = Release|iPhone
		{C125C233-4A09-44EC-BA58-2E8E91E91B63}.Release|Any CPU.Build.0 = Release|iPhone
		{C125C233-4A09-44EC-BA58-2E8E91E91B63}.AppStore|Any CPU.ActiveCfg = Debug|iPhoneSimulator
		{C125C233-4A09-44EC-BA58-2E8E91E91B63}.AppStore|Any CPU.Build.0 = Debug|iPhoneSimulator
		{C125C233-4A09-44EC-BA58-2E8E91E91B63}.Debug|iPhoneSimulator.ActiveCfg = Debug|iPhoneSimulator
		{C125C233-4A09-44EC-BA58-2E8E91E91B63}.Debug|iPhoneSimulator.Build.0 = Debug|iPhoneSimulator
		{C125C233-4A09-44EC-BA58-2E8E91E91B63}.Release|iPhoneSimulator.ActiveCfg = Release|iPhoneSimulator
		{C125C233-4A09-44EC-BA58-2E8E91E91B63}.Release|iPhoneSimulator.Build.0 = Release|iPhoneSimulator
		{C125C233-4A09-44EC-BA58-2E8E91E91B63}.Debug|iPhone.ActiveCfg = Debug|iPhone
		{C125C233-4A09-44EC-BA58-2E8E91E91B63}.Debug|iPhone.Build.0 = Debug|iPhone
		{C125C233-4A09-44EC-BA58-2E8E91E91B63}.Release|iPhone.ActiveCfg = Release|iPhone
		{C125C233-4A09-44EC-BA58-2E8E91E91B63}.Release|iPhone.Build.0 = Release|iPhone
		{C125C233-4A09-44EC-BA58-2E8E91E91B63}.Ad-Hoc|iPhone.ActiveCfg = Release|iPhone
		{C125C233-4A09-44EC-BA58-2E8E91E91B63}.Ad-Hoc|iPhone.Build.0 = Release|iPhone
		{C125C233-4A09-44EC-BA58-2E8E91E91B63}.AppStore|iPhone.ActiveCfg = Release|iPhone
		{C125C233-4A09-44EC-BA58-2E8E91E91B63}.AppStore|iPhone.Build.0 = Release|iPhone
	EndGlobalSection
	GlobalSection(MonoDevelopProperties) = preSolution
		Policies = $0
		$0.DotNetNamingPolicy = $1
		$1.DirectoryNamespaceAssociation = None
		$1.ResourceNamePolicy = FileFormatDefault
		$0.TextStylePolicy = $2
		$2.inheritsSet = null
		$2.scope = text/x-csharp
		$0.CSharpFormattingPolicy = $3
		$3.IndentSwitchBody = True
		$3.StatementBraceStyle = NextLine
		$3.ElseNewLinePlacement = NewLine
		$3.CatchNewLinePlacement = NewLine
		$3.FinallyNewLinePlacement = NewLine
		$3.BeforeMethodCallParentheses = False
		$3.NewLineBeforeConstructorInitializerColon = SameLine
		$3.NewLineAfterConstructorInitializerColon = NewLine
		$3.AfterDelegateDeclarationParameterComma = True
		$3.NewParentheses = False
		$3.SpaceAroundUnsafeArrowOperator = True
		$3.SpacesBeforeBrackets = False
		$3.BlankLinesInsideRegion = 0
		$3.inheritsSet = Mono
		$3.inheritsScope = text/x-csharp
		$3.scope = text/x-csharp
		$3.NewLinesForBracesInProperties = True
		$3.NewLinesForBracesInAccessors = True
		$3.NewLinesForBracesInAnonymousMethods = True
		$3.NewLinesForBracesInControlBlocks = True
		$3.NewLinesForBracesInAnonymousTypes = True
		$3.NewLinesForBracesInObjectCollectionArrayInitializers = True
		$3.NewLineForElse = True
		$3.NewLineForCatch = True
		$3.NewLineForFinally = True
		$3.SpacingAfterMethodDeclarationName = False
		$3.SpaceAfterMethodCallName = False
		$3.SpaceBeforeOpenSquareBracket = False
		$3.IndentSwitchSection = True
	EndGlobalSection
	GlobalSection(NestedProjects) = preSolution
		{2DEC54F1-9E2F-48C7-9F42-C9E9763E5FB3} = {2EF58001-786F-4585-B478-CFD3AEB6DB57}
		{C125C233-4A09-44EC-BA58-2E8E91E91B63} = {2EF58001-786F-4585-B478-CFD3AEB6DB57}
	EndGlobalSection
EndGlobal
