
Microsoft Visual Studio Solution File, Format Version 11.00
# Visual Studio 2010
Project("{FAE04EC0-301F-11D3-BF4B-00C04F79EFBC}") = "Kinvey-Xamarin-Android", "Kinvey-Xamarin-Android.csproj", "{77977557-862E-4A14-A5D7-0096023BA682}"
EndProject
Global
	GlobalSection(SolutionConfigurationPlatforms) = preSolution
		Debug|Any CPU = Debug|Any CPU
		Release|Any CPU = Release|Any CPU
	EndGlobalSection
	GlobalSection(ProjectConfigurationPlatforms) = postSolution
		{77977557-862E-4A14-A5D7-0096023BA682}.Debug|Any CPU.ActiveCfg = Debug|Any CPU
		{77977557-862E-4A14-A5D7-0096023BA682}.Debug|Any CPU.Build.0 = Debug|Any CPU
		{77977557-862E-4A14-A5D7-0096023BA682}.Release|Any CPU.ActiveCfg = Release|Any CPU
		{77977557-862E-4A14-A5D7-0096023BA682}.Release|Any CPU.Build.0 = Release|Any CPU
	EndGlobalSection
EndGlobal
